// !$*UTF8*$!
{
	archiveVersion = 1;
	classes = {
	};
	objectVersion = 46;
	objects = {

/* Begin PBXBuildFile section */
		370FEACD1F539D6F0096AAA5 /* DueDateTaskTableViewController.swift in Sources */ = {isa = PBXBuildFile; fileRef = 370FEACC1F539D6F0096AAA5 /* DueDateTaskTableViewController.swift */; };
		372DF32A1F5B84E1005C0D7E /* Settings.bundle in Resources */ = {isa = PBXBuildFile; fileRef = 372DF3291F5B84E1005C0D7E /* Settings.bundle */; };
		373F9CB61F54B76800D6B26C /* ChangeToken+CoreDataClass.swift in Sources */ = {isa = PBXBuildFile; fileRef = 373F9CB41F54B76800D6B26C /* ChangeToken+CoreDataClass.swift */; };
		373F9CB71F54B76800D6B26C /* ChangeToken+CoreDataProperties.swift in Sources */ = {isa = PBXBuildFile; fileRef = 373F9CB51F54B76800D6B26C /* ChangeToken+CoreDataProperties.swift */; };
		373F9CB81F54FC6F00D6B26C /* GlobalEnums_and_Strutcs.swift in Sources */ = {isa = PBXBuildFile; fileRef = 373F9CB01F549A6B00D6B26C /* GlobalEnums_and_Strutcs.swift */; };
		373F9CB91F54FCF600D6B26C /* CloudKitHelper.swift in Sources */ = {isa = PBXBuildFile; fileRef = 373F9CAE1F5499C800D6B26C /* CloudKitHelper.swift */; };
		373F9CBA1F54FCFF00D6B26C /* CoreDataUtil.swift in Sources */ = {isa = PBXBuildFile; fileRef = 3775C0DD1F4E3ABC002FE84D /* CoreDataUtil.swift */; };
		373F9CBB1F54FD0B00D6B26C /* CoreDataHelper.swift in Sources */ = {isa = PBXBuildFile; fileRef = 373F9CAC1F54999200D6B26C /* CoreDataHelper.swift */; };
		373F9CBC1F55087200D6B26C /* Predicates.swift in Sources */ = {isa = PBXBuildFile; fileRef = 373F9CB21F54B46500D6B26C /* Predicates.swift */; };
		37415B221F576323004EB13D /* LocationCell.swift in Sources */ = {isa = PBXBuildFile; fileRef = 37415B211F576323004EB13D /* LocationCell.swift */; };
		37514AFF1EEF736F00D67A6E /* AppDelegate.swift in Sources */ = {isa = PBXBuildFile; fileRef = 37514AFE1EEF736F00D67A6E /* AppDelegate.swift */; };
		37514B041EEF736F00D67A6E /* Main.storyboard in Resources */ = {isa = PBXBuildFile; fileRef = 37514B021EEF736F00D67A6E /* Main.storyboard */; };
		37514B0C1EEF736F00D67A6E /* LaunchScreen.storyboard in Resources */ = {isa = PBXBuildFile; fileRef = 37514B0A1EEF736F00D67A6E /* LaunchScreen.storyboard */; };
		3753BAC41F47F03900EBD7CD /* ToDoApp.xcdatamodeld in Sources */ = {isa = PBXBuildFile; fileRef = 37514B051EEF736F00D67A6E /* ToDoApp.xcdatamodeld */; };
		3753BAC51F47F03A00EBD7CD /* ToDoApp.xcdatamodeld in Sources */ = {isa = PBXBuildFile; fileRef = 37514B051EEF736F00D67A6E /* ToDoApp.xcdatamodeld */; };
		3753BB071F4860C500EBD7CD /* assets.xcassets in Resources */ = {isa = PBXBuildFile; fileRef = 3753BB061F4860C500EBD7CD /* assets.xcassets */; };
		3753BB081F4860C500EBD7CD /* assets.xcassets in Resources */ = {isa = PBXBuildFile; fileRef = 3753BB061F4860C500EBD7CD /* assets.xcassets */; };
		3769B3B71F58E11B006D5AF2 /* WidgetTableViewCell.swift in Sources */ = {isa = PBXBuildFile; fileRef = 3769B3B61F58E11B006D5AF2 /* WidgetTableViewCell.swift */; };
		376C8FB71F5859850014A7ED /* Localizable.strings in Resources */ = {isa = PBXBuildFile; fileRef = 376C8FB91F5859850014A7ED /* Localizable.strings */; };
		3775C0D31F4CAF72002FE84D /* LocationAnnotation+CoreDataClass.swift in Sources */ = {isa = PBXBuildFile; fileRef = 3775C0D11F4CAF72002FE84D /* LocationAnnotation+CoreDataClass.swift */; };
		3775C0D41F4CAF72002FE84D /* LocationAnnotation+CoreDataProperties.swift in Sources */ = {isa = PBXBuildFile; fileRef = 3775C0D21F4CAF72002FE84D /* LocationAnnotation+CoreDataProperties.swift */; };
		3775C0D61F4D05BF002FE84D /* MapViewController.swift in Sources */ = {isa = PBXBuildFile; fileRef = 3775C0D51F4D05BF002FE84D /* MapViewController.swift */; };
		3775C0D81F4D05FE002FE84D /* LocationListViewController.swift in Sources */ = {isa = PBXBuildFile; fileRef = 3775C0D71F4D05FE002FE84D /* LocationListViewController.swift */; };
		3775C0DC1F4D561C002FE84D /* TaskEditTableViewController.swift in Sources */ = {isa = PBXBuildFile; fileRef = 3775C0DB1F4D561C002FE84D /* TaskEditTableViewController.swift */; };
		377993461F65F821001B1146 /* TodododoTests.swift in Sources */ = {isa = PBXBuildFile; fileRef = 377993451F65F821001B1146 /* TodododoTests.swift */; };
		377993581F65FD29001B1146 /* TodododoUITests.swift in Sources */ = {isa = PBXBuildFile; fileRef = 377993571F65FD29001B1146 /* TodododoUITests.swift */; };
		3781756B1F55265C00DCDA80 /* GlobalEnums_and_Strutcs.swift in Sources */ = {isa = PBXBuildFile; fileRef = 373F9CB01F549A6B00D6B26C /* GlobalEnums_and_Strutcs.swift */; };
		3781756C1F55FF6200DCDA80 /* TaskLocation.swift in Sources */ = {isa = PBXBuildFile; fileRef = 3775C0D91F4D062E002FE84D /* TaskLocation.swift */; };
		3781756E1F5634F900DCDA80 /* StyleManager.swift in Sources */ = {isa = PBXBuildFile; fileRef = 3781756D1F5634F900DCDA80 /* StyleManager.swift */; };
		3781759B1F56412900DCDA80 /* OpenSans-Bold.ttf in Resources */ = {isa = PBXBuildFile; fileRef = 378175911F56412900DCDA80 /* OpenSans-Bold.ttf */; };
		3781759C1F56412900DCDA80 /* OpenSans-Bold.ttf in Resources */ = {isa = PBXBuildFile; fileRef = 378175911F56412900DCDA80 /* OpenSans-Bold.ttf */; };
		3781759D1F56412900DCDA80 /* OpenSans-BoldItalic.ttf in Resources */ = {isa = PBXBuildFile; fileRef = 378175921F56412900DCDA80 /* OpenSans-BoldItalic.ttf */; };
		3781759E1F56412900DCDA80 /* OpenSans-BoldItalic.ttf in Resources */ = {isa = PBXBuildFile; fileRef = 378175921F56412900DCDA80 /* OpenSans-BoldItalic.ttf */; };
		3781759F1F56412900DCDA80 /* OpenSans-ExtraBold.ttf in Resources */ = {isa = PBXBuildFile; fileRef = 378175931F56412900DCDA80 /* OpenSans-ExtraBold.ttf */; };
		378175A01F56412900DCDA80 /* OpenSans-ExtraBold.ttf in Resources */ = {isa = PBXBuildFile; fileRef = 378175931F56412900DCDA80 /* OpenSans-ExtraBold.ttf */; };
		378175A11F56412900DCDA80 /* OpenSans-ExtraBoldItalic.ttf in Resources */ = {isa = PBXBuildFile; fileRef = 378175941F56412900DCDA80 /* OpenSans-ExtraBoldItalic.ttf */; };
		378175A21F56412900DCDA80 /* OpenSans-ExtraBoldItalic.ttf in Resources */ = {isa = PBXBuildFile; fileRef = 378175941F56412900DCDA80 /* OpenSans-ExtraBoldItalic.ttf */; };
		378175A31F56412900DCDA80 /* OpenSans-Italic.ttf in Resources */ = {isa = PBXBuildFile; fileRef = 378175951F56412900DCDA80 /* OpenSans-Italic.ttf */; };
		378175A41F56412900DCDA80 /* OpenSans-Italic.ttf in Resources */ = {isa = PBXBuildFile; fileRef = 378175951F56412900DCDA80 /* OpenSans-Italic.ttf */; };
		378175A51F56412900DCDA80 /* OpenSans-Light.ttf in Resources */ = {isa = PBXBuildFile; fileRef = 378175961F56412900DCDA80 /* OpenSans-Light.ttf */; };
		378175A61F56412900DCDA80 /* OpenSans-Light.ttf in Resources */ = {isa = PBXBuildFile; fileRef = 378175961F56412900DCDA80 /* OpenSans-Light.ttf */; };
		378175A71F56412900DCDA80 /* OpenSans-LightItalic.ttf in Resources */ = {isa = PBXBuildFile; fileRef = 378175971F56412900DCDA80 /* OpenSans-LightItalic.ttf */; };
		378175A81F56412900DCDA80 /* OpenSans-LightItalic.ttf in Resources */ = {isa = PBXBuildFile; fileRef = 378175971F56412900DCDA80 /* OpenSans-LightItalic.ttf */; };
		378175A91F56412900DCDA80 /* OpenSans-Regular.ttf in Resources */ = {isa = PBXBuildFile; fileRef = 378175981F56412900DCDA80 /* OpenSans-Regular.ttf */; };
		378175AA1F56412900DCDA80 /* OpenSans-Regular.ttf in Resources */ = {isa = PBXBuildFile; fileRef = 378175981F56412900DCDA80 /* OpenSans-Regular.ttf */; };
		378175AB1F56412900DCDA80 /* OpenSans-SemiBold.ttf in Resources */ = {isa = PBXBuildFile; fileRef = 378175991F56412900DCDA80 /* OpenSans-SemiBold.ttf */; };
		378175AC1F56412900DCDA80 /* OpenSans-SemiBold.ttf in Resources */ = {isa = PBXBuildFile; fileRef = 378175991F56412900DCDA80 /* OpenSans-SemiBold.ttf */; };
		378175AD1F56412900DCDA80 /* OpenSans-SemiBoldItalic.ttf in Resources */ = {isa = PBXBuildFile; fileRef = 3781759A1F56412900DCDA80 /* OpenSans-SemiBoldItalic.ttf */; };
		378175AE1F56412900DCDA80 /* OpenSans-SemiBoldItalic.ttf in Resources */ = {isa = PBXBuildFile; fileRef = 3781759A1F56412900DCDA80 /* OpenSans-SemiBoldItalic.ttf */; };
		378879341F5F2AA3008ED712 /* AnimatorFactory.swift in Sources */ = {isa = PBXBuildFile; fileRef = 378879331F5F2AA3008ED712 /* AnimatorFactory.swift */; };
		378DB25D1F0193C300819B6D /* TaskTableViewController.swift in Sources */ = {isa = PBXBuildFile; fileRef = 378DB25C1F0193C300819B6D /* TaskTableViewController.swift */; };
		378DB2611F019AE300819B6D /* TaskCell.swift in Sources */ = {isa = PBXBuildFile; fileRef = 378DB2601F019AE300819B6D /* TaskCell.swift */; };
		3792EE561F4689D100ACAAAE /* NotificationCenter.framework in Frameworks */ = {isa = PBXBuildFile; fileRef = 37814B381F466BA500A43C14 /* NotificationCenter.framework */; };
		3792EE591F4689D100ACAAAE /* TodayViewController.swift in Sources */ = {isa = PBXBuildFile; fileRef = 3792EE581F4689D100ACAAAE /* TodayViewController.swift */; };
		3792EE5C1F4689D100ACAAAE /* MainInterface.storyboard in Resources */ = {isa = PBXBuildFile; fileRef = 3792EE5A1F4689D100ACAAAE /* MainInterface.storyboard */; };
		3792EE601F4689D100ACAAAE /* To-Do Widget.appex in Embed App Extensions */ = {isa = PBXBuildFile; fileRef = 3792EE551F4689D100ACAAAE /* To-Do Widget.appex */; settings = {ATTRIBUTES = (RemoveHeadersOnCopy, ); }; };
		3792EE9A1F47816900ACAAAE /* ToDoCoreDataCloudKit.framework in Frameworks */ = {isa = PBXBuildFile; fileRef = 3792EE911F47816800ACAAAE /* ToDoCoreDataCloudKit.framework */; };
		3792EEA11F47816900ACAAAE /* ToDoCoreDataCloudKitTests.swift in Sources */ = {isa = PBXBuildFile; fileRef = 3792EEA01F47816900ACAAAE /* ToDoCoreDataCloudKitTests.swift */; };
		3792EEA31F47816900ACAAAE /* ToDoCoreDataCloudKit.h in Headers */ = {isa = PBXBuildFile; fileRef = 3792EE931F47816900ACAAAE /* ToDoCoreDataCloudKit.h */; settings = {ATTRIBUTES = (Public, ); }; };
		3792EEA61F47816900ACAAAE /* ToDoCoreDataCloudKit.framework in Frameworks */ = {isa = PBXBuildFile; fileRef = 3792EE911F47816800ACAAAE /* ToDoCoreDataCloudKit.framework */; };
		3792EEA71F47816900ACAAAE /* ToDoCoreDataCloudKit.framework in Embed Frameworks */ = {isa = PBXBuildFile; fileRef = 3792EE911F47816800ACAAAE /* ToDoCoreDataCloudKit.framework */; settings = {ATTRIBUTES = (CodeSignOnCopy, RemoveHeadersOnCopy, ); }; };
		3792EEAF1F47850B00ACAAAE /* ToDoCoreDataCloudKit.framework in Frameworks */ = {isa = PBXBuildFile; fileRef = 3792EE911F47816800ACAAAE /* ToDoCoreDataCloudKit.framework */; };
		3792EEB11F47889E00ACAAAE /* Sample.swift in Sources */ = {isa = PBXBuildFile; fileRef = 3792EEB01F47889E00ACAAAE /* Sample.swift */; };
		3792EEB21F4789D500ACAAAE /* CoreDataStack.swift in Sources */ = {isa = PBXBuildFile; fileRef = 378DB27C1F02A15500819B6D /* CoreDataStack.swift */; };
		3792EEB31F478D6200ACAAAE /* ToDoApp.xcdatamodeld in Sources */ = {isa = PBXBuildFile; fileRef = 37514B051EEF736F00D67A6E /* ToDoApp.xcdatamodeld */; };
		3792EEB51F478D6F00ACAAAE /* Task+CoreDataProperties.swift in Sources */ = {isa = PBXBuildFile; fileRef = 378DB2771F0297CD00819B6D /* Task+CoreDataProperties.swift */; };
		3792EEB61F478D9F00ACAAAE /* Constants.swift in Sources */ = {isa = PBXBuildFile; fileRef = 379157251F4349ED00B7C178 /* Constants.swift */; };
		3792EEBB1F47A55700ACAAAE /* Task+CoreDataClass.swift in Sources */ = {isa = PBXBuildFile; fileRef = 3792EEBA1F47A55700ACAAAE /* Task+CoreDataClass.swift */; };
		379B953E1F4F0AE30075F30B /* TabBarViewController.swift in Sources */ = {isa = PBXBuildFile; fileRef = 379B953D1F4F0AE30075F30B /* TabBarViewController.swift */; };
		379B95401F4F0E2F0075F30B /* LocationTaskTableViewController.swift in Sources */ = {isa = PBXBuildFile; fileRef = 379B953F1F4F0E2F0075F30B /* LocationTaskTableViewController.swift */; };
		379B95431F4F66D40075F30B /* DateUtil.swift in Sources */ = {isa = PBXBuildFile; fileRef = 379B95421F4F66D40075F30B /* DateUtil.swift */; };
		379B95451F506ACE0075F30B /* ArchivedTaskTableViewController.swift in Sources */ = {isa = PBXBuildFile; fileRef = 379B95441F506ACE0075F30B /* ArchivedTaskTableViewController.swift */; };
		379EF42B1F1C67D80023174A /* CloudKit.framework in Frameworks */ = {isa = PBXBuildFile; fileRef = 379EF42A1F1C67D80023174A /* CloudKit.framework */; };
		379EF42D1F1C6B2D0023174A /* Extensions.swift in Sources */ = {isa = PBXBuildFile; fileRef = 379EF42C1F1C6B2D0023174A /* Extensions.swift */; };
		37C16E481F5704F400008C61 /* UpgradeViewController.swift in Sources */ = {isa = PBXBuildFile; fileRef = 37C16E471F5704F400008C61 /* UpgradeViewController.swift */; };
		37C16E4A1F57050200008C61 /* UpgradeManager.swift in Sources */ = {isa = PBXBuildFile; fileRef = 37C16E491F57050200008C61 /* UpgradeManager.swift */; };
		37E72D3D1F5BBCC0001E3D6C /* SettingsViewController.swift in Sources */ = {isa = PBXBuildFile; fileRef = 37E72D3C1F5BBCC0001E3D6C /* SettingsViewController.swift */; };
		37E72D3F1F5BC30C001E3D6C /* licenses.json in Resources */ = {isa = PBXBuildFile; fileRef = 37E72D3E1F5BC30C001E3D6C /* licenses.json */; };
		37E72D421F5CE7EA001E3D6C /* CustomTabBarAnimator.swift in Sources */ = {isa = PBXBuildFile; fileRef = 37E72D411F5CE7EA001E3D6C /* CustomTabBarAnimator.swift */; };
		37E72D441F5D0838001E3D6C /* CustomDismissAnimator.swift in Sources */ = {isa = PBXBuildFile; fileRef = 37E72D431F5D0838001E3D6C /* CustomDismissAnimator.swift */; };
		37E72D461F5D0849001E3D6C /* CustomPresentAnimator.swift in Sources */ = {isa = PBXBuildFile; fileRef = 37E72D451F5D0849001E3D6C /* CustomPresentAnimator.swift */; };
		63CC915C37CE47D12F5F2893 /* Pods_Todododo.framework in Frameworks */ = {isa = PBXBuildFile; fileRef = 50B06EAEDD8AD500902BB28A /* Pods_Todododo.framework */; };
		69036269643CE58DE2139935 /* Pods_TodododoUITests.framework in Frameworks */ = {isa = PBXBuildFile; fileRef = BCBF7719B602FC2C2B2076FE /* Pods_TodododoUITests.framework */; };
		740F21CCD2C11BEBC1966138 /* Pods_ToDoCoreDataCloudKit.framework in Frameworks */ = {isa = PBXBuildFile; fileRef = 0E6DF59B21FA12B496D8F24D /* Pods_ToDoCoreDataCloudKit.framework */; };
		B3DEE5C5A71EF2A8CB57FA54 /* Pods_ToDoCoreDataCloudKitTests.framework in Frameworks */ = {isa = PBXBuildFile; fileRef = D34B45B6CE8AE4E0DE2DBD53 /* Pods_ToDoCoreDataCloudKitTests.framework */; };
		C286599C8B509468D3EE2C66 /* Pods_To_Do_Widget.framework in Frameworks */ = {isa = PBXBuildFile; fileRef = 6BF10BD7B49B0AF038E17AF6 /* Pods_To_Do_Widget.framework */; };
		DE818EF11A2424C3FEFEB9D0 /* Pods_TodododoTests.framework in Frameworks */ = {isa = PBXBuildFile; fileRef = 6BAD6E23D276DFE459A51186 /* Pods_TodododoTests.framework */; };
/* End PBXBuildFile section */

/* Begin PBXContainerItemProxy section */
		377993481F65F821001B1146 /* PBXContainerItemProxy */ = {
			isa = PBXContainerItemProxy;
			containerPortal = 37514AF31EEF736F00D67A6E /* Project object */;
			proxyType = 1;
			remoteGlobalIDString = 37514AFA1EEF736F00D67A6E;
			remoteInfo = Todododo;
		};
		3779935A1F65FD29001B1146 /* PBXContainerItemProxy */ = {
			isa = PBXContainerItemProxy;
			containerPortal = 37514AF31EEF736F00D67A6E /* Project object */;
			proxyType = 1;
			remoteGlobalIDString = 37514AFA1EEF736F00D67A6E;
			remoteInfo = Todododo;
		};
		3792EE5E1F4689D100ACAAAE /* PBXContainerItemProxy */ = {
			isa = PBXContainerItemProxy;
			containerPortal = 37514AF31EEF736F00D67A6E /* Project object */;
			proxyType = 1;
			remoteGlobalIDString = 3792EE541F4689D100ACAAAE;
			remoteInfo = "To-Do Widget";
		};
		3792EE9B1F47816900ACAAAE /* PBXContainerItemProxy */ = {
			isa = PBXContainerItemProxy;
			containerPortal = 37514AF31EEF736F00D67A6E /* Project object */;
			proxyType = 1;
			remoteGlobalIDString = 3792EE901F47816800ACAAAE;
			remoteInfo = ToDoCoreDataCloudKit;
		};
		3792EE9D1F47816900ACAAAE /* PBXContainerItemProxy */ = {
			isa = PBXContainerItemProxy;
			containerPortal = 37514AF31EEF736F00D67A6E /* Project object */;
			proxyType = 1;
			remoteGlobalIDString = 37514AFA1EEF736F00D67A6E;
			remoteInfo = "To-Do App";
		};
		3792EEA41F47816900ACAAAE /* PBXContainerItemProxy */ = {
			isa = PBXContainerItemProxy;
			containerPortal = 37514AF31EEF736F00D67A6E /* Project object */;
			proxyType = 1;
			remoteGlobalIDString = 3792EE901F47816800ACAAAE;
			remoteInfo = ToDoCoreDataCloudKit;
		};
/* End PBXContainerItemProxy section */

/* Begin PBXCopyFilesBuildPhase section */
		37814B471F466BA500A43C14 /* Embed App Extensions */ = {
			isa = PBXCopyFilesBuildPhase;
			buildActionMask = 2147483647;
			dstPath = "";
			dstSubfolderSpec = 13;
			files = (
				3792EE601F4689D100ACAAAE /* To-Do Widget.appex in Embed App Extensions */,
			);
			name = "Embed App Extensions";
			runOnlyForDeploymentPostprocessing = 0;
		};
		3792EE861F477F8600ACAAAE /* Embed Frameworks */ = {
			isa = PBXCopyFilesBuildPhase;
			buildActionMask = 2147483647;
			dstPath = "";
			dstSubfolderSpec = 10;
			files = (
				3792EEA71F47816900ACAAAE /* ToDoCoreDataCloudKit.framework in Embed Frameworks */,
			);
			name = "Embed Frameworks";
			runOnlyForDeploymentPostprocessing = 0;
		};
/* End PBXCopyFilesBuildPhase section */

/* Begin PBXFileReference section */
		074FB20D39715E2898A13370 /* Pods-Todododo.debug.xcconfig */ = {isa = PBXFileReference; includeInIndex = 1; lastKnownFileType = text.xcconfig; name = "Pods-Todododo.debug.xcconfig"; path = "Pods/Target Support Files/Pods-Todododo/Pods-Todododo.debug.xcconfig"; sourceTree = "<group>"; };
		0E6DF59B21FA12B496D8F24D /* Pods_ToDoCoreDataCloudKit.framework */ = {isa = PBXFileReference; explicitFileType = wrapper.framework; includeInIndex = 0; path = Pods_ToDoCoreDataCloudKit.framework; sourceTree = BUILT_PRODUCTS_DIR; };
		1A33C6180E14810A1CA1C10F /* Pods-TodododoTests.release.xcconfig */ = {isa = PBXFileReference; includeInIndex = 1; lastKnownFileType = text.xcconfig; name = "Pods-TodododoTests.release.xcconfig"; path = "Pods/Target Support Files/Pods-TodododoTests/Pods-TodododoTests.release.xcconfig"; sourceTree = "<group>"; };
		22E681AA5D0AB224F03EC1A9 /* Pods-TodododoUITests.debug.xcconfig */ = {isa = PBXFileReference; includeInIndex = 1; lastKnownFileType = text.xcconfig; name = "Pods-TodododoUITests.debug.xcconfig"; path = "Pods/Target Support Files/Pods-TodododoUITests/Pods-TodododoUITests.debug.xcconfig"; sourceTree = "<group>"; };
		3050C6C3417098D41122A9B5 /* Pods-To-Do Widget.release.xcconfig */ = {isa = PBXFileReference; includeInIndex = 1; lastKnownFileType = text.xcconfig; name = "Pods-To-Do Widget.release.xcconfig"; path = "Pods/Target Support Files/Pods-To-Do Widget/Pods-To-Do Widget.release.xcconfig"; sourceTree = "<group>"; };
		370FEACC1F539D6F0096AAA5 /* DueDateTaskTableViewController.swift */ = {isa = PBXFileReference; fileEncoding = 4; lastKnownFileType = sourcecode.swift; path = DueDateTaskTableViewController.swift; sourceTree = "<group>"; };
		371C3EE71F5EFC1E00BE4CDE /* en */ = {isa = PBXFileReference; lastKnownFileType = text.plist.strings; name = en; path = en.lproj/Main.strings; sourceTree = "<group>"; };
		371F4BB21F4E773D00BFCF93 /* SwiftDate.framework */ = {isa = PBXFileReference; lastKnownFileType = wrapper.framework; name = SwiftDate.framework; path = ../../../Carthage_workdir/SwiftDate/Carthage/Build/iOS/SwiftDate.framework; sourceTree = "<group>"; };
		371F4BB51F4E7C0500BFCF93 /* SwiftDate.framework */ = {isa = PBXFileReference; lastKnownFileType = wrapper.framework; path = SwiftDate.framework; sourceTree = "<group>"; };
		372DF3291F5B84E1005C0D7E /* Settings.bundle */ = {isa = PBXFileReference; lastKnownFileType = "wrapper.plug-in"; path = Settings.bundle; sourceTree = "<group>"; };
		373F9CAC1F54999200D6B26C /* CoreDataHelper.swift */ = {isa = PBXFileReference; fileEncoding = 4; lastKnownFileType = sourcecode.swift; name = CoreDataHelper.swift; path = "../To-Do App/CoreDataHelper.swift"; sourceTree = "<group>"; };
		373F9CAE1F5499C800D6B26C /* CloudKitHelper.swift */ = {isa = PBXFileReference; fileEncoding = 4; lastKnownFileType = sourcecode.swift; name = CloudKitHelper.swift; path = "../To-Do App/CloudKitHelper.swift"; sourceTree = "<group>"; };
		373F9CB01F549A6B00D6B26C /* GlobalEnums_and_Strutcs.swift */ = {isa = PBXFileReference; fileEncoding = 4; lastKnownFileType = sourcecode.swift; name = GlobalEnums_and_Strutcs.swift; path = "../To-Do App/GlobalEnums_and_Strutcs.swift"; sourceTree = "<group>"; };
		373F9CB21F54B46500D6B26C /* Predicates.swift */ = {isa = PBXFileReference; fileEncoding = 4; lastKnownFileType = sourcecode.swift; name = Predicates.swift; path = "../To-Do App/Predicates.swift"; sourceTree = "<group>"; };
		373F9CB41F54B76800D6B26C /* ChangeToken+CoreDataClass.swift */ = {isa = PBXFileReference; fileEncoding = 4; lastKnownFileType = sourcecode.swift; path = "ChangeToken+CoreDataClass.swift"; sourceTree = "<group>"; };
		373F9CB51F54B76800D6B26C /* ChangeToken+CoreDataProperties.swift */ = {isa = PBXFileReference; fileEncoding = 4; lastKnownFileType = sourcecode.swift; path = "ChangeToken+CoreDataProperties.swift"; sourceTree = "<group>"; };
		37415B211F576323004EB13D /* LocationCell.swift */ = {isa = PBXFileReference; fileEncoding = 4; lastKnownFileType = sourcecode.swift; path = LocationCell.swift; sourceTree = "<group>"; };
		37514AFB1EEF736F00D67A6E /* Todododo.app */ = {isa = PBXFileReference; explicitFileType = wrapper.application; includeInIndex = 0; path = Todododo.app; sourceTree = BUILT_PRODUCTS_DIR; };
		37514AFE1EEF736F00D67A6E /* AppDelegate.swift */ = {isa = PBXFileReference; lastKnownFileType = sourcecode.swift; path = AppDelegate.swift; sourceTree = "<group>"; };
		37514B031EEF736F00D67A6E /* Base */ = {isa = PBXFileReference; lastKnownFileType = file.storyboard; name = Base; path = Base.lproj/Main.storyboard; sourceTree = "<group>"; };
		37514B061EEF736F00D67A6E /* ToDoApp.xcdatamodel */ = {isa = PBXFileReference; lastKnownFileType = wrapper.xcdatamodel; path = ToDoApp.xcdatamodel; sourceTree = "<group>"; };
		37514B0B1EEF736F00D67A6E /* Base */ = {isa = PBXFileReference; lastKnownFileType = file.storyboard; name = Base; path = Base.lproj/LaunchScreen.storyboard; sourceTree = "<group>"; };
		37514B0D1EEF736F00D67A6E /* Info.plist */ = {isa = PBXFileReference; lastKnownFileType = text.plist.xml; path = Info.plist; sourceTree = "<group>"; };
		3753BB061F4860C500EBD7CD /* assets.xcassets */ = {isa = PBXFileReference; lastKnownFileType = folder.assetcatalog; path = assets.xcassets; sourceTree = "<group>"; };
		3769B3B61F58E11B006D5AF2 /* WidgetTableViewCell.swift */ = {isa = PBXFileReference; fileEncoding = 4; lastKnownFileType = sourcecode.swift; path = WidgetTableViewCell.swift; sourceTree = "<group>"; };
		376C8FA91F5833660014A7ED /* de */ = {isa = PBXFileReference; lastKnownFileType = text.plist.strings; name = de; path = de.lproj/Main.strings; sourceTree = "<group>"; };
		376C8FAA1F5833670014A7ED /* de */ = {isa = PBXFileReference; lastKnownFileType = text.plist.strings; name = de; path = de.lproj/LaunchScreen.strings; sourceTree = "<group>"; };
		376C8FAB1F5833670014A7ED /* de */ = {isa = PBXFileReference; lastKnownFileType = text.plist.strings; name = de; path = de.lproj/MainInterface.strings; sourceTree = "<group>"; };
		376C8FAC1F5833750014A7ED /* es */ = {isa = PBXFileReference; lastKnownFileType = text.plist.strings; name = es; path = es.lproj/Main.strings; sourceTree = "<group>"; };
		376C8FAD1F58337A0014A7ED /* es */ = {isa = PBXFileReference; lastKnownFileType = text.plist.strings; name = es; path = es.lproj/LaunchScreen.strings; sourceTree = "<group>"; };
		376C8FAE1F58337A0014A7ED /* es */ = {isa = PBXFileReference; lastKnownFileType = text.plist.strings; name = es; path = es.lproj/MainInterface.strings; sourceTree = "<group>"; };
		376C8FB21F5833A70014A7ED /* fr */ = {isa = PBXFileReference; lastKnownFileType = text.plist.strings; name = fr; path = fr.lproj/Main.strings; sourceTree = "<group>"; };
		376C8FB31F5833A70014A7ED /* fr */ = {isa = PBXFileReference; lastKnownFileType = text.plist.strings; name = fr; path = fr.lproj/LaunchScreen.strings; sourceTree = "<group>"; };
		376C8FB41F5833A70014A7ED /* fr */ = {isa = PBXFileReference; lastKnownFileType = text.plist.strings; name = fr; path = fr.lproj/MainInterface.strings; sourceTree = "<group>"; };
		376C8FB81F5859850014A7ED /* de */ = {isa = PBXFileReference; lastKnownFileType = text.plist.strings; name = de; path = de.lproj/Localizable.strings; sourceTree = "<group>"; };
		376C8FBA1F58598B0014A7ED /* en */ = {isa = PBXFileReference; lastKnownFileType = text.plist.strings; name = en; path = en.lproj/Localizable.strings; sourceTree = "<group>"; };
		376C8FBB1F58598D0014A7ED /* es */ = {isa = PBXFileReference; lastKnownFileType = text.plist.strings; name = es; path = es.lproj/Localizable.strings; sourceTree = "<group>"; };
		376C8FBC1F58598E0014A7ED /* fr */ = {isa = PBXFileReference; lastKnownFileType = text.plist.strings; name = fr; path = fr.lproj/Localizable.strings; sourceTree = "<group>"; };
		3775C0D11F4CAF72002FE84D /* LocationAnnotation+CoreDataClass.swift */ = {isa = PBXFileReference; fileEncoding = 4; lastKnownFileType = sourcecode.swift; path = "LocationAnnotation+CoreDataClass.swift"; sourceTree = "<group>"; };
		3775C0D21F4CAF72002FE84D /* LocationAnnotation+CoreDataProperties.swift */ = {isa = PBXFileReference; fileEncoding = 4; lastKnownFileType = sourcecode.swift; path = "LocationAnnotation+CoreDataProperties.swift"; sourceTree = "<group>"; };
		3775C0D51F4D05BF002FE84D /* MapViewController.swift */ = {isa = PBXFileReference; fileEncoding = 4; lastKnownFileType = sourcecode.swift; path = MapViewController.swift; sourceTree = "<group>"; };
		3775C0D71F4D05FE002FE84D /* LocationListViewController.swift */ = {isa = PBXFileReference; fileEncoding = 4; lastKnownFileType = sourcecode.swift; path = LocationListViewController.swift; sourceTree = "<group>"; };
		3775C0D91F4D062E002FE84D /* TaskLocation.swift */ = {isa = PBXFileReference; fileEncoding = 4; lastKnownFileType = sourcecode.swift; path = TaskLocation.swift; sourceTree = "<group>"; };
		3775C0DB1F4D561C002FE84D /* TaskEditTableViewController.swift */ = {isa = PBXFileReference; fileEncoding = 4; lastKnownFileType = sourcecode.swift; path = TaskEditTableViewController.swift; sourceTree = "<group>"; };
		3775C0DD1F4E3ABC002FE84D /* CoreDataUtil.swift */ = {isa = PBXFileReference; fileEncoding = 4; lastKnownFileType = sourcecode.swift; name = CoreDataUtil.swift; path = "../To-Do App/CoreDataUtil.swift"; sourceTree = "<group>"; };
		3779932F1F6530A6001B1146 /* CoreLocation.framework */ = {isa = PBXFileReference; lastKnownFileType = wrapper.framework; name = CoreLocation.framework; path = System/Library/Frameworks/CoreLocation.framework; sourceTree = SDKROOT; };
		377993431F65F821001B1146 /* TodododoTests.xctest */ = {isa = PBXFileReference; explicitFileType = wrapper.cfbundle; includeInIndex = 0; path = TodododoTests.xctest; sourceTree = BUILT_PRODUCTS_DIR; };
		377993451F65F821001B1146 /* TodododoTests.swift */ = {isa = PBXFileReference; lastKnownFileType = sourcecode.swift; path = TodododoTests.swift; sourceTree = "<group>"; };
		377993471F65F821001B1146 /* Info.plist */ = {isa = PBXFileReference; lastKnownFileType = text.plist.xml; path = Info.plist; sourceTree = "<group>"; };
		3779934E1F65FB47001B1146 /* MGSwipeTableCell.framework */ = {isa = PBXFileReference; lastKnownFileType = wrapper.framework; name = MGSwipeTableCell.framework; path = "../../../../Library/Developer/Xcode/DerivedData/To-Do_App-ghflzihxmtpxovcryognsbzfpgcy/Build/Products/Debug-iphonesimulator/MGSwipeTableCell/MGSwipeTableCell.framework"; sourceTree = "<group>"; };
		377993551F65FD29001B1146 /* TodododoUITests.xctest */ = {isa = PBXFileReference; explicitFileType = wrapper.cfbundle; includeInIndex = 0; path = TodododoUITests.xctest; sourceTree = BUILT_PRODUCTS_DIR; };
		377993571F65FD29001B1146 /* TodododoUITests.swift */ = {isa = PBXFileReference; lastKnownFileType = sourcecode.swift; path = TodododoUITests.swift; sourceTree = "<group>"; };
		377993591F65FD29001B1146 /* Info.plist */ = {isa = PBXFileReference; lastKnownFileType = text.plist.xml; path = Info.plist; sourceTree = "<group>"; };
		37814B381F466BA500A43C14 /* NotificationCenter.framework */ = {isa = PBXFileReference; lastKnownFileType = wrapper.framework; name = NotificationCenter.framework; path = System/Library/Frameworks/NotificationCenter.framework; sourceTree = SDKROOT; };
		3781756D1F5634F900DCDA80 /* StyleManager.swift */ = {isa = PBXFileReference; fileEncoding = 4; lastKnownFileType = sourcecode.swift; path = StyleManager.swift; sourceTree = "<group>"; };
		378175911F56412900DCDA80 /* OpenSans-Bold.ttf */ = {isa = PBXFileReference; lastKnownFileType = file; path = "OpenSans-Bold.ttf"; sourceTree = "<group>"; };
		378175921F56412900DCDA80 /* OpenSans-BoldItalic.ttf */ = {isa = PBXFileReference; lastKnownFileType = file; path = "OpenSans-BoldItalic.ttf"; sourceTree = "<group>"; };
		378175931F56412900DCDA80 /* OpenSans-ExtraBold.ttf */ = {isa = PBXFileReference; lastKnownFileType = file; path = "OpenSans-ExtraBold.ttf"; sourceTree = "<group>"; };
		378175941F56412900DCDA80 /* OpenSans-ExtraBoldItalic.ttf */ = {isa = PBXFileReference; lastKnownFileType = file; path = "OpenSans-ExtraBoldItalic.ttf"; sourceTree = "<group>"; };
		378175951F56412900DCDA80 /* OpenSans-Italic.ttf */ = {isa = PBXFileReference; lastKnownFileType = file; path = "OpenSans-Italic.ttf"; sourceTree = "<group>"; };
		378175961F56412900DCDA80 /* OpenSans-Light.ttf */ = {isa = PBXFileReference; lastKnownFileType = file; path = "OpenSans-Light.ttf"; sourceTree = "<group>"; };
		378175971F56412900DCDA80 /* OpenSans-LightItalic.ttf */ = {isa = PBXFileReference; lastKnownFileType = file; path = "OpenSans-LightItalic.ttf"; sourceTree = "<group>"; };
		378175981F56412900DCDA80 /* OpenSans-Regular.ttf */ = {isa = PBXFileReference; lastKnownFileType = file; path = "OpenSans-Regular.ttf"; sourceTree = "<group>"; };
		378175991F56412900DCDA80 /* OpenSans-SemiBold.ttf */ = {isa = PBXFileReference; lastKnownFileType = file; path = "OpenSans-SemiBold.ttf"; sourceTree = "<group>"; };
		3781759A1F56412900DCDA80 /* OpenSans-SemiBoldItalic.ttf */ = {isa = PBXFileReference; lastKnownFileType = file; path = "OpenSans-SemiBoldItalic.ttf"; sourceTree = "<group>"; };
		378879331F5F2AA3008ED712 /* AnimatorFactory.swift */ = {isa = PBXFileReference; fileEncoding = 4; lastKnownFileType = sourcecode.swift; path = AnimatorFactory.swift; sourceTree = "<group>"; };
		378DB25C1F0193C300819B6D /* TaskTableViewController.swift */ = {isa = PBXFileReference; fileEncoding = 4; lastKnownFileType = sourcecode.swift; path = TaskTableViewController.swift; sourceTree = "<group>"; };
		378DB2601F019AE300819B6D /* TaskCell.swift */ = {isa = PBXFileReference; fileEncoding = 4; lastKnownFileType = sourcecode.swift; path = TaskCell.swift; sourceTree = "<group>"; };
		378DB2771F0297CD00819B6D /* Task+CoreDataProperties.swift */ = {isa = PBXFileReference; fileEncoding = 4; lastKnownFileType = sourcecode.swift; path = "Task+CoreDataProperties.swift"; sourceTree = "<group>"; };
		378DB27C1F02A15500819B6D /* CoreDataStack.swift */ = {isa = PBXFileReference; fileEncoding = 4; lastKnownFileType = sourcecode.swift; name = CoreDataStack.swift; path = "../To-Do App/CoreDataStack.swift"; sourceTree = "<group>"; };
		379157251F4349ED00B7C178 /* Constants.swift */ = {isa = PBXFileReference; fileEncoding = 4; lastKnownFileType = sourcecode.swift; name = Constants.swift; path = "../To-Do App/Constants.swift"; sourceTree = "<group>"; };
		3792EE551F4689D100ACAAAE /* To-Do Widget.appex */ = {isa = PBXFileReference; explicitFileType = "wrapper.app-extension"; includeInIndex = 0; path = "To-Do Widget.appex"; sourceTree = BUILT_PRODUCTS_DIR; };
		3792EE581F4689D100ACAAAE /* TodayViewController.swift */ = {isa = PBXFileReference; lastKnownFileType = sourcecode.swift; path = TodayViewController.swift; sourceTree = "<group>"; };
		3792EE5B1F4689D100ACAAAE /* Base */ = {isa = PBXFileReference; lastKnownFileType = file.storyboard; name = Base; path = Base.lproj/MainInterface.storyboard; sourceTree = "<group>"; };
		3792EE5D1F4689D100ACAAAE /* Info.plist */ = {isa = PBXFileReference; lastKnownFileType = text.plist.xml; path = Info.plist; sourceTree = "<group>"; };
		3792EE661F47605200ACAAAE /* To-Do Widget.entitlements */ = {isa = PBXFileReference; lastKnownFileType = text.plist.entitlements; path = "To-Do Widget.entitlements"; sourceTree = "<group>"; };
		3792EE911F47816800ACAAAE /* ToDoCoreDataCloudKit.framework */ = {isa = PBXFileReference; explicitFileType = wrapper.framework; includeInIndex = 0; path = ToDoCoreDataCloudKit.framework; sourceTree = BUILT_PRODUCTS_DIR; };
		3792EE931F47816900ACAAAE /* ToDoCoreDataCloudKit.h */ = {isa = PBXFileReference; lastKnownFileType = sourcecode.c.h; path = ToDoCoreDataCloudKit.h; sourceTree = "<group>"; };
		3792EE941F47816900ACAAAE /* Info.plist */ = {isa = PBXFileReference; lastKnownFileType = text.plist.xml; path = Info.plist; sourceTree = "<group>"; };
		3792EE991F47816900ACAAAE /* ToDoCoreDataCloudKitTests.xctest */ = {isa = PBXFileReference; explicitFileType = wrapper.cfbundle; includeInIndex = 0; path = ToDoCoreDataCloudKitTests.xctest; sourceTree = BUILT_PRODUCTS_DIR; };
		3792EEA01F47816900ACAAAE /* ToDoCoreDataCloudKitTests.swift */ = {isa = PBXFileReference; lastKnownFileType = sourcecode.swift; path = ToDoCoreDataCloudKitTests.swift; sourceTree = "<group>"; };
		3792EEA21F47816900ACAAAE /* Info.plist */ = {isa = PBXFileReference; lastKnownFileType = text.plist.xml; path = Info.plist; sourceTree = "<group>"; };
		3792EEB01F47889E00ACAAAE /* Sample.swift */ = {isa = PBXFileReference; fileEncoding = 4; lastKnownFileType = sourcecode.swift; path = Sample.swift; sourceTree = "<group>"; };
		3792EEBA1F47A55700ACAAAE /* Task+CoreDataClass.swift */ = {isa = PBXFileReference; fileEncoding = 4; lastKnownFileType = sourcecode.swift; path = "Task+CoreDataClass.swift"; sourceTree = "<group>"; };
		379B953D1F4F0AE30075F30B /* TabBarViewController.swift */ = {isa = PBXFileReference; fileEncoding = 4; lastKnownFileType = sourcecode.swift; path = TabBarViewController.swift; sourceTree = "<group>"; };
		379B953F1F4F0E2F0075F30B /* LocationTaskTableViewController.swift */ = {isa = PBXFileReference; fileEncoding = 4; lastKnownFileType = sourcecode.swift; path = LocationTaskTableViewController.swift; sourceTree = "<group>"; };
		379B95421F4F66D40075F30B /* DateUtil.swift */ = {isa = PBXFileReference; fileEncoding = 4; lastKnownFileType = sourcecode.swift; path = DateUtil.swift; sourceTree = "<group>"; };
		379B95441F506ACE0075F30B /* ArchivedTaskTableViewController.swift */ = {isa = PBXFileReference; fileEncoding = 4; lastKnownFileType = sourcecode.swift; path = ArchivedTaskTableViewController.swift; sourceTree = "<group>"; };
		379EF4291F1C67D50023174A /* To-Do App.entitlements */ = {isa = PBXFileReference; lastKnownFileType = text.plist.entitlements; path = "To-Do App.entitlements"; sourceTree = "<group>"; };
		379EF42A1F1C67D80023174A /* CloudKit.framework */ = {isa = PBXFileReference; lastKnownFileType = wrapper.framework; name = CloudKit.framework; path = System/Library/Frameworks/CloudKit.framework; sourceTree = SDKROOT; };
		379EF42C1F1C6B2D0023174A /* Extensions.swift */ = {isa = PBXFileReference; fileEncoding = 4; lastKnownFileType = sourcecode.swift; path = Extensions.swift; sourceTree = "<group>"; };
		37C16E471F5704F400008C61 /* UpgradeViewController.swift */ = {isa = PBXFileReference; fileEncoding = 4; lastKnownFileType = sourcecode.swift; path = UpgradeViewController.swift; sourceTree = "<group>"; };
		37C16E491F57050200008C61 /* UpgradeManager.swift */ = {isa = PBXFileReference; fileEncoding = 4; lastKnownFileType = sourcecode.swift; path = UpgradeManager.swift; sourceTree = "<group>"; };
		37E72D3C1F5BBCC0001E3D6C /* SettingsViewController.swift */ = {isa = PBXFileReference; fileEncoding = 4; lastKnownFileType = sourcecode.swift; path = SettingsViewController.swift; sourceTree = "<group>"; };
		37E72D3E1F5BC30C001E3D6C /* licenses.json */ = {isa = PBXFileReference; fileEncoding = 4; lastKnownFileType = text.json; path = licenses.json; sourceTree = "<group>"; };
		37E72D411F5CE7EA001E3D6C /* CustomTabBarAnimator.swift */ = {isa = PBXFileReference; fileEncoding = 4; lastKnownFileType = sourcecode.swift; path = CustomTabBarAnimator.swift; sourceTree = "<group>"; };
		37E72D431F5D0838001E3D6C /* CustomDismissAnimator.swift */ = {isa = PBXFileReference; fileEncoding = 4; lastKnownFileType = sourcecode.swift; path = CustomDismissAnimator.swift; sourceTree = "<group>"; };
		37E72D451F5D0849001E3D6C /* CustomPresentAnimator.swift */ = {isa = PBXFileReference; fileEncoding = 4; lastKnownFileType = sourcecode.swift; path = CustomPresentAnimator.swift; sourceTree = "<group>"; };
		3FF1CED171A647A0FB49C8EE /* Pods-TodododoUITests.release.xcconfig */ = {isa = PBXFileReference; includeInIndex = 1; lastKnownFileType = text.xcconfig; name = "Pods-TodododoUITests.release.xcconfig"; path = "Pods/Target Support Files/Pods-TodododoUITests/Pods-TodododoUITests.release.xcconfig"; sourceTree = "<group>"; };
		4153C11E96D8E28518C5B2E8 /* Pods-ToDoCoreDataCloudKitTests.debug.xcconfig */ = {isa = PBXFileReference; includeInIndex = 1; lastKnownFileType = text.xcconfig; name = "Pods-ToDoCoreDataCloudKitTests.debug.xcconfig"; path = "Pods/Target Support Files/Pods-ToDoCoreDataCloudKitTests/Pods-ToDoCoreDataCloudKitTests.debug.xcconfig"; sourceTree = "<group>"; };
		50B06EAEDD8AD500902BB28A /* Pods_Todododo.framework */ = {isa = PBXFileReference; explicitFileType = wrapper.framework; includeInIndex = 0; path = Pods_Todododo.framework; sourceTree = BUILT_PRODUCTS_DIR; };
		6BAD6E23D276DFE459A51186 /* Pods_TodododoTests.framework */ = {isa = PBXFileReference; explicitFileType = wrapper.framework; includeInIndex = 0; path = Pods_TodododoTests.framework; sourceTree = BUILT_PRODUCTS_DIR; };
		6BF10BD7B49B0AF038E17AF6 /* Pods_To_Do_Widget.framework */ = {isa = PBXFileReference; explicitFileType = wrapper.framework; includeInIndex = 0; path = Pods_To_Do_Widget.framework; sourceTree = BUILT_PRODUCTS_DIR; };
		8C635B8B05D359681A26F42E /* Pods-Todododo.release.xcconfig */ = {isa = PBXFileReference; includeInIndex = 1; lastKnownFileType = text.xcconfig; name = "Pods-Todododo.release.xcconfig"; path = "Pods/Target Support Files/Pods-Todododo/Pods-Todododo.release.xcconfig"; sourceTree = "<group>"; };
		96317FB0C47046AAA0CD18B6 /* Pods-ToDoCoreDataCloudKit.release.xcconfig */ = {isa = PBXFileReference; includeInIndex = 1; lastKnownFileType = text.xcconfig; name = "Pods-ToDoCoreDataCloudKit.release.xcconfig"; path = "Pods/Target Support Files/Pods-ToDoCoreDataCloudKit/Pods-ToDoCoreDataCloudKit.release.xcconfig"; sourceTree = "<group>"; };
		B7E2332579757B52F52B54C1 /* Pods-To-Do Widget.debug.xcconfig */ = {isa = PBXFileReference; includeInIndex = 1; lastKnownFileType = text.xcconfig; name = "Pods-To-Do Widget.debug.xcconfig"; path = "Pods/Target Support Files/Pods-To-Do Widget/Pods-To-Do Widget.debug.xcconfig"; sourceTree = "<group>"; };
		BCBF7719B602FC2C2B2076FE /* Pods_TodododoUITests.framework */ = {isa = PBXFileReference; explicitFileType = wrapper.framework; includeInIndex = 0; path = Pods_TodododoUITests.framework; sourceTree = BUILT_PRODUCTS_DIR; };
		CA4F3D4F187479638F1E52AF /* Pods-TodododoTests.debug.xcconfig */ = {isa = PBXFileReference; includeInIndex = 1; lastKnownFileType = text.xcconfig; name = "Pods-TodododoTests.debug.xcconfig"; path = "Pods/Target Support Files/Pods-TodododoTests/Pods-TodododoTests.debug.xcconfig"; sourceTree = "<group>"; };
		D34B45B6CE8AE4E0DE2DBD53 /* Pods_ToDoCoreDataCloudKitTests.framework */ = {isa = PBXFileReference; explicitFileType = wrapper.framework; includeInIndex = 0; path = Pods_ToDoCoreDataCloudKitTests.framework; sourceTree = BUILT_PRODUCTS_DIR; };
		D4CA7C22DD5E5AA7ECE13B98 /* Pods-ToDoCoreDataCloudKit.debug.xcconfig */ = {isa = PBXFileReference; includeInIndex = 1; lastKnownFileType = text.xcconfig; name = "Pods-ToDoCoreDataCloudKit.debug.xcconfig"; path = "Pods/Target Support Files/Pods-ToDoCoreDataCloudKit/Pods-ToDoCoreDataCloudKit.debug.xcconfig"; sourceTree = "<group>"; };
		D6D8930A000BF1AD57F89F64 /* Pods-ToDoCoreDataCloudKitTests.release.xcconfig */ = {isa = PBXFileReference; includeInIndex = 1; lastKnownFileType = text.xcconfig; name = "Pods-ToDoCoreDataCloudKitTests.release.xcconfig"; path = "Pods/Target Support Files/Pods-ToDoCoreDataCloudKitTests/Pods-ToDoCoreDataCloudKitTests.release.xcconfig"; sourceTree = "<group>"; };
/* End PBXFileReference section */

/* Begin PBXFrameworksBuildPhase section */
		37514AF81EEF736F00D67A6E /* Frameworks */ = {
			isa = PBXFrameworksBuildPhase;
			buildActionMask = 2147483647;
			files = (
				379EF42B1F1C67D80023174A /* CloudKit.framework in Frameworks */,
				3792EEA61F47816900ACAAAE /* ToDoCoreDataCloudKit.framework in Frameworks */,
				63CC915C37CE47D12F5F2893 /* Pods_Todododo.framework in Frameworks */,
			);
			runOnlyForDeploymentPostprocessing = 0;
		};
		377993401F65F821001B1146 /* Frameworks */ = {
			isa = PBXFrameworksBuildPhase;
			buildActionMask = 2147483647;
			files = (
				DE818EF11A2424C3FEFEB9D0 /* Pods_TodododoTests.framework in Frameworks */,
			);
			runOnlyForDeploymentPostprocessing = 0;
		};
		377993521F65FD29001B1146 /* Frameworks */ = {
			isa = PBXFrameworksBuildPhase;
			buildActionMask = 2147483647;
			files = (
				69036269643CE58DE2139935 /* Pods_TodododoUITests.framework in Frameworks */,
			);
			runOnlyForDeploymentPostprocessing = 0;
		};
		3792EE521F4689D100ACAAAE /* Frameworks */ = {
			isa = PBXFrameworksBuildPhase;
			buildActionMask = 2147483647;
			files = (
				3792EEAF1F47850B00ACAAAE /* ToDoCoreDataCloudKit.framework in Frameworks */,
				3792EE561F4689D100ACAAAE /* NotificationCenter.framework in Frameworks */,
				C286599C8B509468D3EE2C66 /* Pods_To_Do_Widget.framework in Frameworks */,
			);
			runOnlyForDeploymentPostprocessing = 0;
		};
		3792EE8D1F47816800ACAAAE /* Frameworks */ = {
			isa = PBXFrameworksBuildPhase;
			buildActionMask = 2147483647;
			files = (
				740F21CCD2C11BEBC1966138 /* Pods_ToDoCoreDataCloudKit.framework in Frameworks */,
			);
			runOnlyForDeploymentPostprocessing = 0;
		};
		3792EE961F47816900ACAAAE /* Frameworks */ = {
			isa = PBXFrameworksBuildPhase;
			buildActionMask = 2147483647;
			files = (
				3792EE9A1F47816900ACAAAE /* ToDoCoreDataCloudKit.framework in Frameworks */,
				B3DEE5C5A71EF2A8CB57FA54 /* Pods_ToDoCoreDataCloudKitTests.framework in Frameworks */,
			);
			runOnlyForDeploymentPostprocessing = 0;
		};
/* End PBXFrameworksBuildPhase section */

/* Begin PBXGroup section */
		346F108049622DEBD8353241 /* Frameworks */ = {
			isa = PBXGroup;
			children = (
				3779934E1F65FB47001B1146 /* MGSwipeTableCell.framework */,
				3779932F1F6530A6001B1146 /* CoreLocation.framework */,
				371F4BB21F4E773D00BFCF93 /* SwiftDate.framework */,
				379EF42A1F1C67D80023174A /* CloudKit.framework */,
				37814B381F466BA500A43C14 /* NotificationCenter.framework */,
				6BF10BD7B49B0AF038E17AF6 /* Pods_To_Do_Widget.framework */,
				0E6DF59B21FA12B496D8F24D /* Pods_ToDoCoreDataCloudKit.framework */,
				D34B45B6CE8AE4E0DE2DBD53 /* Pods_ToDoCoreDataCloudKitTests.framework */,
				50B06EAEDD8AD500902BB28A /* Pods_Todododo.framework */,
				6BAD6E23D276DFE459A51186 /* Pods_TodododoTests.framework */,
				BCBF7719B602FC2C2B2076FE /* Pods_TodododoUITests.framework */,
			);
			name = Frameworks;
			sourceTree = "<group>";
		};
		37514AF21EEF736F00D67A6E = {
			isa = PBXGroup;
			children = (
				372DF3291F5B84E1005C0D7E /* Settings.bundle */,
				37514AFD1EEF736F00D67A6E /* To-Do App */,
				3792EE571F4689D100ACAAAE /* To-Do Widget */,
				3792EE921F47816900ACAAAE /* ToDoCoreDataCloudKit */,
				3792EE9F1F47816900ACAAAE /* ToDoCoreDataCloudKitTests */,
				377993441F65F821001B1146 /* TodododoTests */,
				377993561F65FD29001B1146 /* TodododoUITests */,
				37514AFC1EEF736F00D67A6E /* Products */,
				346F108049622DEBD8353241 /* Frameworks */,
				CABC72885C02C8984D025A79 /* Pods */,
			);
			sourceTree = "<group>";
		};
		37514AFC1EEF736F00D67A6E /* Products */ = {
			isa = PBXGroup;
			children = (
				37514AFB1EEF736F00D67A6E /* Todododo.app */,
				3792EE551F4689D100ACAAAE /* To-Do Widget.appex */,
				3792EE911F47816800ACAAAE /* ToDoCoreDataCloudKit.framework */,
				3792EE991F47816900ACAAAE /* ToDoCoreDataCloudKitTests.xctest */,
				377993431F65F821001B1146 /* TodododoTests.xctest */,
				377993551F65FD29001B1146 /* TodododoUITests.xctest */,
			);
			name = Products;
			sourceTree = "<group>";
		};
		37514AFD1EEF736F00D67A6E /* To-Do App */ = {
			isa = PBXGroup;
			children = (
				37E72D401F5CE792001E3D6C /* customAnimationAndTransitions */,
				378175901F5640FA00DCDA80 /* Resources */,
				3775C0E11F4E3F09002FE84D /* Model */,
				3775C0E01F4E3EBA002FE84D /* Controller */,
				3775C0DF1F4E3D87002FE84D /* Utilities */,
				379EF4291F1C67D50023174A /* To-Do App.entitlements */,
				37514AFE1EEF736F00D67A6E /* AppDelegate.swift */,
				37514B021EEF736F00D67A6E /* Main.storyboard */,
				37514B0A1EEF736F00D67A6E /* LaunchScreen.storyboard */,
				37514B0D1EEF736F00D67A6E /* Info.plist */,
				3753BB061F4860C500EBD7CD /* assets.xcassets */,
			);
			path = "To-Do App";
			sourceTree = "<group>";
		};
		3775C0DF1F4E3D87002FE84D /* Utilities */ = {
			isa = PBXGroup;
			children = (
				379EF42C1F1C6B2D0023174A /* Extensions.swift */,
				37C16E491F57050200008C61 /* UpgradeManager.swift */,
				3781756D1F5634F900DCDA80 /* StyleManager.swift */,
			);
			name = Utilities;
			sourceTree = "<group>";
		};
		3775C0E01F4E3EBA002FE84D /* Controller */ = {
			isa = PBXGroup;
			children = (
				37C16E471F5704F400008C61 /* UpgradeViewController.swift */,
				379B953D1F4F0AE30075F30B /* TabBarViewController.swift */,
				378DB25C1F0193C300819B6D /* TaskTableViewController.swift */,
				3775C0D71F4D05FE002FE84D /* LocationListViewController.swift */,
				3775C0D51F4D05BF002FE84D /* MapViewController.swift */,
				3775C0DB1F4D561C002FE84D /* TaskEditTableViewController.swift */,
				379B953F1F4F0E2F0075F30B /* LocationTaskTableViewController.swift */,
				379B95441F506ACE0075F30B /* ArchivedTaskTableViewController.swift */,
				370FEACC1F539D6F0096AAA5 /* DueDateTaskTableViewController.swift */,
				37E72D3C1F5BBCC0001E3D6C /* SettingsViewController.swift */,
			);
			name = Controller;
			sourceTree = "<group>";
		};
		3775C0E11F4E3F09002FE84D /* Model */ = {
			isa = PBXGroup;
			children = (
				3775C0D91F4D062E002FE84D /* TaskLocation.swift */,
				378DB2601F019AE300819B6D /* TaskCell.swift */,
				37415B211F576323004EB13D /* LocationCell.swift */,
			);
			name = Model;
			sourceTree = "<group>";
		};
		377993441F65F821001B1146 /* TodododoTests */ = {
			isa = PBXGroup;
			children = (
				377993451F65F821001B1146 /* TodododoTests.swift */,
				377993471F65F821001B1146 /* Info.plist */,
			);
			path = TodododoTests;
			sourceTree = "<group>";
		};
		377993561F65FD29001B1146 /* TodododoUITests */ = {
			isa = PBXGroup;
			children = (
				377993571F65FD29001B1146 /* TodododoUITests.swift */,
				377993591F65FD29001B1146 /* Info.plist */,
			);
			path = TodododoUITests;
			sourceTree = "<group>";
		};
		378175901F5640FA00DCDA80 /* Resources */ = {
			isa = PBXGroup;
			children = (
				37E72D3E1F5BC30C001E3D6C /* licenses.json */,
				376C8FB91F5859850014A7ED /* Localizable.strings */,
				378175911F56412900DCDA80 /* OpenSans-Bold.ttf */,
				378175921F56412900DCDA80 /* OpenSans-BoldItalic.ttf */,
				378175931F56412900DCDA80 /* OpenSans-ExtraBold.ttf */,
				378175941F56412900DCDA80 /* OpenSans-ExtraBoldItalic.ttf */,
				378175951F56412900DCDA80 /* OpenSans-Italic.ttf */,
				378175961F56412900DCDA80 /* OpenSans-Light.ttf */,
				378175971F56412900DCDA80 /* OpenSans-LightItalic.ttf */,
				378175981F56412900DCDA80 /* OpenSans-Regular.ttf */,
				378175991F56412900DCDA80 /* OpenSans-SemiBold.ttf */,
				3781759A1F56412900DCDA80 /* OpenSans-SemiBoldItalic.ttf */,
			);
			name = Resources;
			sourceTree = "<group>";
		};
		378DB2751F02977500819B6D /* NSManagedObject */ = {
			isa = PBXGroup;
			children = (
				373F9CB41F54B76800D6B26C /* ChangeToken+CoreDataClass.swift */,
				373F9CB51F54B76800D6B26C /* ChangeToken+CoreDataProperties.swift */,
				3775C0D11F4CAF72002FE84D /* LocationAnnotation+CoreDataClass.swift */,
				3775C0D21F4CAF72002FE84D /* LocationAnnotation+CoreDataProperties.swift */,
				3792EEBA1F47A55700ACAAAE /* Task+CoreDataClass.swift */,
				378DB2771F0297CD00819B6D /* Task+CoreDataProperties.swift */,
			);
			name = NSManagedObject;
			path = "../To-Do App";
			sourceTree = "<group>";
		};
		3792EE571F4689D100ACAAAE /* To-Do Widget */ = {
			isa = PBXGroup;
			children = (
				3792EE661F47605200ACAAAE /* To-Do Widget.entitlements */,
				3792EE581F4689D100ACAAAE /* TodayViewController.swift */,
				3792EE5A1F4689D100ACAAAE /* MainInterface.storyboard */,
				3792EE5D1F4689D100ACAAAE /* Info.plist */,
				3769B3B61F58E11B006D5AF2 /* WidgetTableViewCell.swift */,
			);
			path = "To-Do Widget";
			sourceTree = "<group>";
		};
		3792EE8A1F477FC100ACAAAE /* CoreData */ = {
			isa = PBXGroup;
			children = (
				3775C0DD1F4E3ABC002FE84D /* CoreDataUtil.swift */,
				378DB27C1F02A15500819B6D /* CoreDataStack.swift */,
				373F9CAC1F54999200D6B26C /* CoreDataHelper.swift */,
				378DB2751F02977500819B6D /* NSManagedObject */,
				37514B051EEF736F00D67A6E /* ToDoApp.xcdatamodeld */,
			);
			name = CoreData;
			path = "../To-Do CoreData-CloudKit";
			sourceTree = "<group>";
		};
		3792EE921F47816900ACAAAE /* ToDoCoreDataCloudKit */ = {
			isa = PBXGroup;
			children = (
				379B95411F4F65FF0075F30B /* Utility */,
				379157251F4349ED00B7C178 /* Constants.swift */,
				373F9CB01F549A6B00D6B26C /* GlobalEnums_and_Strutcs.swift */,
				3792EE8A1F477FC100ACAAAE /* CoreData */,
				3792EEAE1F47817500ACAAAE /* CloudKit */,
				3792EE931F47816900ACAAAE /* ToDoCoreDataCloudKit.h */,
				3792EE941F47816900ACAAAE /* Info.plist */,
				3792EEB01F47889E00ACAAAE /* Sample.swift */,
				371F4BB51F4E7C0500BFCF93 /* SwiftDate.framework */,
			);
			path = ToDoCoreDataCloudKit;
			sourceTree = "<group>";
		};
		3792EE9F1F47816900ACAAAE /* ToDoCoreDataCloudKitTests */ = {
			isa = PBXGroup;
			children = (
				3792EEA01F47816900ACAAAE /* ToDoCoreDataCloudKitTests.swift */,
				3792EEA21F47816900ACAAAE /* Info.plist */,
			);
			path = ToDoCoreDataCloudKitTests;
			sourceTree = "<group>";
		};
		3792EEAE1F47817500ACAAAE /* CloudKit */ = {
			isa = PBXGroup;
			children = (
				373F9CAE1F5499C800D6B26C /* CloudKitHelper.swift */,
			);
			name = CloudKit;
			sourceTree = "<group>";
		};
		379B95411F4F65FF0075F30B /* Utility */ = {
			isa = PBXGroup;
			children = (
				373F9CB21F54B46500D6B26C /* Predicates.swift */,
				379B95421F4F66D40075F30B /* DateUtil.swift */,
			);
			name = Utility;
			sourceTree = "<group>";
		};
		37E72D401F5CE792001E3D6C /* customAnimationAndTransitions */ = {
			isa = PBXGroup;
			children = (
				37E72D451F5D0849001E3D6C /* CustomPresentAnimator.swift */,
				37E72D431F5D0838001E3D6C /* CustomDismissAnimator.swift */,
				37E72D411F5CE7EA001E3D6C /* CustomTabBarAnimator.swift */,
				378879331F5F2AA3008ED712 /* AnimatorFactory.swift */,
			);
			name = customAnimationAndTransitions;
			sourceTree = "<group>";
		};
		CABC72885C02C8984D025A79 /* Pods */ = {
			isa = PBXGroup;
			children = (
				B7E2332579757B52F52B54C1 /* Pods-To-Do Widget.debug.xcconfig */,
				3050C6C3417098D41122A9B5 /* Pods-To-Do Widget.release.xcconfig */,
				D4CA7C22DD5E5AA7ECE13B98 /* Pods-ToDoCoreDataCloudKit.debug.xcconfig */,
				96317FB0C47046AAA0CD18B6 /* Pods-ToDoCoreDataCloudKit.release.xcconfig */,
				4153C11E96D8E28518C5B2E8 /* Pods-ToDoCoreDataCloudKitTests.debug.xcconfig */,
				D6D8930A000BF1AD57F89F64 /* Pods-ToDoCoreDataCloudKitTests.release.xcconfig */,
				074FB20D39715E2898A13370 /* Pods-Todododo.debug.xcconfig */,
				8C635B8B05D359681A26F42E /* Pods-Todododo.release.xcconfig */,
				CA4F3D4F187479638F1E52AF /* Pods-TodododoTests.debug.xcconfig */,
				1A33C6180E14810A1CA1C10F /* Pods-TodododoTests.release.xcconfig */,
				22E681AA5D0AB224F03EC1A9 /* Pods-TodododoUITests.debug.xcconfig */,
				3FF1CED171A647A0FB49C8EE /* Pods-TodododoUITests.release.xcconfig */,
			);
			name = Pods;
			sourceTree = "<group>";
		};
/* End PBXGroup section */

/* Begin PBXHeadersBuildPhase section */
		3792EE8E1F47816800ACAAAE /* Headers */ = {
			isa = PBXHeadersBuildPhase;
			buildActionMask = 2147483647;
			files = (
				3792EEA31F47816900ACAAAE /* ToDoCoreDataCloudKit.h in Headers */,
			);
			runOnlyForDeploymentPostprocessing = 0;
		};
/* End PBXHeadersBuildPhase section */

/* Begin PBXNativeTarget section */
		37514AFA1EEF736F00D67A6E /* Todododo */ = {
			isa = PBXNativeTarget;
			buildConfigurationList = 37514B261EEF736F00D67A6E /* Build configuration list for PBXNativeTarget "Todododo" */;
			buildPhases = (
				BA3B8CE6CA566F21FAA063F2 /* [CP] Check Pods Manifest.lock */,
				37514AF71EEF736F00D67A6E /* Sources */,
				37514AF81EEF736F00D67A6E /* Frameworks */,
				37514AF91EEF736F00D67A6E /* Resources */,
				37814B471F466BA500A43C14 /* Embed App Extensions */,
				3792EE861F477F8600ACAAAE /* Embed Frameworks */,
				41E0ACDF7E3200AE2ACD3009 /* [CP] Embed Pods Frameworks */,
				5149EE2F8C6FF8914CD22B47 /* [CP] Copy Pods Resources */,
			);
			buildRules = (
			);
			dependencies = (
				3792EE5F1F4689D100ACAAAE /* PBXTargetDependency */,
				3792EEA51F47816900ACAAAE /* PBXTargetDependency */,
			);
			name = Todododo;
			productName = "To-Do App";
			productReference = 37514AFB1EEF736F00D67A6E /* Todododo.app */;
			productType = "com.apple.product-type.application";
		};
		377993421F65F821001B1146 /* TodododoTests */ = {
			isa = PBXNativeTarget;
			buildConfigurationList = 3779934A1F65F821001B1146 /* Build configuration list for PBXNativeTarget "TodododoTests" */;
			buildPhases = (
				53E663BB33A41F38082D68DF /* [CP] Check Pods Manifest.lock */,
				3779933F1F65F821001B1146 /* Sources */,
				377993401F65F821001B1146 /* Frameworks */,
				377993411F65F821001B1146 /* Resources */,
				048602BE619779CCBDABDF7E /* [CP] Embed Pods Frameworks */,
				1997DBF9822075A1B773C64E /* [CP] Copy Pods Resources */,
			);
			buildRules = (
			);
			dependencies = (
				377993491F65F821001B1146 /* PBXTargetDependency */,
			);
			name = TodododoTests;
			productName = TodododoTests;
			productReference = 377993431F65F821001B1146 /* TodododoTests.xctest */;
			productType = "com.apple.product-type.bundle.unit-test";
		};
		377993541F65FD29001B1146 /* TodododoUITests */ = {
			isa = PBXNativeTarget;
			buildConfigurationList = 3779935C1F65FD29001B1146 /* Build configuration list for PBXNativeTarget "TodododoUITests" */;
			buildPhases = (
				E404EEB3C30D023C33D121AA /* [CP] Check Pods Manifest.lock */,
				377993511F65FD29001B1146 /* Sources */,
				377993521F65FD29001B1146 /* Frameworks */,
				377993531F65FD29001B1146 /* Resources */,
				FAC81AC3B79B81A1E05A8D28 /* [CP] Embed Pods Frameworks */,
				5485673D9D094C43C78F67E0 /* [CP] Copy Pods Resources */,
			);
			buildRules = (
			);
			dependencies = (
				3779935B1F65FD29001B1146 /* PBXTargetDependency */,
			);
			name = TodododoUITests;
			productName = TodododoUITests;
			productReference = 377993551F65FD29001B1146 /* TodododoUITests.xctest */;
			productType = "com.apple.product-type.bundle.ui-testing";
		};
		3792EE541F4689D100ACAAAE /* To-Do Widget */ = {
			isa = PBXNativeTarget;
			buildConfigurationList = 3792EE611F4689D100ACAAAE /* Build configuration list for PBXNativeTarget "To-Do Widget" */;
			buildPhases = (
				3819D685345BB598E8148D20 /* [CP] Check Pods Manifest.lock */,
				3792EE511F4689D100ACAAAE /* Sources */,
				3792EE521F4689D100ACAAAE /* Frameworks */,
				3792EE531F4689D100ACAAAE /* Resources */,
				199080623E6583FB837B3F82 /* [CP] Copy Pods Resources */,
			);
			buildRules = (
			);
			dependencies = (
			);
			name = "To-Do Widget";
			productName = "To-Do Widget";
			productReference = 3792EE551F4689D100ACAAAE /* To-Do Widget.appex */;
			productType = "com.apple.product-type.app-extension";
		};
		3792EE901F47816800ACAAAE /* ToDoCoreDataCloudKit */ = {
			isa = PBXNativeTarget;
			buildConfigurationList = 3792EEA81F47816900ACAAAE /* Build configuration list for PBXNativeTarget "ToDoCoreDataCloudKit" */;
			buildPhases = (
				DCE62523CEF5D794A1FC6118 /* [CP] Check Pods Manifest.lock */,
				3792EE8C1F47816800ACAAAE /* Sources */,
				3792EE8D1F47816800ACAAAE /* Frameworks */,
				3792EE8E1F47816800ACAAAE /* Headers */,
				3792EE8F1F47816800ACAAAE /* Resources */,
				67072CB1F4DEE4CA183C33B3 /* [CP] Copy Pods Resources */,
			);
			buildRules = (
			);
			dependencies = (
			);
			name = ToDoCoreDataCloudKit;
			productName = ToDoCoreDataCloudKit;
			productReference = 3792EE911F47816800ACAAAE /* ToDoCoreDataCloudKit.framework */;
			productType = "com.apple.product-type.framework";
		};
		3792EE981F47816900ACAAAE /* ToDoCoreDataCloudKitTests */ = {
			isa = PBXNativeTarget;
			buildConfigurationList = 3792EEAB1F47816900ACAAAE /* Build configuration list for PBXNativeTarget "ToDoCoreDataCloudKitTests" */;
			buildPhases = (
				B24E69D3B44EAF3E0E1B423D /* [CP] Check Pods Manifest.lock */,
				3792EE951F47816900ACAAAE /* Sources */,
				3792EE961F47816900ACAAAE /* Frameworks */,
				3792EE971F47816900ACAAAE /* Resources */,
				94C9DFF5FD9AC76D990C73E0 /* [CP] Embed Pods Frameworks */,
				A8E7BF42067D255A293BB7FE /* [CP] Copy Pods Resources */,
			);
			buildRules = (
			);
			dependencies = (
				3792EE9C1F47816900ACAAAE /* PBXTargetDependency */,
				3792EE9E1F47816900ACAAAE /* PBXTargetDependency */,
			);
			name = ToDoCoreDataCloudKitTests;
			productName = ToDoCoreDataCloudKitTests;
			productReference = 3792EE991F47816900ACAAAE /* ToDoCoreDataCloudKitTests.xctest */;
			productType = "com.apple.product-type.bundle.unit-test";
		};
/* End PBXNativeTarget section */

/* Begin PBXProject section */
		37514AF31EEF736F00D67A6E /* Project object */ = {
			isa = PBXProject;
			attributes = {
				LastSwiftUpdateCheck = 0830;
				LastUpgradeCheck = 0830;
				ORGANIZATIONNAME = "Wismin Effendi";
				TargetAttributes = {
					37514AFA1EEF736F00D67A6E = {
						CreatedOnToolsVersion = 8.3.3;
						DevelopmentTeam = WZFHSP6QD4;
						ProvisioningStyle = Manual;
						SystemCapabilities = {
							com.apple.ApplicationGroups.iOS = {
								enabled = 1;
							};
							com.apple.Push = {
								enabled = 1;
							};
							com.apple.iCloud = {
								enabled = 1;
							};
						};
					};
					377993421F65F821001B1146 = {
						CreatedOnToolsVersion = 8.3.3;
						DevelopmentTeam = WZFHSP6QD4;
						ProvisioningStyle = Automatic;
						TestTargetID = 37514AFA1EEF736F00D67A6E;
					};
					377993541F65FD29001B1146 = {
						CreatedOnToolsVersion = 8.3.3;
						DevelopmentTeam = WZFHSP6QD4;
						ProvisioningStyle = Automatic;
						TestTargetID = 37514AFA1EEF736F00D67A6E;
					};
					3792EE541F4689D100ACAAAE = {
						CreatedOnToolsVersion = 8.3.3;
						DevelopmentTeam = WZFHSP6QD4;
						ProvisioningStyle = Manual;
						SystemCapabilities = {
							com.apple.ApplicationGroups.iOS = {
								enabled = 1;
							};
						};
					};
					3792EE901F47816800ACAAAE = {
						CreatedOnToolsVersion = 8.3.3;
						LastSwiftMigration = 0830;
						ProvisioningStyle = Manual;
					};
					3792EE981F47816900ACAAAE = {
						CreatedOnToolsVersion = 8.3.3;
						DevelopmentTeam = WZFHSP6QD4;
						ProvisioningStyle = Automatic;
						TestTargetID = 37514AFA1EEF736F00D67A6E;
					};
				};
			};
			buildConfigurationList = 37514AF61EEF736F00D67A6E /* Build configuration list for PBXProject "Todododo" */;
			compatibilityVersion = "Xcode 3.2";
			developmentRegion = English;
			hasScannedForEncodings = 0;
			knownRegions = (
				en,
				Base,
				es,
				fr,
			);
			mainGroup = 37514AF21EEF736F00D67A6E;
			productRefGroup = 37514AFC1EEF736F00D67A6E /* Products */;
			projectDirPath = "";
			projectRoot = "";
			targets = (
				37514AFA1EEF736F00D67A6E /* Todododo */,
				3792EE541F4689D100ACAAAE /* To-Do Widget */,
				3792EE901F47816800ACAAAE /* ToDoCoreDataCloudKit */,
				3792EE981F47816900ACAAAE /* ToDoCoreDataCloudKitTests */,
				377993421F65F821001B1146 /* TodododoTests */,
				377993541F65FD29001B1146 /* TodododoUITests */,
			);
		};
/* End PBXProject section */

/* Begin PBXResourcesBuildPhase section */
		37514AF91EEF736F00D67A6E /* Resources */ = {
			isa = PBXResourcesBuildPhase;
			buildActionMask = 2147483647;
			files = (
				37514B0C1EEF736F00D67A6E /* LaunchScreen.storyboard in Resources */,
				378175A91F56412900DCDA80 /* OpenSans-Regular.ttf in Resources */,
				378175A31F56412900DCDA80 /* OpenSans-Italic.ttf in Resources */,
				376C8FB71F5859850014A7ED /* Localizable.strings in Resources */,
				378175AD1F56412900DCDA80 /* OpenSans-SemiBoldItalic.ttf in Resources */,
				378175A11F56412900DCDA80 /* OpenSans-ExtraBoldItalic.ttf in Resources */,
				378175AB1F56412900DCDA80 /* OpenSans-SemiBold.ttf in Resources */,
				372DF32A1F5B84E1005C0D7E /* Settings.bundle in Resources */,
				37514B041EEF736F00D67A6E /* Main.storyboard in Resources */,
				378175A71F56412900DCDA80 /* OpenSans-LightItalic.ttf in Resources */,
				3781759B1F56412900DCDA80 /* OpenSans-Bold.ttf in Resources */,
				37E72D3F1F5BC30C001E3D6C /* licenses.json in Resources */,
				3753BB071F4860C500EBD7CD /* assets.xcassets in Resources */,
				378175A51F56412900DCDA80 /* OpenSans-Light.ttf in Resources */,
				3781759D1F56412900DCDA80 /* OpenSans-BoldItalic.ttf in Resources */,
				3781759F1F56412900DCDA80 /* OpenSans-ExtraBold.ttf in Resources */,
			);
			runOnlyForDeploymentPostprocessing = 0;
		};
		377993411F65F821001B1146 /* Resources */ = {
			isa = PBXResourcesBuildPhase;
			buildActionMask = 2147483647;
			files = (
			);
			runOnlyForDeploymentPostprocessing = 0;
		};
		377993531F65FD29001B1146 /* Resources */ = {
			isa = PBXResourcesBuildPhase;
			buildActionMask = 2147483647;
			files = (
			);
			runOnlyForDeploymentPostprocessing = 0;
		};
		3792EE531F4689D100ACAAAE /* Resources */ = {
			isa = PBXResourcesBuildPhase;
			buildActionMask = 2147483647;
			files = (
				378175AE1F56412900DCDA80 /* OpenSans-SemiBoldItalic.ttf in Resources */,
				378175AA1F56412900DCDA80 /* OpenSans-Regular.ttf in Resources */,
				3753BB081F4860C500EBD7CD /* assets.xcassets in Resources */,
				378175AC1F56412900DCDA80 /* OpenSans-SemiBold.ttf in Resources */,
				378175A21F56412900DCDA80 /* OpenSans-ExtraBoldItalic.ttf in Resources */,
				378175A61F56412900DCDA80 /* OpenSans-Light.ttf in Resources */,
				3792EE5C1F4689D100ACAAAE /* MainInterface.storyboard in Resources */,
				3781759E1F56412900DCDA80 /* OpenSans-BoldItalic.ttf in Resources */,
				3781759C1F56412900DCDA80 /* OpenSans-Bold.ttf in Resources */,
				378175A01F56412900DCDA80 /* OpenSans-ExtraBold.ttf in Resources */,
				378175A41F56412900DCDA80 /* OpenSans-Italic.ttf in Resources */,
				378175A81F56412900DCDA80 /* OpenSans-LightItalic.ttf in Resources */,
			);
			runOnlyForDeploymentPostprocessing = 0;
		};
		3792EE8F1F47816800ACAAAE /* Resources */ = {
			isa = PBXResourcesBuildPhase;
			buildActionMask = 2147483647;
			files = (
			);
			runOnlyForDeploymentPostprocessing = 0;
		};
		3792EE971F47816900ACAAAE /* Resources */ = {
			isa = PBXResourcesBuildPhase;
			buildActionMask = 2147483647;
			files = (
			);
			runOnlyForDeploymentPostprocessing = 0;
		};
/* End PBXResourcesBuildPhase section */

/* Begin PBXShellScriptBuildPhase section */
		048602BE619779CCBDABDF7E /* [CP] Embed Pods Frameworks */ = {
			isa = PBXShellScriptBuildPhase;
			buildActionMask = 2147483647;
			files = (
			);
			inputPaths = (
			);
			name = "[CP] Embed Pods Frameworks";
			outputPaths = (
			);
			runOnlyForDeploymentPostprocessing = 0;
			shellPath = /bin/sh;
			shellScript = "\"${SRCROOT}/Pods/Target Support Files/Pods-TodododoTests/Pods-TodododoTests-frameworks.sh\"\n";
			showEnvVarsInLog = 0;
		};
		199080623E6583FB837B3F82 /* [CP] Copy Pods Resources */ = {
			isa = PBXShellScriptBuildPhase;
			buildActionMask = 2147483647;
			files = (
			);
			inputPaths = (
			);
			name = "[CP] Copy Pods Resources";
			outputPaths = (
			);
			runOnlyForDeploymentPostprocessing = 0;
			shellPath = /bin/sh;
			shellScript = "\"${SRCROOT}/Pods/Target Support Files/Pods-To-Do Widget/Pods-To-Do Widget-resources.sh\"\n";
			showEnvVarsInLog = 0;
		};
		1997DBF9822075A1B773C64E /* [CP] Copy Pods Resources */ = {
			isa = PBXShellScriptBuildPhase;
			buildActionMask = 2147483647;
			files = (
			);
			inputPaths = (
			);
			name = "[CP] Copy Pods Resources";
			outputPaths = (
			);
			runOnlyForDeploymentPostprocessing = 0;
			shellPath = /bin/sh;
			shellScript = "\"${SRCROOT}/Pods/Target Support Files/Pods-TodododoTests/Pods-TodododoTests-resources.sh\"\n";
			showEnvVarsInLog = 0;
		};
		3819D685345BB598E8148D20 /* [CP] Check Pods Manifest.lock */ = {
			isa = PBXShellScriptBuildPhase;
			buildActionMask = 2147483647;
			files = (
			);
			inputPaths = (
			);
			name = "[CP] Check Pods Manifest.lock";
			outputPaths = (
			);
			runOnlyForDeploymentPostprocessing = 0;
			shellPath = /bin/sh;
			shellScript = "diff \"${PODS_PODFILE_DIR_PATH}/Podfile.lock\" \"${PODS_ROOT}/Manifest.lock\" > /dev/null\nif [ $? != 0 ] ; then\n    # print error to STDERR\n    echo \"error: The sandbox is not in sync with the Podfile.lock. Run 'pod install' or update your CocoaPods installation.\" >&2\n    exit 1\nfi\n";
			showEnvVarsInLog = 0;
		};
		41E0ACDF7E3200AE2ACD3009 /* [CP] Embed Pods Frameworks */ = {
			isa = PBXShellScriptBuildPhase;
			buildActionMask = 2147483647;
			files = (
			);
			inputPaths = (
			);
			name = "[CP] Embed Pods Frameworks";
			outputPaths = (
			);
			runOnlyForDeploymentPostprocessing = 0;
			shellPath = /bin/sh;
			shellScript = "\"${SRCROOT}/Pods/Target Support Files/Pods-Todododo/Pods-Todododo-frameworks.sh\"\n";
			showEnvVarsInLog = 0;
		};
		5149EE2F8C6FF8914CD22B47 /* [CP] Copy Pods Resources */ = {
			isa = PBXShellScriptBuildPhase;
			buildActionMask = 2147483647;
			files = (
			);
			inputPaths = (
			);
			name = "[CP] Copy Pods Resources";
			outputPaths = (
			);
			runOnlyForDeploymentPostprocessing = 0;
			shellPath = /bin/sh;
			shellScript = "\"${SRCROOT}/Pods/Target Support Files/Pods-Todododo/Pods-Todododo-resources.sh\"\n";
			showEnvVarsInLog = 0;
		};
		53E663BB33A41F38082D68DF /* [CP] Check Pods Manifest.lock */ = {
			isa = PBXShellScriptBuildPhase;
			buildActionMask = 2147483647;
			files = (
			);
			inputPaths = (
			);
			name = "[CP] Check Pods Manifest.lock";
			outputPaths = (
			);
			runOnlyForDeploymentPostprocessing = 0;
			shellPath = /bin/sh;
			shellScript = "diff \"${PODS_PODFILE_DIR_PATH}/Podfile.lock\" \"${PODS_ROOT}/Manifest.lock\" > /dev/null\nif [ $? != 0 ] ; then\n    # print error to STDERR\n    echo \"error: The sandbox is not in sync with the Podfile.lock. Run 'pod install' or update your CocoaPods installation.\" >&2\n    exit 1\nfi\n";
			showEnvVarsInLog = 0;
		};
		5485673D9D094C43C78F67E0 /* [CP] Copy Pods Resources */ = {
			isa = PBXShellScriptBuildPhase;
			buildActionMask = 2147483647;
			files = (
			);
			inputPaths = (
			);
			name = "[CP] Copy Pods Resources";
			outputPaths = (
			);
			runOnlyForDeploymentPostprocessing = 0;
			shellPath = /bin/sh;
			shellScript = "\"${SRCROOT}/Pods/Target Support Files/Pods-TodododoUITests/Pods-TodododoUITests-resources.sh\"\n";
			showEnvVarsInLog = 0;
		};
		67072CB1F4DEE4CA183C33B3 /* [CP] Copy Pods Resources */ = {
			isa = PBXShellScriptBuildPhase;
			buildActionMask = 2147483647;
			files = (
			);
			inputPaths = (
			);
			name = "[CP] Copy Pods Resources";
			outputPaths = (
			);
			runOnlyForDeploymentPostprocessing = 0;
			shellPath = /bin/sh;
			shellScript = "\"${SRCROOT}/Pods/Target Support Files/Pods-ToDoCoreDataCloudKit/Pods-ToDoCoreDataCloudKit-resources.sh\"\n";
			showEnvVarsInLog = 0;
		};
		94C9DFF5FD9AC76D990C73E0 /* [CP] Embed Pods Frameworks */ = {
			isa = PBXShellScriptBuildPhase;
			buildActionMask = 2147483647;
			files = (
			);
			inputPaths = (
			);
			name = "[CP] Embed Pods Frameworks";
			outputPaths = (
			);
			runOnlyForDeploymentPostprocessing = 0;
			shellPath = /bin/sh;
			shellScript = "\"${SRCROOT}/Pods/Target Support Files/Pods-ToDoCoreDataCloudKitTests/Pods-ToDoCoreDataCloudKitTests-frameworks.sh\"\n";
			showEnvVarsInLog = 0;
		};
		A8E7BF42067D255A293BB7FE /* [CP] Copy Pods Resources */ = {
			isa = PBXShellScriptBuildPhase;
			buildActionMask = 2147483647;
			files = (
			);
			inputPaths = (
			);
			name = "[CP] Copy Pods Resources";
			outputPaths = (
			);
			runOnlyForDeploymentPostprocessing = 0;
			shellPath = /bin/sh;
			shellScript = "\"${SRCROOT}/Pods/Target Support Files/Pods-ToDoCoreDataCloudKitTests/Pods-ToDoCoreDataCloudKitTests-resources.sh\"\n";
			showEnvVarsInLog = 0;
		};
		B24E69D3B44EAF3E0E1B423D /* [CP] Check Pods Manifest.lock */ = {
			isa = PBXShellScriptBuildPhase;
			buildActionMask = 2147483647;
			files = (
			);
			inputPaths = (
			);
			name = "[CP] Check Pods Manifest.lock";
			outputPaths = (
			);
			runOnlyForDeploymentPostprocessing = 0;
			shellPath = /bin/sh;
			shellScript = "diff \"${PODS_PODFILE_DIR_PATH}/Podfile.lock\" \"${PODS_ROOT}/Manifest.lock\" > /dev/null\nif [ $? != 0 ] ; then\n    # print error to STDERR\n    echo \"error: The sandbox is not in sync with the Podfile.lock. Run 'pod install' or update your CocoaPods installation.\" >&2\n    exit 1\nfi\n";
			showEnvVarsInLog = 0;
		};
		BA3B8CE6CA566F21FAA063F2 /* [CP] Check Pods Manifest.lock */ = {
			isa = PBXShellScriptBuildPhase;
			buildActionMask = 2147483647;
			files = (
			);
			inputPaths = (
			);
			name = "[CP] Check Pods Manifest.lock";
			outputPaths = (
			);
			runOnlyForDeploymentPostprocessing = 0;
			shellPath = /bin/sh;
			shellScript = "diff \"${PODS_PODFILE_DIR_PATH}/Podfile.lock\" \"${PODS_ROOT}/Manifest.lock\" > /dev/null\nif [ $? != 0 ] ; then\n    # print error to STDERR\n    echo \"error: The sandbox is not in sync with the Podfile.lock. Run 'pod install' or update your CocoaPods installation.\" >&2\n    exit 1\nfi\n";
			showEnvVarsInLog = 0;
		};
		DCE62523CEF5D794A1FC6118 /* [CP] Check Pods Manifest.lock */ = {
			isa = PBXShellScriptBuildPhase;
			buildActionMask = 2147483647;
			files = (
			);
			inputPaths = (
			);
			name = "[CP] Check Pods Manifest.lock";
			outputPaths = (
			);
			runOnlyForDeploymentPostprocessing = 0;
			shellPath = /bin/sh;
			shellScript = "diff \"${PODS_PODFILE_DIR_PATH}/Podfile.lock\" \"${PODS_ROOT}/Manifest.lock\" > /dev/null\nif [ $? != 0 ] ; then\n    # print error to STDERR\n    echo \"error: The sandbox is not in sync with the Podfile.lock. Run 'pod install' or update your CocoaPods installation.\" >&2\n    exit 1\nfi\n";
			showEnvVarsInLog = 0;
		};
		E404EEB3C30D023C33D121AA /* [CP] Check Pods Manifest.lock */ = {
			isa = PBXShellScriptBuildPhase;
			buildActionMask = 2147483647;
			files = (
			);
			inputPaths = (
			);
			name = "[CP] Check Pods Manifest.lock";
			outputPaths = (
			);
			runOnlyForDeploymentPostprocessing = 0;
			shellPath = /bin/sh;
			shellScript = "diff \"${PODS_PODFILE_DIR_PATH}/Podfile.lock\" \"${PODS_ROOT}/Manifest.lock\" > /dev/null\nif [ $? != 0 ] ; then\n    # print error to STDERR\n    echo \"error: The sandbox is not in sync with the Podfile.lock. Run 'pod install' or update your CocoaPods installation.\" >&2\n    exit 1\nfi\n";
			showEnvVarsInLog = 0;
		};
		FAC81AC3B79B81A1E05A8D28 /* [CP] Embed Pods Frameworks */ = {
			isa = PBXShellScriptBuildPhase;
			buildActionMask = 2147483647;
			files = (
			);
			inputPaths = (
			);
			name = "[CP] Embed Pods Frameworks";
			outputPaths = (
			);
			runOnlyForDeploymentPostprocessing = 0;
			shellPath = /bin/sh;
			shellScript = "\"${SRCROOT}/Pods/Target Support Files/Pods-TodododoUITests/Pods-TodododoUITests-frameworks.sh\"\n";
			showEnvVarsInLog = 0;
		};
/* End PBXShellScriptBuildPhase section */

/* Begin PBXSourcesBuildPhase section */
		37514AF71EEF736F00D67A6E /* Sources */ = {
			isa = PBXSourcesBuildPhase;
			buildActionMask = 2147483647;
			files = (
				3775C0D61F4D05BF002FE84D /* MapViewController.swift in Sources */,
				3753BAC51F47F03A00EBD7CD /* ToDoApp.xcdatamodeld in Sources */,
				379B95401F4F0E2F0075F30B /* LocationTaskTableViewController.swift in Sources */,
				37C16E481F5704F400008C61 /* UpgradeViewController.swift in Sources */,
				37514AFF1EEF736F00D67A6E /* AppDelegate.swift in Sources */,
				37C16E4A1F57050200008C61 /* UpgradeManager.swift in Sources */,
				378DB25D1F0193C300819B6D /* TaskTableViewController.swift in Sources */,
				379EF42D1F1C6B2D0023174A /* Extensions.swift in Sources */,
				379B95451F506ACE0075F30B /* ArchivedTaskTableViewController.swift in Sources */,
				378DB2611F019AE300819B6D /* TaskCell.swift in Sources */,
				3781756E1F5634F900DCDA80 /* StyleManager.swift in Sources */,
				378879341F5F2AA3008ED712 /* AnimatorFactory.swift in Sources */,
				3781756B1F55265C00DCDA80 /* GlobalEnums_and_Strutcs.swift in Sources */,
				3775C0D81F4D05FE002FE84D /* LocationListViewController.swift in Sources */,
				37E72D421F5CE7EA001E3D6C /* CustomTabBarAnimator.swift in Sources */,
				37E72D461F5D0849001E3D6C /* CustomPresentAnimator.swift in Sources */,
				37415B221F576323004EB13D /* LocationCell.swift in Sources */,
				379B953E1F4F0AE30075F30B /* TabBarViewController.swift in Sources */,
				37E72D441F5D0838001E3D6C /* CustomDismissAnimator.swift in Sources */,
				3775C0DC1F4D561C002FE84D /* TaskEditTableViewController.swift in Sources */,
				370FEACD1F539D6F0096AAA5 /* DueDateTaskTableViewController.swift in Sources */,
				37E72D3D1F5BBCC0001E3D6C /* SettingsViewController.swift in Sources */,
			);
			runOnlyForDeploymentPostprocessing = 0;
		};
		3779933F1F65F821001B1146 /* Sources */ = {
			isa = PBXSourcesBuildPhase;
			buildActionMask = 2147483647;
			files = (
				377993461F65F821001B1146 /* TodododoTests.swift in Sources */,
			);
			runOnlyForDeploymentPostprocessing = 0;
		};
		377993511F65FD29001B1146 /* Sources */ = {
			isa = PBXSourcesBuildPhase;
			buildActionMask = 2147483647;
			files = (
				377993581F65FD29001B1146 /* TodododoUITests.swift in Sources */,
			);
			runOnlyForDeploymentPostprocessing = 0;
		};
		3792EE511F4689D100ACAAAE /* Sources */ = {
			isa = PBXSourcesBuildPhase;
			buildActionMask = 2147483647;
			files = (
				3769B3B71F58E11B006D5AF2 /* WidgetTableViewCell.swift in Sources */,
				3792EE591F4689D100ACAAAE /* TodayViewController.swift in Sources */,
				3753BAC41F47F03900EBD7CD /* ToDoApp.xcdatamodeld in Sources */,
			);
			runOnlyForDeploymentPostprocessing = 0;
		};
		3792EE8C1F47816800ACAAAE /* Sources */ = {
			isa = PBXSourcesBuildPhase;
			buildActionMask = 2147483647;
			files = (
				3781756C1F55FF6200DCDA80 /* TaskLocation.swift in Sources */,
				373F9CBB1F54FD0B00D6B26C /* CoreDataHelper.swift in Sources */,
				3792EEB31F478D6200ACAAAE /* ToDoApp.xcdatamodeld in Sources */,
				3792EEB11F47889E00ACAAAE /* Sample.swift in Sources */,
				373F9CB91F54FCF600D6B26C /* CloudKitHelper.swift in Sources */,
				3792EEBB1F47A55700ACAAAE /* Task+CoreDataClass.swift in Sources */,
				3775C0D31F4CAF72002FE84D /* LocationAnnotation+CoreDataClass.swift in Sources */,
				3792EEB51F478D6F00ACAAAE /* Task+CoreDataProperties.swift in Sources */,
				3775C0D41F4CAF72002FE84D /* LocationAnnotation+CoreDataProperties.swift in Sources */,
				373F9CB81F54FC6F00D6B26C /* GlobalEnums_and_Strutcs.swift in Sources */,
				373F9CBA1F54FCFF00D6B26C /* CoreDataUtil.swift in Sources */,
				379B95431F4F66D40075F30B /* DateUtil.swift in Sources */,
				3792EEB21F4789D500ACAAAE /* CoreDataStack.swift in Sources */,
				373F9CB71F54B76800D6B26C /* ChangeToken+CoreDataProperties.swift in Sources */,
				3792EEB61F478D9F00ACAAAE /* Constants.swift in Sources */,
				373F9CB61F54B76800D6B26C /* ChangeToken+CoreDataClass.swift in Sources */,
				373F9CBC1F55087200D6B26C /* Predicates.swift in Sources */,
			);
			runOnlyForDeploymentPostprocessing = 0;
		};
		3792EE951F47816900ACAAAE /* Sources */ = {
			isa = PBXSourcesBuildPhase;
			buildActionMask = 2147483647;
			files = (
				3792EEA11F47816900ACAAAE /* ToDoCoreDataCloudKitTests.swift in Sources */,
			);
			runOnlyForDeploymentPostprocessing = 0;
		};
/* End PBXSourcesBuildPhase section */

/* Begin PBXTargetDependency section */
		377993491F65F821001B1146 /* PBXTargetDependency */ = {
			isa = PBXTargetDependency;
			target = 37514AFA1EEF736F00D67A6E /* Todododo */;
			targetProxy = 377993481F65F821001B1146 /* PBXContainerItemProxy */;
		};
		3779935B1F65FD29001B1146 /* PBXTargetDependency */ = {
			isa = PBXTargetDependency;
			target = 37514AFA1EEF736F00D67A6E /* Todododo */;
			targetProxy = 3779935A1F65FD29001B1146 /* PBXContainerItemProxy */;
		};
		3792EE5F1F4689D100ACAAAE /* PBXTargetDependency */ = {
			isa = PBXTargetDependency;
			target = 3792EE541F4689D100ACAAAE /* To-Do Widget */;
			targetProxy = 3792EE5E1F4689D100ACAAAE /* PBXContainerItemProxy */;
		};
		3792EE9C1F47816900ACAAAE /* PBXTargetDependency */ = {
			isa = PBXTargetDependency;
			target = 3792EE901F47816800ACAAAE /* ToDoCoreDataCloudKit */;
			targetProxy = 3792EE9B1F47816900ACAAAE /* PBXContainerItemProxy */;
		};
		3792EE9E1F47816900ACAAAE /* PBXTargetDependency */ = {
			isa = PBXTargetDependency;
			target = 37514AFA1EEF736F00D67A6E /* Todododo */;
			targetProxy = 3792EE9D1F47816900ACAAAE /* PBXContainerItemProxy */;
		};
		3792EEA51F47816900ACAAAE /* PBXTargetDependency */ = {
			isa = PBXTargetDependency;
			target = 3792EE901F47816800ACAAAE /* ToDoCoreDataCloudKit */;
			targetProxy = 3792EEA41F47816900ACAAAE /* PBXContainerItemProxy */;
		};
/* End PBXTargetDependency section */

/* Begin PBXVariantGroup section */
		37514B021EEF736F00D67A6E /* Main.storyboard */ = {
			isa = PBXVariantGroup;
			children = (
				37514B031EEF736F00D67A6E /* Base */,
				376C8FA91F5833660014A7ED /* de */,
				376C8FAC1F5833750014A7ED /* es */,
				376C8FB21F5833A70014A7ED /* fr */,
				371C3EE71F5EFC1E00BE4CDE /* en */,
			);
			name = Main.storyboard;
			sourceTree = "<group>";
		};
		37514B0A1EEF736F00D67A6E /* LaunchScreen.storyboard */ = {
			isa = PBXVariantGroup;
			children = (
				37514B0B1EEF736F00D67A6E /* Base */,
				376C8FAA1F5833670014A7ED /* de */,
				376C8FAD1F58337A0014A7ED /* es */,
				376C8FB31F5833A70014A7ED /* fr */,
			);
			name = LaunchScreen.storyboard;
			sourceTree = "<group>";
		};
		376C8FB91F5859850014A7ED /* Localizable.strings */ = {
			isa = PBXVariantGroup;
			children = (
				376C8FB81F5859850014A7ED /* de */,
				376C8FBA1F58598B0014A7ED /* en */,
				376C8FBB1F58598D0014A7ED /* es */,
				376C8FBC1F58598E0014A7ED /* fr */,
			);
			name = Localizable.strings;
			sourceTree = "<group>";
		};
		3792EE5A1F4689D100ACAAAE /* MainInterface.storyboard */ = {
			isa = PBXVariantGroup;
			children = (
				3792EE5B1F4689D100ACAAAE /* Base */,
				376C8FAB1F5833670014A7ED /* de */,
				376C8FAE1F58337A0014A7ED /* es */,
				376C8FB41F5833A70014A7ED /* fr */,
			);
			name = MainInterface.storyboard;
			sourceTree = "<group>";
		};
/* End PBXVariantGroup section */

/* Begin XCBuildConfiguration section */
		37514B241EEF736F00D67A6E /* Debug */ = {
			isa = XCBuildConfiguration;
			buildSettings = {
				ALWAYS_SEARCH_USER_PATHS = NO;
				CLANG_ANALYZER_LOCALIZABILITY_NONLOCALIZED = YES;
				CLANG_ANALYZER_NONNULL = YES;
				CLANG_ANALYZER_NUMBER_OBJECT_CONVERSION = YES_AGGRESSIVE;
				CLANG_CXX_LANGUAGE_STANDARD = "gnu++0x";
				CLANG_CXX_LIBRARY = "libc++";
				CLANG_ENABLE_MODULES = YES;
				CLANG_ENABLE_OBJC_ARC = YES;
				CLANG_MODULES_AUTOLINK = NO;
				CLANG_WARN_BOOL_CONVERSION = YES;
				CLANG_WARN_CONSTANT_CONVERSION = YES;
				CLANG_WARN_DIRECT_OBJC_ISA_USAGE = YES_ERROR;
				CLANG_WARN_DOCUMENTATION_COMMENTS = YES;
				CLANG_WARN_EMPTY_BODY = YES;
				CLANG_WARN_ENUM_CONVERSION = YES;
				CLANG_WARN_INFINITE_RECURSION = YES;
				CLANG_WARN_INT_CONVERSION = YES;
				CLANG_WARN_OBJC_ROOT_CLASS = YES_ERROR;
				CLANG_WARN_SUSPICIOUS_MOVE = YES;
				CLANG_WARN_UNREACHABLE_CODE = YES;
				CLANG_WARN__DUPLICATE_METHOD_MATCH = YES;
				"CODE_SIGN_IDENTITY[sdk=iphoneos*]" = "iPhone Developer";
				COPY_PHASE_STRIP = NO;
				DEBUG_INFORMATION_FORMAT = dwarf;
				ENABLE_STRICT_OBJC_MSGSEND = YES;
				ENABLE_TESTABILITY = YES;
				GCC_C_LANGUAGE_STANDARD = gnu99;
				GCC_DYNAMIC_NO_PIC = NO;
				GCC_NO_COMMON_BLOCKS = YES;
				GCC_OPTIMIZATION_LEVEL = 0;
				GCC_PREPROCESSOR_DEFINITIONS = (
					"DEBUG=1",
					"$(inherited)",
				);
				GCC_WARN_64_TO_32_BIT_CONVERSION = YES;
				GCC_WARN_ABOUT_RETURN_TYPE = YES_ERROR;
				GCC_WARN_UNDECLARED_SELECTOR = YES;
				GCC_WARN_UNINITIALIZED_AUTOS = YES_AGGRESSIVE;
				GCC_WARN_UNUSED_FUNCTION = YES;
				GCC_WARN_UNUSED_VARIABLE = YES;
				IPHONEOS_DEPLOYMENT_TARGET = 10.3;
				MTL_ENABLE_DEBUG_INFO = YES;
				ONLY_ACTIVE_ARCH = YES;
				SDKROOT = iphoneos;
				SWIFT_ACTIVE_COMPILATION_CONDITIONS = DEBUG;
				SWIFT_OPTIMIZATION_LEVEL = "-Onone";
				TARGETED_DEVICE_FAMILY = "1,2";
			};
			name = Debug;
		};
		37514B251EEF736F00D67A6E /* Release */ = {
			isa = XCBuildConfiguration;
			buildSettings = {
				ALWAYS_SEARCH_USER_PATHS = NO;
				CLANG_ANALYZER_LOCALIZABILITY_NONLOCALIZED = YES;
				CLANG_ANALYZER_NONNULL = YES;
				CLANG_ANALYZER_NUMBER_OBJECT_CONVERSION = YES_AGGRESSIVE;
				CLANG_CXX_LANGUAGE_STANDARD = "gnu++0x";
				CLANG_CXX_LIBRARY = "libc++";
				CLANG_ENABLE_MODULES = YES;
				CLANG_ENABLE_OBJC_ARC = YES;
				CLANG_MODULES_AUTOLINK = NO;
				CLANG_WARN_BOOL_CONVERSION = YES;
				CLANG_WARN_CONSTANT_CONVERSION = YES;
				CLANG_WARN_DIRECT_OBJC_ISA_USAGE = YES_ERROR;
				CLANG_WARN_DOCUMENTATION_COMMENTS = YES;
				CLANG_WARN_EMPTY_BODY = YES;
				CLANG_WARN_ENUM_CONVERSION = YES;
				CLANG_WARN_INFINITE_RECURSION = YES;
				CLANG_WARN_INT_CONVERSION = YES;
				CLANG_WARN_OBJC_ROOT_CLASS = YES_ERROR;
				CLANG_WARN_SUSPICIOUS_MOVE = YES;
				CLANG_WARN_UNREACHABLE_CODE = YES;
				CLANG_WARN__DUPLICATE_METHOD_MATCH = YES;
				"CODE_SIGN_IDENTITY[sdk=iphoneos*]" = "iPhone Developer";
				COPY_PHASE_STRIP = NO;
				DEBUG_INFORMATION_FORMAT = "dwarf-with-dsym";
				ENABLE_NS_ASSERTIONS = NO;
				ENABLE_STRICT_OBJC_MSGSEND = YES;
				GCC_C_LANGUAGE_STANDARD = gnu99;
				GCC_NO_COMMON_BLOCKS = YES;
				GCC_WARN_64_TO_32_BIT_CONVERSION = YES;
				GCC_WARN_ABOUT_RETURN_TYPE = YES_ERROR;
				GCC_WARN_UNDECLARED_SELECTOR = YES;
				GCC_WARN_UNINITIALIZED_AUTOS = YES_AGGRESSIVE;
				GCC_WARN_UNUSED_FUNCTION = YES;
				GCC_WARN_UNUSED_VARIABLE = YES;
				IPHONEOS_DEPLOYMENT_TARGET = 10.3;
				MTL_ENABLE_DEBUG_INFO = NO;
				ONLY_ACTIVE_ARCH = YES;
				SDKROOT = iphoneos;
				SWIFT_OPTIMIZATION_LEVEL = "-Owholemodule";
				TARGETED_DEVICE_FAMILY = "1,2";
				VALIDATE_PRODUCT = YES;
			};
			name = Release;
		};
		37514B271EEF736F00D67A6E /* Debug */ = {
			isa = XCBuildConfiguration;
			baseConfigurationReference = 074FB20D39715E2898A13370 /* Pods-Todododo.debug.xcconfig */;
			buildSettings = {
				ALWAYS_EMBED_SWIFT_STANDARD_LIBRARIES = YES;
				ASSETCATALOG_COMPILER_APPICON_NAME = AppIcon;
				CODE_SIGN_ENTITLEMENTS = "To-Do App/To-Do App.entitlements";
				"CODE_SIGN_IDENTITY[sdk=iphoneos*]" = "iPhone Distribution";
				DEVELOPMENT_TEAM = WZFHSP6QD4;
				INFOPLIST_FILE = "To-Do App/Info.plist";
				LD_RUNPATH_SEARCH_PATHS = "$(inherited) @executable_path/Frameworks";
				PRODUCT_BUNDLE_IDENTIFIER = ninja.pragprog.Todododo;
				PRODUCT_NAME = "$(TARGET_NAME)";
				PROVISIONING_PROFILE = "700daab0-f1f4-4013-a702-a84ba348cacd";
				PROVISIONING_PROFILE_SPECIFIER = "Todododo - Distribution";
				SWIFT_VERSION = 3.0;
			};
			name = Debug;
		};
		37514B281EEF736F00D67A6E /* Release */ = {
			isa = XCBuildConfiguration;
			baseConfigurationReference = 8C635B8B05D359681A26F42E /* Pods-Todododo.release.xcconfig */;
			buildSettings = {
				ALWAYS_EMBED_SWIFT_STANDARD_LIBRARIES = YES;
				ASSETCATALOG_COMPILER_APPICON_NAME = AppIcon;
				CODE_SIGN_ENTITLEMENTS = "To-Do App/To-Do App.entitlements";
				"CODE_SIGN_IDENTITY[sdk=iphoneos*]" = "iPhone Distribution";
				DEVELOPMENT_TEAM = WZFHSP6QD4;
				INFOPLIST_FILE = "To-Do App/Info.plist";
				LD_RUNPATH_SEARCH_PATHS = "$(inherited) @executable_path/Frameworks";
				PRODUCT_BUNDLE_IDENTIFIER = ninja.pragprog.Todododo;
				PRODUCT_NAME = "$(TARGET_NAME)";
				PROVISIONING_PROFILE = "700daab0-f1f4-4013-a702-a84ba348cacd";
				PROVISIONING_PROFILE_SPECIFIER = "Todododo - Distribution";
				SWIFT_VERSION = 3.0;
			};
			name = Release;
		};
		3779934B1F65F821001B1146 /* Debug */ = {
			isa = XCBuildConfiguration;
			baseConfigurationReference = CA4F3D4F187479638F1E52AF /* Pods-TodododoTests.debug.xcconfig */;
			buildSettings = {
				BUNDLE_LOADER = "$(TEST_HOST)";
				DEVELOPMENT_TEAM = WZFHSP6QD4;
				INFOPLIST_FILE = TodododoTests/Info.plist;
				LD_RUNPATH_SEARCH_PATHS = "$(inherited) @executable_path/Frameworks @loader_path/Frameworks";
				PRODUCT_BUNDLE_IDENTIFIER = ninja.pragprog.TodododoTests;
				PRODUCT_NAME = "$(TARGET_NAME)";
				SWIFT_VERSION = 3.0;
				TEST_HOST = "$(BUILT_PRODUCTS_DIR)/Todododo.app/Todododo";
			};
			name = Debug;
		};
		3779934C1F65F821001B1146 /* Release */ = {
			isa = XCBuildConfiguration;
			baseConfigurationReference = 1A33C6180E14810A1CA1C10F /* Pods-TodododoTests.release.xcconfig */;
			buildSettings = {
				BUNDLE_LOADER = "$(TEST_HOST)";
				DEVELOPMENT_TEAM = WZFHSP6QD4;
				INFOPLIST_FILE = TodododoTests/Info.plist;
				LD_RUNPATH_SEARCH_PATHS = "$(inherited) @executable_path/Frameworks @loader_path/Frameworks";
				PRODUCT_BUNDLE_IDENTIFIER = ninja.pragprog.TodododoTests;
				PRODUCT_NAME = "$(TARGET_NAME)";
				SWIFT_VERSION = 3.0;
				TEST_HOST = "$(BUILT_PRODUCTS_DIR)/Todododo.app/Todododo";
			};
			name = Release;
		};
		3779935D1F65FD29001B1146 /* Debug */ = {
			isa = XCBuildConfiguration;
			baseConfigurationReference = 22E681AA5D0AB224F03EC1A9 /* Pods-TodododoUITests.debug.xcconfig */;
			buildSettings = {
				DEVELOPMENT_TEAM = WZFHSP6QD4;
				INFOPLIST_FILE = TodododoUITests/Info.plist;
				LD_RUNPATH_SEARCH_PATHS = "$(inherited) @executable_path/Frameworks @loader_path/Frameworks";
				PRODUCT_BUNDLE_IDENTIFIER = ninja.pragprog.TodododoUITests;
				PRODUCT_NAME = "$(TARGET_NAME)";
				PROVISIONING_PROFILE = "700daab0-f1f4-4013-a702-a84ba348cacd";
				SWIFT_VERSION = 3.0;
				TEST_TARGET_NAME = Todododo;
			};
			name = Debug;
		};
		3779935E1F65FD29001B1146 /* Release */ = {
			isa = XCBuildConfiguration;
			baseConfigurationReference = 3FF1CED171A647A0FB49C8EE /* Pods-TodododoUITests.release.xcconfig */;
			buildSettings = {
				DEVELOPMENT_TEAM = WZFHSP6QD4;
				INFOPLIST_FILE = TodododoUITests/Info.plist;
				LD_RUNPATH_SEARCH_PATHS = "$(inherited) @executable_path/Frameworks @loader_path/Frameworks";
				PRODUCT_BUNDLE_IDENTIFIER = ninja.pragprog.TodododoUITests;
				PRODUCT_NAME = "$(TARGET_NAME)";
				PROVISIONING_PROFILE = "700daab0-f1f4-4013-a702-a84ba348cacd";
				SWIFT_VERSION = 3.0;
				TEST_TARGET_NAME = Todododo;
			};
			name = Release;
		};
		3792EE621F4689D100ACAAAE /* Debug */ = {
			isa = XCBuildConfiguration;
			baseConfigurationReference = B7E2332579757B52F52B54C1 /* Pods-To-Do Widget.debug.xcconfig */;
			buildSettings = {
				CODE_SIGN_ENTITLEMENTS = "To-Do Widget/To-Do Widget.entitlements";
				"CODE_SIGN_IDENTITY[sdk=iphoneos*]" = "iPhone Distribution";
				DEVELOPMENT_TEAM = WZFHSP6QD4;
				INFOPLIST_FILE = "To-Do Widget/Info.plist";
				LD_RUNPATH_SEARCH_PATHS = "$(inherited) @executable_path/Frameworks @executable_path/../../Frameworks";
				PRODUCT_BUNDLE_IDENTIFIER = ninja.pragprog.Todododo.ToDoWidget;
				PRODUCT_NAME = "$(TARGET_NAME)";
				PROVISIONING_PROFILE = "74ea7194-9e35-4df1-842b-d6063a5e44f4";
				PROVISIONING_PROFILE_SPECIFIER = "Todododo Widget - Distribution";
				SKIP_INSTALL = YES;
				SWIFT_VERSION = 3.0;
			};
			name = Debug;
		};
		3792EE631F4689D100ACAAAE /* Release */ = {
			isa = XCBuildConfiguration;
			baseConfigurationReference = 3050C6C3417098D41122A9B5 /* Pods-To-Do Widget.release.xcconfig */;
			buildSettings = {
				CODE_SIGN_ENTITLEMENTS = "To-Do Widget/To-Do Widget.entitlements";
				"CODE_SIGN_IDENTITY[sdk=iphoneos*]" = "iPhone Distribution";
				DEVELOPMENT_TEAM = WZFHSP6QD4;
				INFOPLIST_FILE = "To-Do Widget/Info.plist";
				LD_RUNPATH_SEARCH_PATHS = "$(inherited) @executable_path/Frameworks @executable_path/../../Frameworks";
				PRODUCT_BUNDLE_IDENTIFIER = ninja.pragprog.Todododo.ToDoWidget;
				PRODUCT_NAME = "$(TARGET_NAME)";
				PROVISIONING_PROFILE = "74ea7194-9e35-4df1-842b-d6063a5e44f4";
				PROVISIONING_PROFILE_SPECIFIER = "Todododo Widget - Distribution";
				SKIP_INSTALL = YES;
				SWIFT_VERSION = 3.0;
			};
			name = Release;
		};
		3792EEA91F47816900ACAAAE /* Debug */ = {
			isa = XCBuildConfiguration;
			baseConfigurationReference = D4CA7C22DD5E5AA7ECE13B98 /* Pods-ToDoCoreDataCloudKit.debug.xcconfig */;
			buildSettings = {
				APPLICATION_EXTENSION_API_ONLY = YES;
				CLANG_ENABLE_MODULES = YES;
				CODE_SIGN_IDENTITY = "";
				"CODE_SIGN_IDENTITY[sdk=iphoneos*]" = "";
				CURRENT_PROJECT_VERSION = 1;
				DEFINES_MODULE = YES;
				DEVELOPMENT_TEAM = "";
				DYLIB_COMPATIBILITY_VERSION = 1;
				DYLIB_CURRENT_VERSION = 1;
				DYLIB_INSTALL_NAME_BASE = "@rpath";
				FRAMEWORK_SEARCH_PATHS = (
					"$(inherited)",
					"$(PROJECT_DIR)/ToDoCoreDataCloudKit",
				);
				INFOPLIST_FILE = ToDoCoreDataCloudKit/Info.plist;
				INSTALL_PATH = "$(LOCAL_LIBRARY_DIR)/Frameworks";
				LD_RUNPATH_SEARCH_PATHS = "$(inherited) @executable_path/Frameworks @loader_path/Frameworks";
				PRODUCT_BUNDLE_IDENTIFIER = ninja.pragprog.ToDoCoreDataCloudKit;
				PRODUCT_NAME = "$(TARGET_NAME)";
				PROVISIONING_PROFILE = "700daab0-f1f4-4013-a702-a84ba348cacd";
				PROVISIONING_PROFILE_SPECIFIER = "";
				SKIP_INSTALL = YES;
				SWIFT_OPTIMIZATION_LEVEL = "-Onone";
				SWIFT_VERSION = 3.0;
				VERSIONING_SYSTEM = "apple-generic";
				VERSION_INFO_PREFIX = "";
			};
			name = Debug;
		};
		3792EEAA1F47816900ACAAAE /* Release */ = {
			isa = XCBuildConfiguration;
			baseConfigurationReference = 96317FB0C47046AAA0CD18B6 /* Pods-ToDoCoreDataCloudKit.release.xcconfig */;
			buildSettings = {
				APPLICATION_EXTENSION_API_ONLY = YES;
				CLANG_ENABLE_MODULES = YES;
				CODE_SIGN_IDENTITY = "";
				"CODE_SIGN_IDENTITY[sdk=iphoneos*]" = "";
				CURRENT_PROJECT_VERSION = 1;
				DEFINES_MODULE = YES;
				DEVELOPMENT_TEAM = "";
				DYLIB_COMPATIBILITY_VERSION = 1;
				DYLIB_CURRENT_VERSION = 1;
				DYLIB_INSTALL_NAME_BASE = "@rpath";
				FRAMEWORK_SEARCH_PATHS = (
					"$(inherited)",
					"$(PROJECT_DIR)/ToDoCoreDataCloudKit",
				);
				INFOPLIST_FILE = ToDoCoreDataCloudKit/Info.plist;
				INSTALL_PATH = "$(LOCAL_LIBRARY_DIR)/Frameworks";
				LD_RUNPATH_SEARCH_PATHS = "$(inherited) @executable_path/Frameworks @loader_path/Frameworks";
				PRODUCT_BUNDLE_IDENTIFIER = ninja.pragprog.ToDoCoreDataCloudKit;
				PRODUCT_NAME = "$(TARGET_NAME)";
				PROVISIONING_PROFILE = "700daab0-f1f4-4013-a702-a84ba348cacd";
				PROVISIONING_PROFILE_SPECIFIER = "";
				SKIP_INSTALL = YES;
				SWIFT_VERSION = 3.0;
				VERSIONING_SYSTEM = "apple-generic";
				VERSION_INFO_PREFIX = "";
			};
			name = Release;
		};
		3792EEAC1F47816900ACAAAE /* Debug */ = {
			isa = XCBuildConfiguration;
			baseConfigurationReference = 4153C11E96D8E28518C5B2E8 /* Pods-ToDoCoreDataCloudKitTests.debug.xcconfig */;
			buildSettings = {
				ALWAYS_EMBED_SWIFT_STANDARD_LIBRARIES = YES;
				DEVELOPMENT_TEAM = WZFHSP6QD4;
				INFOPLIST_FILE = ToDoCoreDataCloudKitTests/Info.plist;
				LD_RUNPATH_SEARCH_PATHS = "$(inherited) @executable_path/Frameworks @loader_path/Frameworks";
				PRODUCT_BUNDLE_IDENTIFIER = ninja.pragprog.ToDoCoreDataCloudKitTests;
				PRODUCT_NAME = "$(TARGET_NAME)";
				SWIFT_VERSION = 3.0;
				TEST_HOST = "$(BUILT_PRODUCTS_DIR)/Todododo.app/Todododo";
			};
			name = Debug;
		};
		3792EEAD1F47816900ACAAAE /* Release */ = {
			isa = XCBuildConfiguration;
			baseConfigurationReference = D6D8930A000BF1AD57F89F64 /* Pods-ToDoCoreDataCloudKitTests.release.xcconfig */;
			buildSettings = {
				ALWAYS_EMBED_SWIFT_STANDARD_LIBRARIES = YES;
				DEVELOPMENT_TEAM = WZFHSP6QD4;
				INFOPLIST_FILE = ToDoCoreDataCloudKitTests/Info.plist;
				LD_RUNPATH_SEARCH_PATHS = "$(inherited) @executable_path/Frameworks @loader_path/Frameworks";
				PRODUCT_BUNDLE_IDENTIFIER = ninja.pragprog.ToDoCoreDataCloudKitTests;
				PRODUCT_NAME = "$(TARGET_NAME)";
				SWIFT_VERSION = 3.0;
				TEST_HOST = "$(BUILT_PRODUCTS_DIR)/Todododo.app/Todododo";
			};
			name = Release;
		};
/* End XCBuildConfiguration section */

/* Begin XCConfigurationList section */
		37514AF61EEF736F00D67A6E /* Build configuration list for PBXProject "Todododo" */ = {
			isa = XCConfigurationList;
			buildConfigurations = (
				37514B241EEF736F00D67A6E /* Debug */,
				37514B251EEF736F00D67A6E /* Release */,
			);
			defaultConfigurationIsVisible = 0;
			defaultConfigurationName = Release;
		};
		37514B261EEF736F00D67A6E /* Build configuration list for PBXNativeTarget "Todododo" */ = {
			isa = XCConfigurationList;
			buildConfigurations = (
				37514B271EEF736F00D67A6E /* Debug */,
				37514B281EEF736F00D67A6E /* Release */,
			);
			defaultConfigurationIsVisible = 0;
			defaultConfigurationName = Release;
		};
		3779934A1F65F821001B1146 /* Build configuration list for PBXNativeTarget "TodododoTests" */ = {
			isa = XCConfigurationList;
			buildConfigurations = (
				3779934B1F65F821001B1146 /* Debug */,
				3779934C1F65F821001B1146 /* Release */,
			);
			defaultConfigurationIsVisible = 0;
			defaultConfigurationName = Release;
		};
		3779935C1F65FD29001B1146 /* Build configuration list for PBXNativeTarget "TodododoUITests" */ = {
			isa = XCConfigurationList;
			buildConfigurations = (
				3779935D1F65FD29001B1146 /* Debug */,
				3779935E1F65FD29001B1146 /* Release */,
			);
			defaultConfigurationIsVisible = 0;
			defaultConfigurationName = Release;
		};
		3792EE611F4689D100ACAAAE /* Build configuration list for PBXNativeTarget "To-Do Widget" */ = {
			isa = XCConfigurationList;
			buildConfigurations = (
				3792EE621F4689D100ACAAAE /* Debug */,
				3792EE631F4689D100ACAAAE /* Release */,
			);
			defaultConfigurationIsVisible = 0;
			defaultConfigurationName = Release;
		};
		3792EEA81F47816900ACAAAE /* Build configuration list for PBXNativeTarget "ToDoCoreDataCloudKit" */ = {
			isa = XCConfigurationList;
			buildConfigurations = (
				3792EEA91F47816900ACAAAE /* Debug */,
				3792EEAA1F47816900ACAAAE /* Release */,
			);
			defaultConfigurationIsVisible = 0;
			defaultConfigurationName = Release;
		};
		3792EEAB1F47816900ACAAAE /* Build configuration list for PBXNativeTarget "ToDoCoreDataCloudKitTests" */ = {
			isa = XCConfigurationList;
			buildConfigurations = (
				3792EEAC1F47816900ACAAAE /* Debug */,
				3792EEAD1F47816900ACAAAE /* Release */,
			);
			defaultConfigurationIsVisible = 0;
			defaultConfigurationName = Release;
		};
/* End XCConfigurationList section */

/* Begin XCVersionGroup section */
		37514B051EEF736F00D67A6E /* ToDoApp.xcdatamodeld */ = {
			isa = XCVersionGroup;
			children = (
				37514B061EEF736F00D67A6E /* ToDoApp.xcdatamodel */,
			);
			currentVersion = 37514B061EEF736F00D67A6E /* ToDoApp.xcdatamodel */;
			name = ToDoApp.xcdatamodeld;
			path = "../To-Do App/ToDoApp.xcdatamodeld";
			sourceTree = "<group>";
			versionGroupType = wrapper.xcdatamodel;
		};
/* End XCVersionGroup section */
	};
	rootObject = 37514AF31EEF736F00D67A6E /* Project object */;
}
