// !$*UTF8*$!
{
	archiveVersion = 1;
	classes = {
	};
	objectVersion = 46;
	objects = {

/* Begin PBXBuildFile section */
		0099411CE412B8BCB2D63107 /* Pods_To_Do_AppTests.framework in Frameworks */ = {isa = PBXBuildFile; fileRef = 79890C53A77AE37967FE0961 /* Pods_To_Do_AppTests.framework */; };
		371F4BB31F4E773D00BFCF93 /* SwiftDate.framework in Frameworks */ = {isa = PBXBuildFile; fileRef = 371F4BB21F4E773D00BFCF93 /* SwiftDate.framework */; };
		37514AFF1EEF736F00D67A6E /* AppDelegate.swift in Sources */ = {isa = PBXBuildFile; fileRef = 37514AFE1EEF736F00D67A6E /* AppDelegate.swift */; };
		37514B041EEF736F00D67A6E /* Main.storyboard in Resources */ = {isa = PBXBuildFile; fileRef = 37514B021EEF736F00D67A6E /* Main.storyboard */; };
		37514B0C1EEF736F00D67A6E /* LaunchScreen.storyboard in Resources */ = {isa = PBXBuildFile; fileRef = 37514B0A1EEF736F00D67A6E /* LaunchScreen.storyboard */; };
		37514B171EEF736F00D67A6E /* To_Do_AppTests.swift in Sources */ = {isa = PBXBuildFile; fileRef = 37514B161EEF736F00D67A6E /* To_Do_AppTests.swift */; };
		37514B221EEF736F00D67A6E /* To_Do_AppUITests.swift in Sources */ = {isa = PBXBuildFile; fileRef = 37514B211EEF736F00D67A6E /* To_Do_AppUITests.swift */; };
		37514B301EEF80AF00D67A6E /* ToDoCategoryCell.swift in Sources */ = {isa = PBXBuildFile; fileRef = 37514B2F1EEF80AF00D67A6E /* ToDoCategoryCell.swift */; };
		37514B321EEF811F00D67A6E /* Photo.swift in Sources */ = {isa = PBXBuildFile; fileRef = 37514B311EEF811F00D67A6E /* Photo.swift */; };
		37514B361EEF8BA700D67A6E /* ToDoCategoryViewController.swift in Sources */ = {isa = PBXBuildFile; fileRef = 37514B351EEF8BA700D67A6E /* ToDoCategoryViewController.swift */; };
		3753BAC41F47F03900EBD7CD /* ToDoApp.xcdatamodeld in Sources */ = {isa = PBXBuildFile; fileRef = 37514B051EEF736F00D67A6E /* ToDoApp.xcdatamodeld */; };
		3753BAC51F47F03A00EBD7CD /* ToDoApp.xcdatamodeld in Sources */ = {isa = PBXBuildFile; fileRef = 37514B051EEF736F00D67A6E /* ToDoApp.xcdatamodeld */; };
		3753BB071F4860C500EBD7CD /* assets.xcassets in Resources */ = {isa = PBXBuildFile; fileRef = 3753BB061F4860C500EBD7CD /* assets.xcassets */; };
		3753BB081F4860C500EBD7CD /* assets.xcassets in Resources */ = {isa = PBXBuildFile; fileRef = 3753BB061F4860C500EBD7CD /* assets.xcassets */; };
		3775C0D31F4CAF72002FE84D /* LocationAnnotation+CoreDataClass.swift in Sources */ = {isa = PBXBuildFile; fileRef = 3775C0D11F4CAF72002FE84D /* LocationAnnotation+CoreDataClass.swift */; };
		3775C0D41F4CAF72002FE84D /* LocationAnnotation+CoreDataProperties.swift in Sources */ = {isa = PBXBuildFile; fileRef = 3775C0D21F4CAF72002FE84D /* LocationAnnotation+CoreDataProperties.swift */; };
		3775C0D61F4D05BF002FE84D /* MapViewController.swift in Sources */ = {isa = PBXBuildFile; fileRef = 3775C0D51F4D05BF002FE84D /* MapViewController.swift */; };
		3775C0D81F4D05FE002FE84D /* LocationListViewController.swift in Sources */ = {isa = PBXBuildFile; fileRef = 3775C0D71F4D05FE002FE84D /* LocationListViewController.swift */; };
		3775C0DA1F4D062E002FE84D /* TaskLocation.swift in Sources */ = {isa = PBXBuildFile; fileRef = 3775C0D91F4D062E002FE84D /* TaskLocation.swift */; };
		3775C0DC1F4D561C002FE84D /* TaskEditTableViewController.swift in Sources */ = {isa = PBXBuildFile; fileRef = 3775C0DB1F4D561C002FE84D /* TaskEditTableViewController.swift */; };
		3775C0DE1F4E3ABC002FE84D /* CoreDateUtil.swift in Sources */ = {isa = PBXBuildFile; fileRef = 3775C0DD1F4E3ABC002FE84D /* CoreDateUtil.swift */; };
		378DB25D1F0193C300819B6D /* TaskTableViewController.swift in Sources */ = {isa = PBXBuildFile; fileRef = 378DB25C1F0193C300819B6D /* TaskTableViewController.swift */; };
		378DB25F1F0194AE00819B6D /* OLD_TaskViewController.swift in Sources */ = {isa = PBXBuildFile; fileRef = 378DB25E1F0194AE00819B6D /* OLD_TaskViewController.swift */; };
		378DB2611F019AE300819B6D /* TaskCell.swift in Sources */ = {isa = PBXBuildFile; fileRef = 378DB2601F019AE300819B6D /* TaskCell.swift */; };
		3792EE561F4689D100ACAAAE /* NotificationCenter.framework in Frameworks */ = {isa = PBXBuildFile; fileRef = 37814B381F466BA500A43C14 /* NotificationCenter.framework */; };
		3792EE591F4689D100ACAAAE /* TodayViewController.swift in Sources */ = {isa = PBXBuildFile; fileRef = 3792EE581F4689D100ACAAAE /* TodayViewController.swift */; };
		3792EE5C1F4689D100ACAAAE /* MainInterface.storyboard in Resources */ = {isa = PBXBuildFile; fileRef = 3792EE5A1F4689D100ACAAAE /* MainInterface.storyboard */; };
		3792EE601F4689D100ACAAAE /* To-Do Widget.appex in Embed App Extensions */ = {isa = PBXBuildFile; fileRef = 3792EE551F4689D100ACAAAE /* To-Do Widget.appex */; settings = {ATTRIBUTES = (RemoveHeadersOnCopy, ); }; };
		3792EE651F471B7100ACAAAE /* WidgetTableViewCell.swift in Sources */ = {isa = PBXBuildFile; fileRef = 3792EE641F471B7100ACAAAE /* WidgetTableViewCell.swift */; };
		3792EE9A1F47816900ACAAAE /* ToDoCoreDataCloudKit.framework in Frameworks */ = {isa = PBXBuildFile; fileRef = 3792EE911F47816800ACAAAE /* ToDoCoreDataCloudKit.framework */; };
		3792EEA11F47816900ACAAAE /* ToDoCoreDataCloudKitTests.swift in Sources */ = {isa = PBXBuildFile; fileRef = 3792EEA01F47816900ACAAAE /* ToDoCoreDataCloudKitTests.swift */; };
		3792EEA31F47816900ACAAAE /* ToDoCoreDataCloudKit.h in Headers */ = {isa = PBXBuildFile; fileRef = 3792EE931F47816900ACAAAE /* ToDoCoreDataCloudKit.h */; settings = {ATTRIBUTES = (Public, ); }; };
		3792EEA61F47816900ACAAAE /* ToDoCoreDataCloudKit.framework in Frameworks */ = {isa = PBXBuildFile; fileRef = 3792EE911F47816800ACAAAE /* ToDoCoreDataCloudKit.framework */; };
		3792EEA71F47816900ACAAAE /* ToDoCoreDataCloudKit.framework in Embed Frameworks */ = {isa = PBXBuildFile; fileRef = 3792EE911F47816800ACAAAE /* ToDoCoreDataCloudKit.framework */; settings = {ATTRIBUTES = (CodeSignOnCopy, RemoveHeadersOnCopy, ); }; };
		3792EEAF1F47850B00ACAAAE /* ToDoCoreDataCloudKit.framework in Frameworks */ = {isa = PBXBuildFile; fileRef = 3792EE911F47816800ACAAAE /* ToDoCoreDataCloudKit.framework */; };
		3792EEB11F47889E00ACAAAE /* Sample.swift in Sources */ = {isa = PBXBuildFile; fileRef = 3792EEB01F47889E00ACAAAE /* Sample.swift */; };
		3792EEB21F4789D500ACAAAE /* CoreDataStack.swift in Sources */ = {isa = PBXBuildFile; fileRef = 378DB27C1F02A15500819B6D /* CoreDataStack.swift */; };
		3792EEB31F478D6200ACAAAE /* ToDoApp.xcdatamodeld in Sources */ = {isa = PBXBuildFile; fileRef = 37514B051EEF736F00D67A6E /* ToDoApp.xcdatamodeld */; };
		3792EEB51F478D6F00ACAAAE /* Task+CoreDataProperties.swift in Sources */ = {isa = PBXBuildFile; fileRef = 378DB2771F0297CD00819B6D /* Task+CoreDataProperties.swift */; };
		3792EEB61F478D9F00ACAAAE /* Constants.swift in Sources */ = {isa = PBXBuildFile; fileRef = 379157251F4349ED00B7C178 /* Constants.swift */; };
		3792EEBB1F47A55700ACAAAE /* Task+CoreDataClass.swift in Sources */ = {isa = PBXBuildFile; fileRef = 3792EEBA1F47A55700ACAAAE /* Task+CoreDataClass.swift */; };
		379B953E1F4F0AE30075F30B /* TabBarViewController.swift in Sources */ = {isa = PBXBuildFile; fileRef = 379B953D1F4F0AE30075F30B /* TabBarViewController.swift */; };
		379B95401F4F0E2F0075F30B /* LocationTaskTableViewController.swift in Sources */ = {isa = PBXBuildFile; fileRef = 379B953F1F4F0E2F0075F30B /* LocationTaskTableViewController.swift */; };
		379B95431F4F66D40075F30B /* DateUtil.swift in Sources */ = {isa = PBXBuildFile; fileRef = 379B95421F4F66D40075F30B /* DateUtil.swift */; };
		379EF42B1F1C67D80023174A /* CloudKit.framework in Frameworks */ = {isa = PBXBuildFile; fileRef = 379EF42A1F1C67D80023174A /* CloudKit.framework */; };
		379EF42D1F1C6B2D0023174A /* Extensions.swift in Sources */ = {isa = PBXBuildFile; fileRef = 379EF42C1F1C6B2D0023174A /* Extensions.swift */; };
		55F1102C2C92233218ED92C5 /* Pods_To_Do_App.framework in Frameworks */ = {isa = PBXBuildFile; fileRef = E3358E9BB99EB3ED7FA21585 /* Pods_To_Do_App.framework */; };
		8F7A74E0BE51A29D955D792B /* Pods_To_Do_AppUITests.framework in Frameworks */ = {isa = PBXBuildFile; fileRef = 947B804DBC50E287176165B7 /* Pods_To_Do_AppUITests.framework */; };
/* End PBXBuildFile section */

/* Begin PBXContainerItemProxy section */
		37514B131EEF736F00D67A6E /* PBXContainerItemProxy */ = {
			isa = PBXContainerItemProxy;
			containerPortal = 37514AF31EEF736F00D67A6E /* Project object */;
			proxyType = 1;
			remoteGlobalIDString = 37514AFA1EEF736F00D67A6E;
			remoteInfo = "To-Do App";
		};
		37514B1E1EEF736F00D67A6E /* PBXContainerItemProxy */ = {
			isa = PBXContainerItemProxy;
			containerPortal = 37514AF31EEF736F00D67A6E /* Project object */;
			proxyType = 1;
			remoteGlobalIDString = 37514AFA1EEF736F00D67A6E;
			remoteInfo = "To-Do App";
		};
		3792EE5E1F4689D100ACAAAE /* PBXContainerItemProxy */ = {
			isa = PBXContainerItemProxy;
			containerPortal = 37514AF31EEF736F00D67A6E /* Project object */;
			proxyType = 1;
			remoteGlobalIDString = 3792EE541F4689D100ACAAAE;
			remoteInfo = "To-Do Widget";
		};
		3792EE9B1F47816900ACAAAE /* PBXContainerItemProxy */ = {
			isa = PBXContainerItemProxy;
			containerPortal = 37514AF31EEF736F00D67A6E /* Project object */;
			proxyType = 1;
			remoteGlobalIDString = 3792EE901F47816800ACAAAE;
			remoteInfo = ToDoCoreDataCloudKit;
		};
		3792EE9D1F47816900ACAAAE /* PBXContainerItemProxy */ = {
			isa = PBXContainerItemProxy;
			containerPortal = 37514AF31EEF736F00D67A6E /* Project object */;
			proxyType = 1;
			remoteGlobalIDString = 37514AFA1EEF736F00D67A6E;
			remoteInfo = "To-Do App";
		};
		3792EEA41F47816900ACAAAE /* PBXContainerItemProxy */ = {
			isa = PBXContainerItemProxy;
			containerPortal = 37514AF31EEF736F00D67A6E /* Project object */;
			proxyType = 1;
			remoteGlobalIDString = 3792EE901F47816800ACAAAE;
			remoteInfo = ToDoCoreDataCloudKit;
		};
/* End PBXContainerItemProxy section */

/* Begin PBXCopyFilesBuildPhase section */
		37814B471F466BA500A43C14 /* Embed App Extensions */ = {
			isa = PBXCopyFilesBuildPhase;
			buildActionMask = 2147483647;
			dstPath = "";
			dstSubfolderSpec = 13;
			files = (
				3792EE601F4689D100ACAAAE /* To-Do Widget.appex in Embed App Extensions */,
			);
			name = "Embed App Extensions";
			runOnlyForDeploymentPostprocessing = 0;
		};
		3792EE861F477F8600ACAAAE /* Embed Frameworks */ = {
			isa = PBXCopyFilesBuildPhase;
			buildActionMask = 2147483647;
			dstPath = "";
			dstSubfolderSpec = 10;
			files = (
				3792EEA71F47816900ACAAAE /* ToDoCoreDataCloudKit.framework in Embed Frameworks */,
			);
			name = "Embed Frameworks";
			runOnlyForDeploymentPostprocessing = 0;
		};
/* End PBXCopyFilesBuildPhase section */

/* Begin PBXFileReference section */
		07DAE1A95F4FB874AD51EB3C /* Pods-To-Do AppUITests.release.xcconfig */ = {isa = PBXFileReference; includeInIndex = 1; lastKnownFileType = text.xcconfig; name = "Pods-To-Do AppUITests.release.xcconfig"; path = "Pods/Target Support Files/Pods-To-Do AppUITests/Pods-To-Do AppUITests.release.xcconfig"; sourceTree = "<group>"; };
		24E1FC8F2A27ADE1619D45D1 /* Pods-To-Do App.release.xcconfig */ = {isa = PBXFileReference; includeInIndex = 1; lastKnownFileType = text.xcconfig; name = "Pods-To-Do App.release.xcconfig"; path = "Pods/Target Support Files/Pods-To-Do App/Pods-To-Do App.release.xcconfig"; sourceTree = "<group>"; };
		371F4BB21F4E773D00BFCF93 /* SwiftDate.framework */ = {isa = PBXFileReference; lastKnownFileType = wrapper.framework; name = SwiftDate.framework; path = ../../../Carthage_workdir/SwiftDate/Carthage/Build/iOS/SwiftDate.framework; sourceTree = "<group>"; };
		371F4BB51F4E7C0500BFCF93 /* SwiftDate.framework */ = {isa = PBXFileReference; lastKnownFileType = wrapper.framework; path = SwiftDate.framework; sourceTree = "<group>"; };
		37514AFB1EEF736F00D67A6E /* To-Do App.app */ = {isa = PBXFileReference; explicitFileType = wrapper.application; includeInIndex = 0; path = "To-Do App.app"; sourceTree = BUILT_PRODUCTS_DIR; };
		37514AFE1EEF736F00D67A6E /* AppDelegate.swift */ = {isa = PBXFileReference; lastKnownFileType = sourcecode.swift; path = AppDelegate.swift; sourceTree = "<group>"; };
		37514B031EEF736F00D67A6E /* Base */ = {isa = PBXFileReference; lastKnownFileType = file.storyboard; name = Base; path = Base.lproj/Main.storyboard; sourceTree = "<group>"; };
		37514B061EEF736F00D67A6E /* ToDoApp.xcdatamodel */ = {isa = PBXFileReference; lastKnownFileType = wrapper.xcdatamodel; path = ToDoApp.xcdatamodel; sourceTree = "<group>"; };
		37514B0B1EEF736F00D67A6E /* Base */ = {isa = PBXFileReference; lastKnownFileType = file.storyboard; name = Base; path = Base.lproj/LaunchScreen.storyboard; sourceTree = "<group>"; };
		37514B0D1EEF736F00D67A6E /* Info.plist */ = {isa = PBXFileReference; lastKnownFileType = text.plist.xml; path = Info.plist; sourceTree = "<group>"; };
		37514B121EEF736F00D67A6E /* To-Do AppTests.xctest */ = {isa = PBXFileReference; explicitFileType = wrapper.cfbundle; includeInIndex = 0; path = "To-Do AppTests.xctest"; sourceTree = BUILT_PRODUCTS_DIR; };
		37514B161EEF736F00D67A6E /* To_Do_AppTests.swift */ = {isa = PBXFileReference; lastKnownFileType = sourcecode.swift; path = To_Do_AppTests.swift; sourceTree = "<group>"; };
		37514B181EEF736F00D67A6E /* Info.plist */ = {isa = PBXFileReference; lastKnownFileType = text.plist.xml; path = Info.plist; sourceTree = "<group>"; };
		37514B1D1EEF736F00D67A6E /* To-Do AppUITests.xctest */ = {isa = PBXFileReference; explicitFileType = wrapper.cfbundle; includeInIndex = 0; path = "To-Do AppUITests.xctest"; sourceTree = BUILT_PRODUCTS_DIR; };
		37514B211EEF736F00D67A6E /* To_Do_AppUITests.swift */ = {isa = PBXFileReference; lastKnownFileType = sourcecode.swift; path = To_Do_AppUITests.swift; sourceTree = "<group>"; };
		37514B231EEF736F00D67A6E /* Info.plist */ = {isa = PBXFileReference; lastKnownFileType = text.plist.xml; path = Info.plist; sourceTree = "<group>"; };
		37514B2F1EEF80AF00D67A6E /* ToDoCategoryCell.swift */ = {isa = PBXFileReference; fileEncoding = 4; lastKnownFileType = sourcecode.swift; path = ToDoCategoryCell.swift; sourceTree = "<group>"; };
		37514B311EEF811F00D67A6E /* Photo.swift */ = {isa = PBXFileReference; fileEncoding = 4; lastKnownFileType = sourcecode.swift; path = Photo.swift; sourceTree = "<group>"; };
		37514B351EEF8BA700D67A6E /* ToDoCategoryViewController.swift */ = {isa = PBXFileReference; fileEncoding = 4; lastKnownFileType = sourcecode.swift; path = ToDoCategoryViewController.swift; sourceTree = "<group>"; };
		3753BB061F4860C500EBD7CD /* assets.xcassets */ = {isa = PBXFileReference; lastKnownFileType = folder.assetcatalog; path = assets.xcassets; sourceTree = "<group>"; };
		3775C0D11F4CAF72002FE84D /* LocationAnnotation+CoreDataClass.swift */ = {isa = PBXFileReference; fileEncoding = 4; lastKnownFileType = sourcecode.swift; path = "LocationAnnotation+CoreDataClass.swift"; sourceTree = "<group>"; };
		3775C0D21F4CAF72002FE84D /* LocationAnnotation+CoreDataProperties.swift */ = {isa = PBXFileReference; fileEncoding = 4; lastKnownFileType = sourcecode.swift; path = "LocationAnnotation+CoreDataProperties.swift"; sourceTree = "<group>"; };
		3775C0D51F4D05BF002FE84D /* MapViewController.swift */ = {isa = PBXFileReference; fileEncoding = 4; lastKnownFileType = sourcecode.swift; path = MapViewController.swift; sourceTree = "<group>"; };
		3775C0D71F4D05FE002FE84D /* LocationListViewController.swift */ = {isa = PBXFileReference; fileEncoding = 4; lastKnownFileType = sourcecode.swift; path = LocationListViewController.swift; sourceTree = "<group>"; };
		3775C0D91F4D062E002FE84D /* TaskLocation.swift */ = {isa = PBXFileReference; fileEncoding = 4; lastKnownFileType = sourcecode.swift; path = TaskLocation.swift; sourceTree = "<group>"; };
		3775C0DB1F4D561C002FE84D /* TaskEditTableViewController.swift */ = {isa = PBXFileReference; fileEncoding = 4; lastKnownFileType = sourcecode.swift; path = TaskEditTableViewController.swift; sourceTree = "<group>"; };
		3775C0DD1F4E3ABC002FE84D /* CoreDateUtil.swift */ = {isa = PBXFileReference; fileEncoding = 4; lastKnownFileType = sourcecode.swift; path = CoreDateUtil.swift; sourceTree = "<group>"; };
		37814B381F466BA500A43C14 /* NotificationCenter.framework */ = {isa = PBXFileReference; lastKnownFileType = wrapper.framework; name = NotificationCenter.framework; path = System/Library/Frameworks/NotificationCenter.framework; sourceTree = SDKROOT; };
		378DB25C1F0193C300819B6D /* TaskTableViewController.swift */ = {isa = PBXFileReference; fileEncoding = 4; lastKnownFileType = sourcecode.swift; path = TaskTableViewController.swift; sourceTree = "<group>"; };
		378DB25E1F0194AE00819B6D /* OLD_TaskViewController.swift */ = {isa = PBXFileReference; fileEncoding = 4; lastKnownFileType = sourcecode.swift; path = OLD_TaskViewController.swift; sourceTree = "<group>"; };
		378DB2601F019AE300819B6D /* TaskCell.swift */ = {isa = PBXFileReference; fileEncoding = 4; lastKnownFileType = sourcecode.swift; path = TaskCell.swift; sourceTree = "<group>"; };
		378DB2771F0297CD00819B6D /* Task+CoreDataProperties.swift */ = {isa = PBXFileReference; fileEncoding = 4; lastKnownFileType = sourcecode.swift; path = "Task+CoreDataProperties.swift"; sourceTree = "<group>"; };
		378DB27C1F02A15500819B6D /* CoreDataStack.swift */ = {isa = PBXFileReference; fileEncoding = 4; lastKnownFileType = sourcecode.swift; name = CoreDataStack.swift; path = "../To-Do App/CoreDataStack.swift"; sourceTree = "<group>"; };
		379157251F4349ED00B7C178 /* Constants.swift */ = {isa = PBXFileReference; fileEncoding = 4; lastKnownFileType = sourcecode.swift; name = Constants.swift; path = "../To-Do App/Constants.swift"; sourceTree = "<group>"; };
		3792EE551F4689D100ACAAAE /* To-Do Widget.appex */ = {isa = PBXFileReference; explicitFileType = "wrapper.app-extension"; includeInIndex = 0; path = "To-Do Widget.appex"; sourceTree = BUILT_PRODUCTS_DIR; };
		3792EE581F4689D100ACAAAE /* TodayViewController.swift */ = {isa = PBXFileReference; lastKnownFileType = sourcecode.swift; path = TodayViewController.swift; sourceTree = "<group>"; };
		3792EE5B1F4689D100ACAAAE /* Base */ = {isa = PBXFileReference; lastKnownFileType = file.storyboard; name = Base; path = Base.lproj/MainInterface.storyboard; sourceTree = "<group>"; };
		3792EE5D1F4689D100ACAAAE /* Info.plist */ = {isa = PBXFileReference; lastKnownFileType = text.plist.xml; path = Info.plist; sourceTree = "<group>"; };
		3792EE641F471B7100ACAAAE /* WidgetTableViewCell.swift */ = {isa = PBXFileReference; fileEncoding = 4; lastKnownFileType = sourcecode.swift; path = WidgetTableViewCell.swift; sourceTree = "<group>"; };
		3792EE661F47605200ACAAAE /* To-Do Widget.entitlements */ = {isa = PBXFileReference; lastKnownFileType = text.plist.entitlements; path = "To-Do Widget.entitlements"; sourceTree = "<group>"; };
		3792EE911F47816800ACAAAE /* ToDoCoreDataCloudKit.framework */ = {isa = PBXFileReference; explicitFileType = wrapper.framework; includeInIndex = 0; path = ToDoCoreDataCloudKit.framework; sourceTree = BUILT_PRODUCTS_DIR; };
		3792EE931F47816900ACAAAE /* ToDoCoreDataCloudKit.h */ = {isa = PBXFileReference; lastKnownFileType = sourcecode.c.h; path = ToDoCoreDataCloudKit.h; sourceTree = "<group>"; };
		3792EE941F47816900ACAAAE /* Info.plist */ = {isa = PBXFileReference; lastKnownFileType = text.plist.xml; path = Info.plist; sourceTree = "<group>"; };
		3792EE991F47816900ACAAAE /* ToDoCoreDataCloudKitTests.xctest */ = {isa = PBXFileReference; explicitFileType = wrapper.cfbundle; includeInIndex = 0; path = ToDoCoreDataCloudKitTests.xctest; sourceTree = BUILT_PRODUCTS_DIR; };
		3792EEA01F47816900ACAAAE /* ToDoCoreDataCloudKitTests.swift */ = {isa = PBXFileReference; lastKnownFileType = sourcecode.swift; path = ToDoCoreDataCloudKitTests.swift; sourceTree = "<group>"; };
		3792EEA21F47816900ACAAAE /* Info.plist */ = {isa = PBXFileReference; lastKnownFileType = text.plist.xml; path = Info.plist; sourceTree = "<group>"; };
		3792EEB01F47889E00ACAAAE /* Sample.swift */ = {isa = PBXFileReference; fileEncoding = 4; lastKnownFileType = sourcecode.swift; path = Sample.swift; sourceTree = "<group>"; };
		3792EEBA1F47A55700ACAAAE /* Task+CoreDataClass.swift */ = {isa = PBXFileReference; fileEncoding = 4; lastKnownFileType = sourcecode.swift; path = "Task+CoreDataClass.swift"; sourceTree = "<group>"; };
		379B953D1F4F0AE30075F30B /* TabBarViewController.swift */ = {isa = PBXFileReference; fileEncoding = 4; lastKnownFileType = sourcecode.swift; path = TabBarViewController.swift; sourceTree = "<group>"; };
		379B953F1F4F0E2F0075F30B /* LocationTaskTableViewController.swift */ = {isa = PBXFileReference; fileEncoding = 4; lastKnownFileType = sourcecode.swift; path = LocationTaskTableViewController.swift; sourceTree = "<group>"; };
		379B95421F4F66D40075F30B /* DateUtil.swift */ = {isa = PBXFileReference; fileEncoding = 4; lastKnownFileType = sourcecode.swift; path = DateUtil.swift; sourceTree = "<group>"; };
		379EF4291F1C67D50023174A /* To-Do App.entitlements */ = {isa = PBXFileReference; lastKnownFileType = text.plist.entitlements; path = "To-Do App.entitlements"; sourceTree = "<group>"; };
		379EF42A1F1C67D80023174A /* CloudKit.framework */ = {isa = PBXFileReference; lastKnownFileType = wrapper.framework; name = CloudKit.framework; path = System/Library/Frameworks/CloudKit.framework; sourceTree = SDKROOT; };
		379EF42C1F1C6B2D0023174A /* Extensions.swift */ = {isa = PBXFileReference; fileEncoding = 4; lastKnownFileType = sourcecode.swift; path = Extensions.swift; sourceTree = "<group>"; };
		37B2D21A1F448C7200B68869 /* de */ = {isa = PBXFileReference; lastKnownFileType = text.plist.strings; name = de; path = de.lproj/Main.strings; sourceTree = "<group>"; };
		37B2D21B1F448C7200B68869 /* de */ = {isa = PBXFileReference; lastKnownFileType = text.plist.strings; name = de; path = de.lproj/LaunchScreen.strings; sourceTree = "<group>"; };
		37B2D21C1F448C7700B68869 /* fr */ = {isa = PBXFileReference; lastKnownFileType = text.plist.strings; name = fr; path = fr.lproj/Main.strings; sourceTree = "<group>"; };
		37B2D21D1F448C7700B68869 /* fr */ = {isa = PBXFileReference; lastKnownFileType = text.plist.strings; name = fr; path = fr.lproj/LaunchScreen.strings; sourceTree = "<group>"; };
		37B2D21E1F448C7C00B68869 /* es */ = {isa = PBXFileReference; lastKnownFileType = text.plist.strings; name = es; path = es.lproj/Main.strings; sourceTree = "<group>"; };
		37B2D21F1F448C7C00B68869 /* es */ = {isa = PBXFileReference; lastKnownFileType = text.plist.strings; name = es; path = es.lproj/LaunchScreen.strings; sourceTree = "<group>"; };
		37B2D2201F448C8700B68869 /* ja */ = {isa = PBXFileReference; lastKnownFileType = text.plist.strings; name = ja; path = ja.lproj/Main.strings; sourceTree = "<group>"; };
		37B2D2211F448C8700B68869 /* ja */ = {isa = PBXFileReference; lastKnownFileType = text.plist.strings; name = ja; path = ja.lproj/LaunchScreen.strings; sourceTree = "<group>"; };
		37B2D2221F448D2400B68869 /* he */ = {isa = PBXFileReference; lastKnownFileType = text.plist.strings; name = he; path = he.lproj/Main.strings; sourceTree = "<group>"; };
		37B2D2231F448D2400B68869 /* he */ = {isa = PBXFileReference; lastKnownFileType = text.plist.strings; name = he; path = he.lproj/LaunchScreen.strings; sourceTree = "<group>"; };
		4685092E52387AFD666FE503 /* Pods-To-Do AppUITests.debug.xcconfig */ = {isa = PBXFileReference; includeInIndex = 1; lastKnownFileType = text.xcconfig; name = "Pods-To-Do AppUITests.debug.xcconfig"; path = "Pods/Target Support Files/Pods-To-Do AppUITests/Pods-To-Do AppUITests.debug.xcconfig"; sourceTree = "<group>"; };
		6FD9AA2C211D6488524D26AF /* Pods-To-Do AppTests.debug.xcconfig */ = {isa = PBXFileReference; includeInIndex = 1; lastKnownFileType = text.xcconfig; name = "Pods-To-Do AppTests.debug.xcconfig"; path = "Pods/Target Support Files/Pods-To-Do AppTests/Pods-To-Do AppTests.debug.xcconfig"; sourceTree = "<group>"; };
		79890C53A77AE37967FE0961 /* Pods_To_Do_AppTests.framework */ = {isa = PBXFileReference; explicitFileType = wrapper.framework; includeInIndex = 0; path = Pods_To_Do_AppTests.framework; sourceTree = BUILT_PRODUCTS_DIR; };
		90242BE243DDE81C2E85A152 /* Pods-To-Do AppTests.release.xcconfig */ = {isa = PBXFileReference; includeInIndex = 1; lastKnownFileType = text.xcconfig; name = "Pods-To-Do AppTests.release.xcconfig"; path = "Pods/Target Support Files/Pods-To-Do AppTests/Pods-To-Do AppTests.release.xcconfig"; sourceTree = "<group>"; };
		947B804DBC50E287176165B7 /* Pods_To_Do_AppUITests.framework */ = {isa = PBXFileReference; explicitFileType = wrapper.framework; includeInIndex = 0; path = Pods_To_Do_AppUITests.framework; sourceTree = BUILT_PRODUCTS_DIR; };
		CB69C6AFFA774ED9CBA81661 /* Pods-To-Do App.debug.xcconfig */ = {isa = PBXFileReference; includeInIndex = 1; lastKnownFileType = text.xcconfig; name = "Pods-To-Do App.debug.xcconfig"; path = "Pods/Target Support Files/Pods-To-Do App/Pods-To-Do App.debug.xcconfig"; sourceTree = "<group>"; };
		E3358E9BB99EB3ED7FA21585 /* Pods_To_Do_App.framework */ = {isa = PBXFileReference; explicitFileType = wrapper.framework; includeInIndex = 0; path = Pods_To_Do_App.framework; sourceTree = BUILT_PRODUCTS_DIR; };
/* End PBXFileReference section */

/* Begin PBXFrameworksBuildPhase section */
		37514AF81EEF736F00D67A6E /* Frameworks */ = {
			isa = PBXFrameworksBuildPhase;
			buildActionMask = 2147483647;
			files = (
				379EF42B1F1C67D80023174A /* CloudKit.framework in Frameworks */,
				3792EEA61F47816900ACAAAE /* ToDoCoreDataCloudKit.framework in Frameworks */,
				55F1102C2C92233218ED92C5 /* Pods_To_Do_App.framework in Frameworks */,
			);
			runOnlyForDeploymentPostprocessing = 0;
		};
		37514B0F1EEF736F00D67A6E /* Frameworks */ = {
			isa = PBXFrameworksBuildPhase;
			buildActionMask = 2147483647;
			files = (
				0099411CE412B8BCB2D63107 /* Pods_To_Do_AppTests.framework in Frameworks */,
			);
			runOnlyForDeploymentPostprocessing = 0;
		};
		37514B1A1EEF736F00D67A6E /* Frameworks */ = {
			isa = PBXFrameworksBuildPhase;
			buildActionMask = 2147483647;
			files = (
				8F7A74E0BE51A29D955D792B /* Pods_To_Do_AppUITests.framework in Frameworks */,
			);
			runOnlyForDeploymentPostprocessing = 0;
		};
		3792EE521F4689D100ACAAAE /* Frameworks */ = {
			isa = PBXFrameworksBuildPhase;
			buildActionMask = 2147483647;
			files = (
				3792EEAF1F47850B00ACAAAE /* ToDoCoreDataCloudKit.framework in Frameworks */,
				3792EE561F4689D100ACAAAE /* NotificationCenter.framework in Frameworks */,
			);
			runOnlyForDeploymentPostprocessing = 0;
		};
		3792EE8D1F47816800ACAAAE /* Frameworks */ = {
			isa = PBXFrameworksBuildPhase;
			buildActionMask = 2147483647;
			files = (
				371F4BB31F4E773D00BFCF93 /* SwiftDate.framework in Frameworks */,
			);
			runOnlyForDeploymentPostprocessing = 0;
		};
		3792EE961F47816900ACAAAE /* Frameworks */ = {
			isa = PBXFrameworksBuildPhase;
			buildActionMask = 2147483647;
			files = (
				3792EE9A1F47816900ACAAAE /* ToDoCoreDataCloudKit.framework in Frameworks */,
			);
			runOnlyForDeploymentPostprocessing = 0;
		};
/* End PBXFrameworksBuildPhase section */

/* Begin PBXGroup section */
		0DC8EE15BA3F0F0F306FF2E9 /* Pods */ = {
			isa = PBXGroup;
			children = (
				CB69C6AFFA774ED9CBA81661 /* Pods-To-Do App.debug.xcconfig */,
				24E1FC8F2A27ADE1619D45D1 /* Pods-To-Do App.release.xcconfig */,
				6FD9AA2C211D6488524D26AF /* Pods-To-Do AppTests.debug.xcconfig */,
				90242BE243DDE81C2E85A152 /* Pods-To-Do AppTests.release.xcconfig */,
				4685092E52387AFD666FE503 /* Pods-To-Do AppUITests.debug.xcconfig */,
				07DAE1A95F4FB874AD51EB3C /* Pods-To-Do AppUITests.release.xcconfig */,
			);
			name = Pods;
			sourceTree = "<group>";
		};
		346F108049622DEBD8353241 /* Frameworks */ = {
			isa = PBXGroup;
			children = (
				371F4BB21F4E773D00BFCF93 /* SwiftDate.framework */,
				379EF42A1F1C67D80023174A /* CloudKit.framework */,
				37814B381F466BA500A43C14 /* NotificationCenter.framework */,
				E3358E9BB99EB3ED7FA21585 /* Pods_To_Do_App.framework */,
				79890C53A77AE37967FE0961 /* Pods_To_Do_AppTests.framework */,
				947B804DBC50E287176165B7 /* Pods_To_Do_AppUITests.framework */,
			);
			name = Frameworks;
			sourceTree = "<group>";
		};
		37514AF21EEF736F00D67A6E = {
			isa = PBXGroup;
			children = (
				37514AFD1EEF736F00D67A6E /* To-Do App */,
				37514B151EEF736F00D67A6E /* To-Do AppTests */,
				37514B201EEF736F00D67A6E /* To-Do AppUITests */,
				3792EE571F4689D100ACAAAE /* To-Do Widget */,
				3792EE921F47816900ACAAAE /* ToDoCoreDataCloudKit */,
				3792EE9F1F47816900ACAAAE /* ToDoCoreDataCloudKitTests */,
				37514AFC1EEF736F00D67A6E /* Products */,
				346F108049622DEBD8353241 /* Frameworks */,
				0DC8EE15BA3F0F0F306FF2E9 /* Pods */,
			);
			sourceTree = "<group>";
		};
		37514AFC1EEF736F00D67A6E /* Products */ = {
			isa = PBXGroup;
			children = (
				37514AFB1EEF736F00D67A6E /* To-Do App.app */,
				37514B121EEF736F00D67A6E /* To-Do AppTests.xctest */,
				37514B1D1EEF736F00D67A6E /* To-Do AppUITests.xctest */,
				3792EE551F4689D100ACAAAE /* To-Do Widget.appex */,
				3792EE911F47816800ACAAAE /* ToDoCoreDataCloudKit.framework */,
				3792EE991F47816900ACAAAE /* ToDoCoreDataCloudKitTests.xctest */,
			);
			name = Products;
			sourceTree = "<group>";
		};
		37514AFD1EEF736F00D67A6E /* To-Do App */ = {
			isa = PBXGroup;
			children = (
				3775C0E11F4E3F09002FE84D /* Model */,
				3775C0E01F4E3EBA002FE84D /* Controller */,
				3775C0DF1F4E3D87002FE84D /* Utilities */,
				379EF4291F1C67D50023174A /* To-Do App.entitlements */,
				37514AFE1EEF736F00D67A6E /* AppDelegate.swift */,
				37514B021EEF736F00D67A6E /* Main.storyboard */,
				37514B0A1EEF736F00D67A6E /* LaunchScreen.storyboard */,
				37514B0D1EEF736F00D67A6E /* Info.plist */,
				37514B2F1EEF80AF00D67A6E /* ToDoCategoryCell.swift */,
				37514B311EEF811F00D67A6E /* Photo.swift */,
				37514B351EEF8BA700D67A6E /* ToDoCategoryViewController.swift */,
				378DB25E1F0194AE00819B6D /* OLD_TaskViewController.swift */,
				3753BB061F4860C500EBD7CD /* assets.xcassets */,
			);
			path = "To-Do App";
			sourceTree = "<group>";
		};
		37514B151EEF736F00D67A6E /* To-Do AppTests */ = {
			isa = PBXGroup;
			children = (
				37514B161EEF736F00D67A6E /* To_Do_AppTests.swift */,
				37514B181EEF736F00D67A6E /* Info.plist */,
			);
			path = "To-Do AppTests";
			sourceTree = "<group>";
		};
		37514B201EEF736F00D67A6E /* To-Do AppUITests */ = {
			isa = PBXGroup;
			children = (
				37514B211EEF736F00D67A6E /* To_Do_AppUITests.swift */,
				37514B231EEF736F00D67A6E /* Info.plist */,
			);
			path = "To-Do AppUITests";
			sourceTree = "<group>";
		};
		3775C0DF1F4E3D87002FE84D /* Utilities */ = {
			isa = PBXGroup;
			children = (
				379EF42C1F1C6B2D0023174A /* Extensions.swift */,
				3775C0DD1F4E3ABC002FE84D /* CoreDateUtil.swift */,
			);
			name = Utilities;
			sourceTree = "<group>";
		};
		3775C0E01F4E3EBA002FE84D /* Controller */ = {
			isa = PBXGroup;
			children = (
				379B953D1F4F0AE30075F30B /* TabBarViewController.swift */,
				378DB25C1F0193C300819B6D /* TaskTableViewController.swift */,
				3775C0D71F4D05FE002FE84D /* LocationListViewController.swift */,
				3775C0D51F4D05BF002FE84D /* MapViewController.swift */,
				3775C0DB1F4D561C002FE84D /* TaskEditTableViewController.swift */,
				379B953F1F4F0E2F0075F30B /* LocationTaskTableViewController.swift */,
			);
			name = Controller;
			sourceTree = "<group>";
		};
		3775C0E11F4E3F09002FE84D /* Model */ = {
			isa = PBXGroup;
			children = (
				3775C0D91F4D062E002FE84D /* TaskLocation.swift */,
				378DB2601F019AE300819B6D /* TaskCell.swift */,
			);
			name = Model;
			sourceTree = "<group>";
		};
		378DB2751F02977500819B6D /* NSManagedObject */ = {
			isa = PBXGroup;
			children = (
				3775C0D11F4CAF72002FE84D /* LocationAnnotation+CoreDataClass.swift */,
				3775C0D21F4CAF72002FE84D /* LocationAnnotation+CoreDataProperties.swift */,
				3792EEBA1F47A55700ACAAAE /* Task+CoreDataClass.swift */,
				378DB2771F0297CD00819B6D /* Task+CoreDataProperties.swift */,
			);
			name = NSManagedObject;
			path = "../To-Do App";
			sourceTree = "<group>";
		};
		3792EE571F4689D100ACAAAE /* To-Do Widget */ = {
			isa = PBXGroup;
			children = (
				3792EE661F47605200ACAAAE /* To-Do Widget.entitlements */,
				3792EE581F4689D100ACAAAE /* TodayViewController.swift */,
				3792EE5A1F4689D100ACAAAE /* MainInterface.storyboard */,
				3792EE5D1F4689D100ACAAAE /* Info.plist */,
				3792EE641F471B7100ACAAAE /* WidgetTableViewCell.swift */,
			);
			path = "To-Do Widget";
			sourceTree = "<group>";
		};
		3792EE8A1F477FC100ACAAAE /* CoreData */ = {
			isa = PBXGroup;
			children = (
				378DB27C1F02A15500819B6D /* CoreDataStack.swift */,
				378DB2751F02977500819B6D /* NSManagedObject */,
				37514B051EEF736F00D67A6E /* ToDoApp.xcdatamodeld */,
			);
			name = CoreData;
			path = "../To-Do CoreData-CloudKit";
			sourceTree = "<group>";
		};
		3792EE921F47816900ACAAAE /* ToDoCoreDataCloudKit */ = {
			isa = PBXGroup;
			children = (
				379B95411F4F65FF0075F30B /* Utility */,
				379157251F4349ED00B7C178 /* Constants.swift */,
				3792EE8A1F477FC100ACAAAE /* CoreData */,
				3792EEAE1F47817500ACAAAE /* CloudKit */,
				3792EE931F47816900ACAAAE /* ToDoCoreDataCloudKit.h */,
				3792EE941F47816900ACAAAE /* Info.plist */,
				3792EEB01F47889E00ACAAAE /* Sample.swift */,
				371F4BB51F4E7C0500BFCF93 /* SwiftDate.framework */,
			);
			path = ToDoCoreDataCloudKit;
			sourceTree = "<group>";
		};
		3792EE9F1F47816900ACAAAE /* ToDoCoreDataCloudKitTests */ = {
			isa = PBXGroup;
			children = (
				3792EEA01F47816900ACAAAE /* ToDoCoreDataCloudKitTests.swift */,
				3792EEA21F47816900ACAAAE /* Info.plist */,
			);
			path = ToDoCoreDataCloudKitTests;
			sourceTree = "<group>";
		};
		3792EEAE1F47817500ACAAAE /* CloudKit */ = {
			isa = PBXGroup;
			children = (
			);
			name = CloudKit;
			sourceTree = "<group>";
		};
		379B95411F4F65FF0075F30B /* Utility */ = {
			isa = PBXGroup;
			children = (
				379B95421F4F66D40075F30B /* DateUtil.swift */,
			);
			name = Utility;
			sourceTree = "<group>";
		};
/* End PBXGroup section */

/* Begin PBXHeadersBuildPhase section */
		3792EE8E1F47816800ACAAAE /* Headers */ = {
			isa = PBXHeadersBuildPhase;
			buildActionMask = 2147483647;
			files = (
				3792EEA31F47816900ACAAAE /* ToDoCoreDataCloudKit.h in Headers */,
			);
			runOnlyForDeploymentPostprocessing = 0;
		};
/* End PBXHeadersBuildPhase section */

/* Begin PBXNativeTarget section */
		37514AFA1EEF736F00D67A6E /* To-Do App */ = {
			isa = PBXNativeTarget;
			buildConfigurationList = 37514B261EEF736F00D67A6E /* Build configuration list for PBXNativeTarget "To-Do App" */;
			buildPhases = (
				7DC986FF9C19B79F8ADB0085 /* [CP] Check Pods Manifest.lock */,
				37514AF71EEF736F00D67A6E /* Sources */,
				37514AF81EEF736F00D67A6E /* Frameworks */,
				37514AF91EEF736F00D67A6E /* Resources */,
				37814B471F466BA500A43C14 /* Embed App Extensions */,
				3792EE861F477F8600ACAAAE /* Embed Frameworks */,
				6DA76279640DED0DF7C6740C /* [CP] Embed Pods Frameworks */,
				C544B7C72396700BD3302DD2 /* [CP] Copy Pods Resources */,
			);
			buildRules = (
			);
			dependencies = (
				3792EE5F1F4689D100ACAAAE /* PBXTargetDependency */,
				3792EEA51F47816900ACAAAE /* PBXTargetDependency */,
			);
			name = "To-Do App";
			productName = "To-Do App";
			productReference = 37514AFB1EEF736F00D67A6E /* To-Do App.app */;
			productType = "com.apple.product-type.application";
		};
		37514B111EEF736F00D67A6E /* To-Do AppTests */ = {
			isa = PBXNativeTarget;
			buildConfigurationList = 37514B291EEF736F00D67A6E /* Build configuration list for PBXNativeTarget "To-Do AppTests" */;
			buildPhases = (
				A86B5519BE72D0BFA080961C /* [CP] Check Pods Manifest.lock */,
				37514B0E1EEF736F00D67A6E /* Sources */,
				37514B0F1EEF736F00D67A6E /* Frameworks */,
				37514B101EEF736F00D67A6E /* Resources */,
				281F2720DFD5664DA961DEE5 /* [CP] Embed Pods Frameworks */,
				AC20977B282DD3584105661B /* [CP] Copy Pods Resources */,
			);
			buildRules = (
			);
			dependencies = (
				37514B141EEF736F00D67A6E /* PBXTargetDependency */,
			);
			name = "To-Do AppTests";
			productName = "To-Do AppTests";
			productReference = 37514B121EEF736F00D67A6E /* To-Do AppTests.xctest */;
			productType = "com.apple.product-type.bundle.unit-test";
		};
		37514B1C1EEF736F00D67A6E /* To-Do AppUITests */ = {
			isa = PBXNativeTarget;
			buildConfigurationList = 37514B2C1EEF736F00D67A6E /* Build configuration list for PBXNativeTarget "To-Do AppUITests" */;
			buildPhases = (
				791FD8CD020EB29D85A7D187 /* [CP] Check Pods Manifest.lock */,
				37514B191EEF736F00D67A6E /* Sources */,
				37514B1A1EEF736F00D67A6E /* Frameworks */,
				37514B1B1EEF736F00D67A6E /* Resources */,
				454B148A7695CFDEF9D79A6E /* [CP] Embed Pods Frameworks */,
				18CC1BABE1290F9A9CB121DB /* [CP] Copy Pods Resources */,
			);
			buildRules = (
			);
			dependencies = (
				37514B1F1EEF736F00D67A6E /* PBXTargetDependency */,
			);
			name = "To-Do AppUITests";
			productName = "To-Do AppUITests";
			productReference = 37514B1D1EEF736F00D67A6E /* To-Do AppUITests.xctest */;
			productType = "com.apple.product-type.bundle.ui-testing";
		};
		3792EE541F4689D100ACAAAE /* To-Do Widget */ = {
			isa = PBXNativeTarget;
			buildConfigurationList = 3792EE611F4689D100ACAAAE /* Build configuration list for PBXNativeTarget "To-Do Widget" */;
			buildPhases = (
				3792EE511F4689D100ACAAAE /* Sources */,
				3792EE521F4689D100ACAAAE /* Frameworks */,
				3792EE531F4689D100ACAAAE /* Resources */,
			);
			buildRules = (
			);
			dependencies = (
			);
			name = "To-Do Widget";
			productName = "To-Do Widget";
			productReference = 3792EE551F4689D100ACAAAE /* To-Do Widget.appex */;
			productType = "com.apple.product-type.app-extension";
		};
		3792EE901F47816800ACAAAE /* ToDoCoreDataCloudKit */ = {
			isa = PBXNativeTarget;
			buildConfigurationList = 3792EEA81F47816900ACAAAE /* Build configuration list for PBXNativeTarget "ToDoCoreDataCloudKit" */;
			buildPhases = (
				3792EE8C1F47816800ACAAAE /* Sources */,
				3792EE8D1F47816800ACAAAE /* Frameworks */,
				3792EE8E1F47816800ACAAAE /* Headers */,
				3792EE8F1F47816800ACAAAE /* Resources */,
				371F4BB41F4E7A0700BFCF93 /* ShellScript */,
			);
			buildRules = (
			);
			dependencies = (
			);
			name = ToDoCoreDataCloudKit;
			productName = ToDoCoreDataCloudKit;
			productReference = 3792EE911F47816800ACAAAE /* ToDoCoreDataCloudKit.framework */;
			productType = "com.apple.product-type.framework";
		};
		3792EE981F47816900ACAAAE /* ToDoCoreDataCloudKitTests */ = {
			isa = PBXNativeTarget;
			buildConfigurationList = 3792EEAB1F47816900ACAAAE /* Build configuration list for PBXNativeTarget "ToDoCoreDataCloudKitTests" */;
			buildPhases = (
				3792EE951F47816900ACAAAE /* Sources */,
				3792EE961F47816900ACAAAE /* Frameworks */,
				3792EE971F47816900ACAAAE /* Resources */,
			);
			buildRules = (
			);
			dependencies = (
				3792EE9C1F47816900ACAAAE /* PBXTargetDependency */,
				3792EE9E1F47816900ACAAAE /* PBXTargetDependency */,
			);
			name = ToDoCoreDataCloudKitTests;
			productName = ToDoCoreDataCloudKitTests;
			productReference = 3792EE991F47816900ACAAAE /* ToDoCoreDataCloudKitTests.xctest */;
			productType = "com.apple.product-type.bundle.unit-test";
		};
/* End PBXNativeTarget section */

/* Begin PBXProject section */
		37514AF31EEF736F00D67A6E /* Project object */ = {
			isa = PBXProject;
			attributes = {
				LastSwiftUpdateCheck = 0830;
				LastUpgradeCheck = 0830;
				ORGANIZATIONNAME = iShinobi;
				TargetAttributes = {
					37514AFA1EEF736F00D67A6E = {
						CreatedOnToolsVersion = 8.3.3;
						DevelopmentTeam = WZFHSP6QD4;
						ProvisioningStyle = Automatic;
						SystemCapabilities = {
							com.apple.ApplicationGroups.iOS = {
								enabled = 1;
							};
							com.apple.Push = {
								enabled = 1;
							};
							com.apple.iCloud = {
								enabled = 1;
							};
						};
					};
					37514B111EEF736F00D67A6E = {
						CreatedOnToolsVersion = 8.3.3;
						DevelopmentTeam = WZFHSP6QD4;
						ProvisioningStyle = Automatic;
						TestTargetID = 37514AFA1EEF736F00D67A6E;
					};
					37514B1C1EEF736F00D67A6E = {
						CreatedOnToolsVersion = 8.3.3;
						DevelopmentTeam = WZFHSP6QD4;
						ProvisioningStyle = Automatic;
						TestTargetID = 37514AFA1EEF736F00D67A6E;
					};
					3792EE541F4689D100ACAAAE = {
						CreatedOnToolsVersion = 8.3.3;
						DevelopmentTeam = WZFHSP6QD4;
						ProvisioningStyle = Automatic;
						SystemCapabilities = {
							com.apple.ApplicationGroups.iOS = {
								enabled = 1;
							};
						};
					};
					3792EE901F47816800ACAAAE = {
						CreatedOnToolsVersion = 8.3.3;
						DevelopmentTeam = WZFHSP6QD4;
						LastSwiftMigration = 0830;
						ProvisioningStyle = Automatic;
					};
					3792EE981F47816900ACAAAE = {
						CreatedOnToolsVersion = 8.3.3;
						DevelopmentTeam = WZFHSP6QD4;
						ProvisioningStyle = Automatic;
						TestTargetID = 37514AFA1EEF736F00D67A6E;
					};
				};
			};
			buildConfigurationList = 37514AF61EEF736F00D67A6E /* Build configuration list for PBXProject "To-Do App" */;
			compatibilityVersion = "Xcode 3.2";
			developmentRegion = English;
			hasScannedForEncodings = 0;
			knownRegions = (
				en,
				Base,
			);
			mainGroup = 37514AF21EEF736F00D67A6E;
			productRefGroup = 37514AFC1EEF736F00D67A6E /* Products */;
			projectDirPath = "";
			projectRoot = "";
			targets = (
				37514AFA1EEF736F00D67A6E /* To-Do App */,
				37514B111EEF736F00D67A6E /* To-Do AppTests */,
				37514B1C1EEF736F00D67A6E /* To-Do AppUITests */,
				3792EE541F4689D100ACAAAE /* To-Do Widget */,
				3792EE901F47816800ACAAAE /* ToDoCoreDataCloudKit */,
				3792EE981F47816900ACAAAE /* ToDoCoreDataCloudKitTests */,
			);
		};
/* End PBXProject section */

/* Begin PBXResourcesBuildPhase section */
		37514AF91EEF736F00D67A6E /* Resources */ = {
			isa = PBXResourcesBuildPhase;
			buildActionMask = 2147483647;
			files = (
				37514B0C1EEF736F00D67A6E /* LaunchScreen.storyboard in Resources */,
				37514B041EEF736F00D67A6E /* Main.storyboard in Resources */,
				3753BB071F4860C500EBD7CD /* assets.xcassets in Resources */,
			);
			runOnlyForDeploymentPostprocessing = 0;
		};
		37514B101EEF736F00D67A6E /* Resources */ = {
			isa = PBXResourcesBuildPhase;
			buildActionMask = 2147483647;
			files = (
			);
			runOnlyForDeploymentPostprocessing = 0;
		};
		37514B1B1EEF736F00D67A6E /* Resources */ = {
			isa = PBXResourcesBuildPhase;
			buildActionMask = 2147483647;
			files = (
			);
			runOnlyForDeploymentPostprocessing = 0;
		};
		3792EE531F4689D100ACAAAE /* Resources */ = {
			isa = PBXResourcesBuildPhase;
			buildActionMask = 2147483647;
			files = (
				3753BB081F4860C500EBD7CD /* assets.xcassets in Resources */,
				3792EE5C1F4689D100ACAAAE /* MainInterface.storyboard in Resources */,
			);
			runOnlyForDeploymentPostprocessing = 0;
		};
		3792EE8F1F47816800ACAAAE /* Resources */ = {
			isa = PBXResourcesBuildPhase;
			buildActionMask = 2147483647;
			files = (
			);
			runOnlyForDeploymentPostprocessing = 0;
		};
		3792EE971F47816900ACAAAE /* Resources */ = {
			isa = PBXResourcesBuildPhase;
			buildActionMask = 2147483647;
			files = (
			);
			runOnlyForDeploymentPostprocessing = 0;
		};
/* End PBXResourcesBuildPhase section */

/* Begin PBXShellScriptBuildPhase section */
		18CC1BABE1290F9A9CB121DB /* [CP] Copy Pods Resources */ = {
			isa = PBXShellScriptBuildPhase;
			buildActionMask = 2147483647;
			files = (
			);
			inputPaths = (
			);
			name = "[CP] Copy Pods Resources";
			outputPaths = (
			);
			runOnlyForDeploymentPostprocessing = 0;
			shellPath = /bin/sh;
			shellScript = "\"${SRCROOT}/Pods/Target Support Files/Pods-To-Do AppUITests/Pods-To-Do AppUITests-resources.sh\"\n";
			showEnvVarsInLog = 0;
		};
		281F2720DFD5664DA961DEE5 /* [CP] Embed Pods Frameworks */ = {
			isa = PBXShellScriptBuildPhase;
			buildActionMask = 2147483647;
			files = (
			);
			inputPaths = (
			);
			name = "[CP] Embed Pods Frameworks";
			outputPaths = (
			);
			runOnlyForDeploymentPostprocessing = 0;
			shellPath = /bin/sh;
			shellScript = "\"${SRCROOT}/Pods/Target Support Files/Pods-To-Do AppTests/Pods-To-Do AppTests-frameworks.sh\"\n";
			showEnvVarsInLog = 0;
		};
		371F4BB41F4E7A0700BFCF93 /* ShellScript */ = {
			isa = PBXShellScriptBuildPhase;
			buildActionMask = 2147483647;
			files = (
			);
			inputPaths = (
				"/Users/wismin-effendi/Developer/Carthage_workdir/SwiftDate/Carthage/Build/iOS/SwiftDate.framework",
			);
			outputPaths = (
				"$(DERIVED_FILE_DIR)/${FRAMEWORKS_FOLDER_PATH)/SwiftDate.framwork",
			);
			runOnlyForDeploymentPostprocessing = 0;
			shellPath = /bin/sh;
			shellScript = "/usr/local/bin/carthage copy-frameworks";
		};
		454B148A7695CFDEF9D79A6E /* [CP] Embed Pods Frameworks */ = {
			isa = PBXShellScriptBuildPhase;
			buildActionMask = 2147483647;
			files = (
			);
			inputPaths = (
			);
			name = "[CP] Embed Pods Frameworks";
			outputPaths = (
			);
			runOnlyForDeploymentPostprocessing = 0;
			shellPath = /bin/sh;
			shellScript = "\"${SRCROOT}/Pods/Target Support Files/Pods-To-Do AppUITests/Pods-To-Do AppUITests-frameworks.sh\"\n";
			showEnvVarsInLog = 0;
		};
		6DA76279640DED0DF7C6740C /* [CP] Embed Pods Frameworks */ = {
			isa = PBXShellScriptBuildPhase;
			buildActionMask = 2147483647;
			files = (
			);
			inputPaths = (
			);
			name = "[CP] Embed Pods Frameworks";
			outputPaths = (
			);
			runOnlyForDeploymentPostprocessing = 0;
			shellPath = /bin/sh;
			shellScript = "\"${SRCROOT}/Pods/Target Support Files/Pods-To-Do App/Pods-To-Do App-frameworks.sh\"\n";
			showEnvVarsInLog = 0;
		};
		791FD8CD020EB29D85A7D187 /* [CP] Check Pods Manifest.lock */ = {
			isa = PBXShellScriptBuildPhase;
			buildActionMask = 2147483647;
			files = (
			);
			inputPaths = (
			);
			name = "[CP] Check Pods Manifest.lock";
			outputPaths = (
			);
			runOnlyForDeploymentPostprocessing = 0;
			shellPath = /bin/sh;
			shellScript = "diff \"${PODS_PODFILE_DIR_PATH}/Podfile.lock\" \"${PODS_ROOT}/Manifest.lock\" > /dev/null\nif [ $? != 0 ] ; then\n    # print error to STDERR\n    echo \"error: The sandbox is not in sync with the Podfile.lock. Run 'pod install' or update your CocoaPods installation.\" >&2\n    exit 1\nfi\n";
			showEnvVarsInLog = 0;
		};
		7DC986FF9C19B79F8ADB0085 /* [CP] Check Pods Manifest.lock */ = {
			isa = PBXShellScriptBuildPhase;
			buildActionMask = 2147483647;
			files = (
			);
			inputPaths = (
			);
			name = "[CP] Check Pods Manifest.lock";
			outputPaths = (
			);
			runOnlyForDeploymentPostprocessing = 0;
			shellPath = /bin/sh;
			shellScript = "diff \"${PODS_PODFILE_DIR_PATH}/Podfile.lock\" \"${PODS_ROOT}/Manifest.lock\" > /dev/null\nif [ $? != 0 ] ; then\n    # print error to STDERR\n    echo \"error: The sandbox is not in sync with the Podfile.lock. Run 'pod install' or update your CocoaPods installation.\" >&2\n    exit 1\nfi\n";
			showEnvVarsInLog = 0;
		};
		A86B5519BE72D0BFA080961C /* [CP] Check Pods Manifest.lock */ = {
			isa = PBXShellScriptBuildPhase;
			buildActionMask = 2147483647;
			files = (
			);
			inputPaths = (
			);
			name = "[CP] Check Pods Manifest.lock";
			outputPaths = (
			);
			runOnlyForDeploymentPostprocessing = 0;
			shellPath = /bin/sh;
			shellScript = "diff \"${PODS_PODFILE_DIR_PATH}/Podfile.lock\" \"${PODS_ROOT}/Manifest.lock\" > /dev/null\nif [ $? != 0 ] ; then\n    # print error to STDERR\n    echo \"error: The sandbox is not in sync with the Podfile.lock. Run 'pod install' or update your CocoaPods installation.\" >&2\n    exit 1\nfi\n";
			showEnvVarsInLog = 0;
		};
		AC20977B282DD3584105661B /* [CP] Copy Pods Resources */ = {
			isa = PBXShellScriptBuildPhase;
			buildActionMask = 2147483647;
			files = (
			);
			inputPaths = (
			);
			name = "[CP] Copy Pods Resources";
			outputPaths = (
			);
			runOnlyForDeploymentPostprocessing = 0;
			shellPath = /bin/sh;
			shellScript = "\"${SRCROOT}/Pods/Target Support Files/Pods-To-Do AppTests/Pods-To-Do AppTests-resources.sh\"\n";
			showEnvVarsInLog = 0;
		};
		C544B7C72396700BD3302DD2 /* [CP] Copy Pods Resources */ = {
			isa = PBXShellScriptBuildPhase;
			buildActionMask = 2147483647;
			files = (
			);
			inputPaths = (
			);
			name = "[CP] Copy Pods Resources";
			outputPaths = (
			);
			runOnlyForDeploymentPostprocessing = 0;
			shellPath = /bin/sh;
			shellScript = "\"${SRCROOT}/Pods/Target Support Files/Pods-To-Do App/Pods-To-Do App-resources.sh\"\n";
			showEnvVarsInLog = 0;
		};
/* End PBXShellScriptBuildPhase section */

/* Begin PBXSourcesBuildPhase section */
		37514AF71EEF736F00D67A6E /* Sources */ = {
			isa = PBXSourcesBuildPhase;
			buildActionMask = 2147483647;
			files = (
				3775C0DA1F4D062E002FE84D /* TaskLocation.swift in Sources */,
				3775C0D61F4D05BF002FE84D /* MapViewController.swift in Sources */,
				3753BAC51F47F03A00EBD7CD /* ToDoApp.xcdatamodeld in Sources */,
				379B95401F4F0E2F0075F30B /* LocationTaskTableViewController.swift in Sources */,
				37514B361EEF8BA700D67A6E /* ToDoCategoryViewController.swift in Sources */,
				3775C0DE1F4E3ABC002FE84D /* CoreDateUtil.swift in Sources */,
				37514B301EEF80AF00D67A6E /* ToDoCategoryCell.swift in Sources */,
				37514AFF1EEF736F00D67A6E /* AppDelegate.swift in Sources */,
				378DB25D1F0193C300819B6D /* TaskTableViewController.swift in Sources */,
				379EF42D1F1C6B2D0023174A /* Extensions.swift in Sources */,
				378DB25F1F0194AE00819B6D /* OLD_TaskViewController.swift in Sources */,
				378DB2611F019AE300819B6D /* TaskCell.swift in Sources */,
				3775C0D81F4D05FE002FE84D /* LocationListViewController.swift in Sources */,
				37514B321EEF811F00D67A6E /* Photo.swift in Sources */,
				379B953E1F4F0AE30075F30B /* TabBarViewController.swift in Sources */,
				3775C0DC1F4D561C002FE84D /* TaskEditTableViewController.swift in Sources */,
			);
			runOnlyForDeploymentPostprocessing = 0;
		};
		37514B0E1EEF736F00D67A6E /* Sources */ = {
			isa = PBXSourcesBuildPhase;
			buildActionMask = 2147483647;
			files = (
				37514B171EEF736F00D67A6E /* To_Do_AppTests.swift in Sources */,
			);
			runOnlyForDeploymentPostprocessing = 0;
		};
		37514B191EEF736F00D67A6E /* Sources */ = {
			isa = PBXSourcesBuildPhase;
			buildActionMask = 2147483647;
			files = (
				37514B221EEF736F00D67A6E /* To_Do_AppUITests.swift in Sources */,
			);
			runOnlyForDeploymentPostprocessing = 0;
		};
		3792EE511F4689D100ACAAAE /* Sources */ = {
			isa = PBXSourcesBuildPhase;
			buildActionMask = 2147483647;
			files = (
				3792EE591F4689D100ACAAAE /* TodayViewController.swift in Sources */,
				3792EE651F471B7100ACAAAE /* WidgetTableViewCell.swift in Sources */,
				3753BAC41F47F03900EBD7CD /* ToDoApp.xcdatamodeld in Sources */,
			);
			runOnlyForDeploymentPostprocessing = 0;
		};
		3792EE8C1F47816800ACAAAE /* Sources */ = {
			isa = PBXSourcesBuildPhase;
			buildActionMask = 2147483647;
			files = (
				3792EEB31F478D6200ACAAAE /* ToDoApp.xcdatamodeld in Sources */,
				3792EEB11F47889E00ACAAAE /* Sample.swift in Sources */,
				3792EEBB1F47A55700ACAAAE /* Task+CoreDataClass.swift in Sources */,
				3775C0D31F4CAF72002FE84D /* LocationAnnotation+CoreDataClass.swift in Sources */,
				3792EEB51F478D6F00ACAAAE /* Task+CoreDataProperties.swift in Sources */,
				3775C0D41F4CAF72002FE84D /* LocationAnnotation+CoreDataProperties.swift in Sources */,
				379B95431F4F66D40075F30B /* DateUtil.swift in Sources */,
				3792EEB21F4789D500ACAAAE /* CoreDataStack.swift in Sources */,
				3792EEB61F478D9F00ACAAAE /* Constants.swift in Sources */,
			);
			runOnlyForDeploymentPostprocessing = 0;
		};
		3792EE951F47816900ACAAAE /* Sources */ = {
			isa = PBXSourcesBuildPhase;
			buildActionMask = 2147483647;
			files = (
				3792EEA11F47816900ACAAAE /* ToDoCoreDataCloudKitTests.swift in Sources */,
			);
			runOnlyForDeploymentPostprocessing = 0;
		};
/* End PBXSourcesBuildPhase section */

/* Begin PBXTargetDependency section */
		37514B141EEF736F00D67A6E /* PBXTargetDependency */ = {
			isa = PBXTargetDependency;
			target = 37514AFA1EEF736F00D67A6E /* To-Do App */;
			targetProxy = 37514B131EEF736F00D67A6E /* PBXContainerItemProxy */;
		};
		37514B1F1EEF736F00D67A6E /* PBXTargetDependency */ = {
			isa = PBXTargetDependency;
			target = 37514AFA1EEF736F00D67A6E /* To-Do App */;
			targetProxy = 37514B1E1EEF736F00D67A6E /* PBXContainerItemProxy */;
		};
		3792EE5F1F4689D100ACAAAE /* PBXTargetDependency */ = {
			isa = PBXTargetDependency;
			target = 3792EE541F4689D100ACAAAE /* To-Do Widget */;
			targetProxy = 3792EE5E1F4689D100ACAAAE /* PBXContainerItemProxy */;
		};
		3792EE9C1F47816900ACAAAE /* PBXTargetDependency */ = {
			isa = PBXTargetDependency;
			target = 3792EE901F47816800ACAAAE /* ToDoCoreDataCloudKit */;
			targetProxy = 3792EE9B1F47816900ACAAAE /* PBXContainerItemProxy */;
		};
		3792EE9E1F47816900ACAAAE /* PBXTargetDependency */ = {
			isa = PBXTargetDependency;
			target = 37514AFA1EEF736F00D67A6E /* To-Do App */;
			targetProxy = 3792EE9D1F47816900ACAAAE /* PBXContainerItemProxy */;
		};
		3792EEA51F47816900ACAAAE /* PBXTargetDependency */ = {
			isa = PBXTargetDependency;
			target = 3792EE901F47816800ACAAAE /* ToDoCoreDataCloudKit */;
			targetProxy = 3792EEA41F47816900ACAAAE /* PBXContainerItemProxy */;
		};
/* End PBXTargetDependency section */

/* Begin PBXVariantGroup section */
		37514B021EEF736F00D67A6E /* Main.storyboard */ = {
			isa = PBXVariantGroup;
			children = (
				37514B031EEF736F00D67A6E /* Base */,
				37B2D21A1F448C7200B68869 /* de */,
				37B2D21C1F448C7700B68869 /* fr */,
				37B2D21E1F448C7C00B68869 /* es */,
				37B2D2201F448C8700B68869 /* ja */,
				37B2D2221F448D2400B68869 /* he */,
			);
			name = Main.storyboard;
			sourceTree = "<group>";
		};
		37514B0A1EEF736F00D67A6E /* LaunchScreen.storyboard */ = {
			isa = PBXVariantGroup;
			children = (
				37514B0B1EEF736F00D67A6E /* Base */,
				37B2D21B1F448C7200B68869 /* de */,
				37B2D21D1F448C7700B68869 /* fr */,
				37B2D21F1F448C7C00B68869 /* es */,
				37B2D2211F448C8700B68869 /* ja */,
				37B2D2231F448D2400B68869 /* he */,
			);
			name = LaunchScreen.storyboard;
			sourceTree = "<group>";
		};
		3792EE5A1F4689D100ACAAAE /* MainInterface.storyboard */ = {
			isa = PBXVariantGroup;
			children = (
				3792EE5B1F4689D100ACAAAE /* Base */,
			);
			name = MainInterface.storyboard;
			sourceTree = "<group>";
		};
/* End PBXVariantGroup section */

/* Begin XCBuildConfiguration section */
		37514B241EEF736F00D67A6E /* Debug */ = {
			isa = XCBuildConfiguration;
			buildSettings = {
				ALWAYS_SEARCH_USER_PATHS = NO;
				CLANG_ANALYZER_LOCALIZABILITY_NONLOCALIZED = YES;
				CLANG_ANALYZER_NONNULL = YES;
				CLANG_ANALYZER_NUMBER_OBJECT_CONVERSION = YES_AGGRESSIVE;
				CLANG_CXX_LANGUAGE_STANDARD = "gnu++0x";
				CLANG_CXX_LIBRARY = "libc++";
				CLANG_ENABLE_MODULES = YES;
				CLANG_ENABLE_OBJC_ARC = YES;
				CLANG_WARN_BOOL_CONVERSION = YES;
				CLANG_WARN_CONSTANT_CONVERSION = YES;
				CLANG_WARN_DIRECT_OBJC_ISA_USAGE = YES_ERROR;
				CLANG_WARN_DOCUMENTATION_COMMENTS = YES;
				CLANG_WARN_EMPTY_BODY = YES;
				CLANG_WARN_ENUM_CONVERSION = YES;
				CLANG_WARN_INFINITE_RECURSION = YES;
				CLANG_WARN_INT_CONVERSION = YES;
				CLANG_WARN_OBJC_ROOT_CLASS = YES_ERROR;
				CLANG_WARN_SUSPICIOUS_MOVE = YES;
				CLANG_WARN_UNREACHABLE_CODE = YES;
				CLANG_WARN__DUPLICATE_METHOD_MATCH = YES;
				"CODE_SIGN_IDENTITY[sdk=iphoneos*]" = "iPhone Developer";
				COPY_PHASE_STRIP = NO;
				DEBUG_INFORMATION_FORMAT = dwarf;
				ENABLE_STRICT_OBJC_MSGSEND = YES;
				ENABLE_TESTABILITY = YES;
				GCC_C_LANGUAGE_STANDARD = gnu99;
				GCC_DYNAMIC_NO_PIC = NO;
				GCC_NO_COMMON_BLOCKS = YES;
				GCC_OPTIMIZATION_LEVEL = 0;
				GCC_PREPROCESSOR_DEFINITIONS = (
					"DEBUG=1",
					"$(inherited)",
				);
				GCC_WARN_64_TO_32_BIT_CONVERSION = YES;
				GCC_WARN_ABOUT_RETURN_TYPE = YES_ERROR;
				GCC_WARN_UNDECLARED_SELECTOR = YES;
				GCC_WARN_UNINITIALIZED_AUTOS = YES_AGGRESSIVE;
				GCC_WARN_UNUSED_FUNCTION = YES;
				GCC_WARN_UNUSED_VARIABLE = YES;
				IPHONEOS_DEPLOYMENT_TARGET = 10.3;
				MTL_ENABLE_DEBUG_INFO = YES;
				ONLY_ACTIVE_ARCH = YES;
				SDKROOT = iphoneos;
				SWIFT_ACTIVE_COMPILATION_CONDITIONS = DEBUG;
				SWIFT_OPTIMIZATION_LEVEL = "-Onone";
				TARGETED_DEVICE_FAMILY = "1,2";
			};
			name = Debug;
		};
		37514B251EEF736F00D67A6E /* Release */ = {
			isa = XCBuildConfiguration;
			buildSettings = {
				ALWAYS_SEARCH_USER_PATHS = NO;
				CLANG_ANALYZER_LOCALIZABILITY_NONLOCALIZED = YES;
				CLANG_ANALYZER_NONNULL = YES;
				CLANG_ANALYZER_NUMBER_OBJECT_CONVERSION = YES_AGGRESSIVE;
				CLANG_CXX_LANGUAGE_STANDARD = "gnu++0x";
				CLANG_CXX_LIBRARY = "libc++";
				CLANG_ENABLE_MODULES = YES;
				CLANG_ENABLE_OBJC_ARC = YES;
				CLANG_WARN_BOOL_CONVERSION = YES;
				CLANG_WARN_CONSTANT_CONVERSION = YES;
				CLANG_WARN_DIRECT_OBJC_ISA_USAGE = YES_ERROR;
				CLANG_WARN_DOCUMENTATION_COMMENTS = YES;
				CLANG_WARN_EMPTY_BODY = YES;
				CLANG_WARN_ENUM_CONVERSION = YES;
				CLANG_WARN_INFINITE_RECURSION = YES;
				CLANG_WARN_INT_CONVERSION = YES;
				CLANG_WARN_OBJC_ROOT_CLASS = YES_ERROR;
				CLANG_WARN_SUSPICIOUS_MOVE = YES;
				CLANG_WARN_UNREACHABLE_CODE = YES;
				CLANG_WARN__DUPLICATE_METHOD_MATCH = YES;
				"CODE_SIGN_IDENTITY[sdk=iphoneos*]" = "iPhone Developer";
				COPY_PHASE_STRIP = NO;
				DEBUG_INFORMATION_FORMAT = "dwarf-with-dsym";
				ENABLE_NS_ASSERTIONS = NO;
				ENABLE_STRICT_OBJC_MSGSEND = YES;
				GCC_C_LANGUAGE_STANDARD = gnu99;
				GCC_NO_COMMON_BLOCKS = YES;
				GCC_WARN_64_TO_32_BIT_CONVERSION = YES;
				GCC_WARN_ABOUT_RETURN_TYPE = YES_ERROR;
				GCC_WARN_UNDECLARED_SELECTOR = YES;
				GCC_WARN_UNINITIALIZED_AUTOS = YES_AGGRESSIVE;
				GCC_WARN_UNUSED_FUNCTION = YES;
				GCC_WARN_UNUSED_VARIABLE = YES;
				IPHONEOS_DEPLOYMENT_TARGET = 10.3;
				MTL_ENABLE_DEBUG_INFO = NO;
				SDKROOT = iphoneos;
				SWIFT_OPTIMIZATION_LEVEL = "-Owholemodule";
				TARGETED_DEVICE_FAMILY = "1,2";
				VALIDATE_PRODUCT = YES;
			};
			name = Release;
		};
		37514B271EEF736F00D67A6E /* Debug */ = {
			isa = XCBuildConfiguration;
			baseConfigurationReference = CB69C6AFFA774ED9CBA81661 /* Pods-To-Do App.debug.xcconfig */;
			buildSettings = {
				ALWAYS_EMBED_SWIFT_STANDARD_LIBRARIES = YES;
				ASSETCATALOG_COMPILER_APPICON_NAME = AppIcon;
				CODE_SIGN_ENTITLEMENTS = "To-Do App/To-Do App.entitlements";
				DEVELOPMENT_TEAM = WZFHSP6QD4;
				INFOPLIST_FILE = "To-Do App/Info.plist";
				LD_RUNPATH_SEARCH_PATHS = "$(inherited) @executable_path/Frameworks";
				PRODUCT_BUNDLE_IDENTIFIER = ninja.pragprog.ToDo;
				PRODUCT_NAME = "$(TARGET_NAME)";
				SWIFT_VERSION = 3.0;
			};
			name = Debug;
		};
		37514B281EEF736F00D67A6E /* Release */ = {
			isa = XCBuildConfiguration;
			baseConfigurationReference = 24E1FC8F2A27ADE1619D45D1 /* Pods-To-Do App.release.xcconfig */;
			buildSettings = {
				ALWAYS_EMBED_SWIFT_STANDARD_LIBRARIES = YES;
				ASSETCATALOG_COMPILER_APPICON_NAME = AppIcon;
				CODE_SIGN_ENTITLEMENTS = "To-Do App/To-Do App.entitlements";
				DEVELOPMENT_TEAM = WZFHSP6QD4;
				INFOPLIST_FILE = "To-Do App/Info.plist";
				LD_RUNPATH_SEARCH_PATHS = "$(inherited) @executable_path/Frameworks";
				PRODUCT_BUNDLE_IDENTIFIER = ninja.pragprog.ToDo;
				PRODUCT_NAME = "$(TARGET_NAME)";
				SWIFT_VERSION = 3.0;
			};
			name = Release;
		};
		37514B2A1EEF736F00D67A6E /* Debug */ = {
			isa = XCBuildConfiguration;
			baseConfigurationReference = 6FD9AA2C211D6488524D26AF /* Pods-To-Do AppTests.debug.xcconfig */;
			buildSettings = {
				ALWAYS_EMBED_SWIFT_STANDARD_LIBRARIES = YES;
				BUNDLE_LOADER = "$(TEST_HOST)";
				DEVELOPMENT_TEAM = WZFHSP6QD4;
				INFOPLIST_FILE = "To-Do AppTests/Info.plist";
				LD_RUNPATH_SEARCH_PATHS = "$(inherited) @executable_path/Frameworks @loader_path/Frameworks";
				PRODUCT_BUNDLE_IDENTIFIER = "ninja.pragprog.careerfoundry.To-Do-AppTests";
				PRODUCT_NAME = "$(TARGET_NAME)";
				SWIFT_VERSION = 3.0;
				TEST_HOST = "$(BUILT_PRODUCTS_DIR)/To-Do App.app/To-Do App";
			};
			name = Debug;
		};
		37514B2B1EEF736F00D67A6E /* Release */ = {
			isa = XCBuildConfiguration;
			baseConfigurationReference = 90242BE243DDE81C2E85A152 /* Pods-To-Do AppTests.release.xcconfig */;
			buildSettings = {
				ALWAYS_EMBED_SWIFT_STANDARD_LIBRARIES = YES;
				BUNDLE_LOADER = "$(TEST_HOST)";
				DEVELOPMENT_TEAM = WZFHSP6QD4;
				INFOPLIST_FILE = "To-Do AppTests/Info.plist";
				LD_RUNPATH_SEARCH_PATHS = "$(inherited) @executable_path/Frameworks @loader_path/Frameworks";
				PRODUCT_BUNDLE_IDENTIFIER = "ninja.pragprog.careerfoundry.To-Do-AppTests";
				PRODUCT_NAME = "$(TARGET_NAME)";
				SWIFT_VERSION = 3.0;
				TEST_HOST = "$(BUILT_PRODUCTS_DIR)/To-Do App.app/To-Do App";
			};
			name = Release;
		};
		37514B2D1EEF736F00D67A6E /* Debug */ = {
			isa = XCBuildConfiguration;
			baseConfigurationReference = 4685092E52387AFD666FE503 /* Pods-To-Do AppUITests.debug.xcconfig */;
			buildSettings = {
				ALWAYS_EMBED_SWIFT_STANDARD_LIBRARIES = YES;
				DEVELOPMENT_TEAM = WZFHSP6QD4;
				INFOPLIST_FILE = "To-Do AppUITests/Info.plist";
				LD_RUNPATH_SEARCH_PATHS = "$(inherited) @executable_path/Frameworks @loader_path/Frameworks";
				PRODUCT_BUNDLE_IDENTIFIER = "ninja.pragprog.careerfoundry.To-Do-AppUITests";
				PRODUCT_NAME = "$(TARGET_NAME)";
				SWIFT_VERSION = 3.0;
				TEST_TARGET_NAME = "To-Do App";
			};
			name = Debug;
		};
		37514B2E1EEF736F00D67A6E /* Release */ = {
			isa = XCBuildConfiguration;
			baseConfigurationReference = 07DAE1A95F4FB874AD51EB3C /* Pods-To-Do AppUITests.release.xcconfig */;
			buildSettings = {
				ALWAYS_EMBED_SWIFT_STANDARD_LIBRARIES = YES;
				DEVELOPMENT_TEAM = WZFHSP6QD4;
				INFOPLIST_FILE = "To-Do AppUITests/Info.plist";
				LD_RUNPATH_SEARCH_PATHS = "$(inherited) @executable_path/Frameworks @loader_path/Frameworks";
				PRODUCT_BUNDLE_IDENTIFIER = "ninja.pragprog.careerfoundry.To-Do-AppUITests";
				PRODUCT_NAME = "$(TARGET_NAME)";
				SWIFT_VERSION = 3.0;
				TEST_TARGET_NAME = "To-Do App";
			};
			name = Release;
		};
		3792EE621F4689D100ACAAAE /* Debug */ = {
			isa = XCBuildConfiguration;
			buildSettings = {
				CODE_SIGN_ENTITLEMENTS = "To-Do Widget/To-Do Widget.entitlements";
				DEVELOPMENT_TEAM = WZFHSP6QD4;
				INFOPLIST_FILE = "To-Do Widget/Info.plist";
				LD_RUNPATH_SEARCH_PATHS = "$(inherited) @executable_path/Frameworks @executable_path/../../Frameworks";
				PRODUCT_BUNDLE_IDENTIFIER = ninja.pragprog.ToDo.ToDoWidget;
				PRODUCT_NAME = "$(TARGET_NAME)";
				SKIP_INSTALL = YES;
				SWIFT_VERSION = 3.0;
			};
			name = Debug;
		};
		3792EE631F4689D100ACAAAE /* Release */ = {
			isa = XCBuildConfiguration;
			buildSettings = {
				CODE_SIGN_ENTITLEMENTS = "To-Do Widget/To-Do Widget.entitlements";
				DEVELOPMENT_TEAM = WZFHSP6QD4;
				INFOPLIST_FILE = "To-Do Widget/Info.plist";
				LD_RUNPATH_SEARCH_PATHS = "$(inherited) @executable_path/Frameworks @executable_path/../../Frameworks";
				PRODUCT_BUNDLE_IDENTIFIER = ninja.pragprog.ToDo.ToDoWidget;
				PRODUCT_NAME = "$(TARGET_NAME)";
				SKIP_INSTALL = YES;
				SWIFT_VERSION = 3.0;
			};
			name = Release;
		};
		3792EEA91F47816900ACAAAE /* Debug */ = {
			isa = XCBuildConfiguration;
			buildSettings = {
				CLANG_ENABLE_MODULES = YES;
				CODE_SIGN_IDENTITY = "";
				CURRENT_PROJECT_VERSION = 1;
				DEFINES_MODULE = YES;
				DEVELOPMENT_TEAM = WZFHSP6QD4;
				DYLIB_COMPATIBILITY_VERSION = 1;
				DYLIB_CURRENT_VERSION = 1;
				DYLIB_INSTALL_NAME_BASE = "@rpath";
				FRAMEWORK_SEARCH_PATHS = (
					"$(inherited)",
					"$(PROJECT_DIR)/ToDoCoreDataCloudKit",
				);
				INFOPLIST_FILE = ToDoCoreDataCloudKit/Info.plist;
				INSTALL_PATH = "$(LOCAL_LIBRARY_DIR)/Frameworks";
				LD_RUNPATH_SEARCH_PATHS = "$(inherited) @executable_path/Frameworks @loader_path/Frameworks";
				PRODUCT_BUNDLE_IDENTIFIER = ninja.pragprog.ToDoCoreDataCloudKit;
				PRODUCT_NAME = "$(TARGET_NAME)";
				SKIP_INSTALL = YES;
				SWIFT_OPTIMIZATION_LEVEL = "-Onone";
				SWIFT_VERSION = 3.0;
				VERSIONING_SYSTEM = "apple-generic";
				VERSION_INFO_PREFIX = "";
			};
			name = Debug;
		};
		3792EEAA1F47816900ACAAAE /* Release */ = {
			isa = XCBuildConfiguration;
			buildSettings = {
				CLANG_ENABLE_MODULES = YES;
				CODE_SIGN_IDENTITY = "";
				CURRENT_PROJECT_VERSION = 1;
				DEFINES_MODULE = YES;
				DEVELOPMENT_TEAM = WZFHSP6QD4;
				DYLIB_COMPATIBILITY_VERSION = 1;
				DYLIB_CURRENT_VERSION = 1;
				DYLIB_INSTALL_NAME_BASE = "@rpath";
				FRAMEWORK_SEARCH_PATHS = (
					"$(inherited)",
					"$(PROJECT_DIR)/ToDoCoreDataCloudKit",
				);
				INFOPLIST_FILE = ToDoCoreDataCloudKit/Info.plist;
				INSTALL_PATH = "$(LOCAL_LIBRARY_DIR)/Frameworks";
				LD_RUNPATH_SEARCH_PATHS = "$(inherited) @executable_path/Frameworks @loader_path/Frameworks";
				PRODUCT_BUNDLE_IDENTIFIER = ninja.pragprog.ToDoCoreDataCloudKit;
				PRODUCT_NAME = "$(TARGET_NAME)";
				SKIP_INSTALL = YES;
				SWIFT_VERSION = 3.0;
				VERSIONING_SYSTEM = "apple-generic";
				VERSION_INFO_PREFIX = "";
			};
			name = Release;
		};
		3792EEAC1F47816900ACAAAE /* Debug */ = {
			isa = XCBuildConfiguration;
			buildSettings = {
				ALWAYS_EMBED_SWIFT_STANDARD_LIBRARIES = YES;
				DEVELOPMENT_TEAM = WZFHSP6QD4;
				INFOPLIST_FILE = ToDoCoreDataCloudKitTests/Info.plist;
				LD_RUNPATH_SEARCH_PATHS = "$(inherited) @executable_path/Frameworks @loader_path/Frameworks";
				PRODUCT_BUNDLE_IDENTIFIER = ninja.pragprog.ToDoCoreDataCloudKitTests;
				PRODUCT_NAME = "$(TARGET_NAME)";
				SWIFT_VERSION = 3.0;
				TEST_HOST = "$(BUILT_PRODUCTS_DIR)/To-Do App.app/To-Do App";
			};
			name = Debug;
		};
		3792EEAD1F47816900ACAAAE /* Release */ = {
			isa = XCBuildConfiguration;
			buildSettings = {
				ALWAYS_EMBED_SWIFT_STANDARD_LIBRARIES = YES;
				DEVELOPMENT_TEAM = WZFHSP6QD4;
				INFOPLIST_FILE = ToDoCoreDataCloudKitTests/Info.plist;
				LD_RUNPATH_SEARCH_PATHS = "$(inherited) @executable_path/Frameworks @loader_path/Frameworks";
				PRODUCT_BUNDLE_IDENTIFIER = ninja.pragprog.ToDoCoreDataCloudKitTests;
				PRODUCT_NAME = "$(TARGET_NAME)";
				SWIFT_VERSION = 3.0;
				TEST_HOST = "$(BUILT_PRODUCTS_DIR)/To-Do App.app/To-Do App";
			};
			name = Release;
		};
/* End XCBuildConfiguration section */

/* Begin XCConfigurationList section */
		37514AF61EEF736F00D67A6E /* Build configuration list for PBXProject "To-Do App" */ = {
			isa = XCConfigurationList;
			buildConfigurations = (
				37514B241EEF736F00D67A6E /* Debug */,
				37514B251EEF736F00D67A6E /* Release */,
			);
			defaultConfigurationIsVisible = 0;
			defaultConfigurationName = Release;
		};
		37514B261EEF736F00D67A6E /* Build configuration list for PBXNativeTarget "To-Do App" */ = {
			isa = XCConfigurationList;
			buildConfigurations = (
				37514B271EEF736F00D67A6E /* Debug */,
				37514B281EEF736F00D67A6E /* Release */,
			);
			defaultConfigurationIsVisible = 0;
			defaultConfigurationName = Release;
		};
		37514B291EEF736F00D67A6E /* Build configuration list for PBXNativeTarget "To-Do AppTests" */ = {
			isa = XCConfigurationList;
			buildConfigurations = (
				37514B2A1EEF736F00D67A6E /* Debug */,
				37514B2B1EEF736F00D67A6E /* Release */,
			);
			defaultConfigurationIsVisible = 0;
			defaultConfigurationName = Release;
		};
		37514B2C1EEF736F00D67A6E /* Build configuration list for PBXNativeTarget "To-Do AppUITests" */ = {
			isa = XCConfigurationList;
			buildConfigurations = (
				37514B2D1EEF736F00D67A6E /* Debug */,
				37514B2E1EEF736F00D67A6E /* Release */,
			);
			defaultConfigurationIsVisible = 0;
			defaultConfigurationName = Release;
		};
		3792EE611F4689D100ACAAAE /* Build configuration list for PBXNativeTarget "To-Do Widget" */ = {
			isa = XCConfigurationList;
			buildConfigurations = (
				3792EE621F4689D100ACAAAE /* Debug */,
				3792EE631F4689D100ACAAAE /* Release */,
			);
			defaultConfigurationIsVisible = 0;
			defaultConfigurationName = Release;
		};
		3792EEA81F47816900ACAAAE /* Build configuration list for PBXNativeTarget "ToDoCoreDataCloudKit" */ = {
			isa = XCConfigurationList;
			buildConfigurations = (
				3792EEA91F47816900ACAAAE /* Debug */,
				3792EEAA1F47816900ACAAAE /* Release */,
			);
			defaultConfigurationIsVisible = 0;
			defaultConfigurationName = Release;
		};
		3792EEAB1F47816900ACAAAE /* Build configuration list for PBXNativeTarget "ToDoCoreDataCloudKitTests" */ = {
			isa = XCConfigurationList;
			buildConfigurations = (
				3792EEAC1F47816900ACAAAE /* Debug */,
				3792EEAD1F47816900ACAAAE /* Release */,
			);
			defaultConfigurationIsVisible = 0;
			defaultConfigurationName = Release;
		};
/* End XCConfigurationList section */

/* Begin XCVersionGroup section */
		37514B051EEF736F00D67A6E /* ToDoApp.xcdatamodeld */ = {
			isa = XCVersionGroup;
			children = (
				37514B061EEF736F00D67A6E /* ToDoApp.xcdatamodel */,
			);
			currentVersion = 37514B061EEF736F00D67A6E /* ToDoApp.xcdatamodel */;
			name = ToDoApp.xcdatamodeld;
			path = "../To-Do App/ToDoApp.xcdatamodeld";
			sourceTree = "<group>";
			versionGroupType = wrapper.xcdatamodel;
		};
/* End XCVersionGroup section */
	};
	rootObject = 37514AF31EEF736F00D67A6E /* Project object */;
}
